# Generated by conda-lock.
# platform: linux-aarch64
# input_hash: c2de9ded37e7c59d2854e20d4f68ac68ed0a044c688b08c1c3301a1859b0a1a8
@EXPLICIT
https://conda.anaconda.org/conda-forge/linux-aarch64/ca-certificates-2024.2.2-hcefe29a_0.conda#57c226edb90c4e973b9b7503537dd339
https://conda.anaconda.org/conda-forge/linux-aarch64/ld_impl_linux-aarch64-2.40-hba4e955_0.conda#b55c1cb33c63d23b542fa53f24541e56
https://conda.anaconda.org/conda-forge/linux-aarch64/libgomp-13.2.0-he277a41_7.conda#1d1691ec9e5be799f86310fa38f00b9f
https://conda.anaconda.org/conda-forge/linux-aarch64/libstdcxx-ng-13.2.0-h3f4de04_7.conda#2a54872c7fab2db99b0074212d8efe64
https://conda.anaconda.org/conda-forge/linux-aarch64/python_abi-3.12-4_cp312.conda#6c09f8e580146d88f649780cebed01de
https://conda.anaconda.org/conda-forge/noarch/tzdata-2024a-h0c530f3_0.conda#161081fc7cec0bfda0d86d7cb595f8d8
https://conda.anaconda.org/conda-forge/linux-aarch64/_openmp_mutex-4.5-2_gnu.tar.bz2#6168d71addc746e8f2b8d57dfd2edcea
https://conda.anaconda.org/conda-forge/linux-aarch64/libgcc-ng-13.2.0-he277a41_7.conda#01c5b27ce46f50abab2dc8454842c792
https://conda.anaconda.org/conda-forge/linux-aarch64/bzip2-1.0.8-h31becfc_5.conda#a64e35f01e0b7a2a152eca87d33b9c87
https://conda.anaconda.org/conda-forge/linux-aarch64/libexpat-2.6.2-h2f0025b_0.conda#1b9f46b804a2c3c5d7fd6a80b77c35f9
https://conda.anaconda.org/conda-forge/linux-aarch64/libffi-3.4.2-h3557bc0_5.tar.bz2#dddd85f4d52121fab0a8b099c5e06501
https://conda.anaconda.org/conda-forge/linux-aarch64/libgfortran5-13.2.0-h87d9d71_7.conda#423eb7de085dd6b46928723edf5f8767
https://conda.anaconda.org/conda-forge/linux-aarch64/libnsl-2.0.1-h31becfc_0.conda#c14f32510f694e3185704d89967ec422
https://conda.anaconda.org/conda-forge/linux-aarch64/libuuid-2.38.1-hb4cce97_0.conda#000e30b09db0b7c775b21695dff30969
https://conda.anaconda.org/conda-forge/linux-aarch64/libxcrypt-4.4.36-h31becfc_1.conda#b4df5d7d4b63579d081fd3a4cf99740e
https://conda.anaconda.org/conda-forge/linux-aarch64/libzlib-1.2.13-h31becfc_5.conda#b213aa87eea9491ef7b129179322e955
https://conda.anaconda.org/conda-forge/linux-aarch64/ncurses-6.5-h0425590_0.conda#38362af7bfac0efef69675acee564458
https://conda.anaconda.org/conda-forge/linux-aarch64/openssl-3.3.0-h68df207_2.conda#052eb8fb4acf496390ae7c5f2fd71d69
https://conda.anaconda.org/conda-forge/linux-aarch64/xz-5.2.6-h9cdd2b7_0.tar.bz2#83baad393a31d59c20b63ba4da6592df
https://conda.anaconda.org/conda-forge/linux-aarch64/libgfortran-ng-13.2.0-he9431aa_7.conda#d714db6ba9d67d55d21cf96316714ec8
https://conda.anaconda.org/conda-forge/linux-aarch64/libsqlite-3.45.3-h194ca79_0.conda#fb35b8afbe9e92467ac7b5608d60b775
https://conda.anaconda.org/conda-forge/linux-aarch64/readline-8.2-h8fc344f_1.conda#105eb1e16bf83bfb2eb380a48032b655
https://conda.anaconda.org/conda-forge/linux-aarch64/tk-8.6.13-h194ca79_0.conda#f75105e0585851f818e0009dd1dde4dc
https://conda.anaconda.org/conda-forge/linux-aarch64/libopenblas-0.3.27-pthreads_h5a5ec62_0.conda#ffecca8f4f31cd50b92c0e6e6bfe4416
https://conda.anaconda.org/conda-forge/linux-aarch64/python-3.12.3-h43d1f9e_0_cpython.conda#dc93ad1d2ba17ebc948bf5434ffa864b
https://conda.anaconda.org/conda-forge/linux-aarch64/libblas-3.9.0-22_linuxaarch64_openblas.conda#068ab33f2382cda4dd0b72a715ad33b5
https://conda.anaconda.org/conda-forge/noarch/python-tzdata-2024.1-pyhd8ed1ab_0.conda#98206ea9954216ee7540f0c773f2104d
https://conda.anaconda.org/conda-forge/noarch/pytz-2024.1-pyhd8ed1ab_0.conda#3eeeeb9e4827ace8c0c1419c85d590ad
https://conda.anaconda.org/conda-forge/noarch/setuptools-70.0.0-pyhd8ed1ab_0.conda#c8ddb4f34a208df4dd42509a0f6a1c89
https://conda.anaconda.org/conda-forge/noarch/six-1.16.0-pyh6c4a22f_0.tar.bz2#e5f25f8dbc060e9a8d912e432202afc2
https://conda.anaconda.org/conda-forge/noarch/wheel-0.43.0-pyhd8ed1ab_1.conda#0b5293a157c2b5cd513dd1b03d8d3aae
https://conda.anaconda.org/conda-forge/linux-aarch64/libcblas-3.9.0-22_linuxaarch64_openblas.conda#fbe7fe553f2cc78a0311e009b26f180d
https://conda.anaconda.org/conda-forge/linux-aarch64/liblapack-3.9.0-22_linuxaarch64_openblas.conda#8c709d281609792c39b1d5c0241f90f1
https://conda.anaconda.org/conda-forge/noarch/pip-24.0-pyhd8ed1ab_0.conda#f586ac1e56c8638b64f9c8122a7b8a67
https://conda.anaconda.org/conda-forge/noarch/python-dateutil-2.9.0-pyhd8ed1ab_0.conda#2cf4264fffb9e6eff6031c5b6884d61c
https://conda.anaconda.org/conda-forge/linux-aarch64/numpy-1.26.4-py312h470d778_0.conda#9cebf5a06cb87d4569cd68df887af476
https://conda.anaconda.org/conda-forge/linux-aarch64/pandas-2.2.2-py312h14eacfc_1.conda#ea4fd304d3cd65f0ddf0dd3c46e0703a
