# This lock file was generated by conda-lock (https://github.com/conda/conda-lock). DO NOT EDIT!
#
# A "lock file" contains a concrete list of package versions (with checksums) to be installed. Unlike
# e.g. `conda env create`, the resulting environment will not change as new package versions become
# available, unless you explicitly update the lock file.
#
# Install this environment as "YOURENV" with:
#     conda-lock install -n YOURENV --file conda-lock.yml
# To update a single package to the latest version compatible with the version constraints in the source:
#     conda-lock lock  --lockfile conda-lock.yml --update PACKAGE
# To re-solve the entire environment, e.g. after changing a version constraint in the source file:
#     conda-lock -f environment.yml --lockfile conda-lock.yml
version: 1
metadata:
  content_hash:
    linux-aarch64: 0654cc2aa5efa5d27f591a240e4e4da6d2b112e84e2aaeaa7421b4ba228a39c0
  channels:
  - url: conda-forge
    used_env_vars: []
  platforms:
  - linux-aarch64
  sources:
  - environment.yml
package:
- name: _openmp_mutex
  version: '4.5'
  manager: conda
  platform: linux-aarch64
  dependencies:
    libgomp: '>=7.5.0'
  url: https://conda.anaconda.org/conda-forge/linux-aarch64/_openmp_mutex-4.5-2_gnu.tar.bz2
  hash:
    md5: 6168d71addc746e8f2b8d57dfd2edcea
    sha256: 3702bef2f0a4d38bd8288bbe54aace623602a1343c2cfbefd3fa188e015bebf0
  category: main
  optional: false
- name: bzip2
  version: 1.0.8
  manager: conda
  platform: linux-aarch64
  dependencies:
    libgcc-ng: '>=12'
  url: https://conda.anaconda.org/conda-forge/linux-aarch64/bzip2-1.0.8-h31becfc_5.conda
  hash:
    md5: a64e35f01e0b7a2a152eca87d33b9c87
    sha256: b9f170990625cb1eeefaca02e091dc009a64264b077166d8ed7aeb7a09e923b0
  category: main
  optional: false
- name: ca-certificates
  version: 2024.2.2
  manager: conda
  platform: linux-aarch64
  dependencies: {}
  url: https://conda.anaconda.org/conda-forge/linux-aarch64/ca-certificates-2024.2.2-hcefe29a_0.conda
  hash:
    md5: 57c226edb90c4e973b9b7503537dd339
    sha256: 0f6b34d835e26e5fa97cca4985dc46f0aba551a3a23f07c6f13cca2542b8c642
  category: main
  optional: false
- name: joblib
  version: 1.4.2
  manager: conda
  platform: linux-aarch64
  dependencies:
    python: '>=3.8'
    setuptools: ''
  url: https://conda.anaconda.org/conda-forge/noarch/joblib-1.4.2-pyhd8ed1ab_0.conda
  hash:
    md5: 25df261d4523d9f9783bcdb7208d872f
    sha256: 8ad719524b1039510fcbd75eb776123189d75e2c09228189257ddbcab86f5b64
  category: main
  optional: false
- name: ld_impl_linux-aarch64
  version: '2.40'
  manager: conda
  platform: linux-aarch64
  dependencies: {}
  url: https://conda.anaconda.org/conda-forge/linux-aarch64/ld_impl_linux-aarch64-2.40-h9fc2d93_1.conda
  hash:
    md5: 8a90b17a5d12ba55b7d90534f38579d0
    sha256: 437f035978cf10db4db41991e66d2d02f19acd36d4d88e740cac130b38a45015
  category: main
  optional: false
- name: libblas
  version: 3.9.0
  manager: conda
  platform: linux-aarch64
  dependencies:
    libopenblas: '>=0.3.27,<1.0a0'
  url: https://conda.anaconda.org/conda-forge/linux-aarch64/libblas-3.9.0-22_linuxaarch64_openblas.conda
  hash:
    md5: 068ab33f2382cda4dd0b72a715ad33b5
    sha256: eb4398566a601e68b21ceab9a905a619b94d4d6c8242fffd9ed57cc26d29e278
  category: main
  optional: false
- name: libcblas
  version: 3.9.0
  manager: conda
  platform: linux-aarch64
  dependencies:
    libblas: 3.9.0
  url: https://conda.anaconda.org/conda-forge/linux-aarch64/libcblas-3.9.0-22_linuxaarch64_openblas.conda
  hash:
    md5: fbe7fe553f2cc78a0311e009b26f180d
    sha256: 04e31c5f3a3b345a8fcdfa6f5c75909688a134bf9ee93c367c6e5affca501068
  category: main
  optional: false
- name: libexpat
  version: 2.6.2
  manager: conda
  platform: linux-aarch64
  dependencies:
    libgcc-ng: '>=12'
  url: https://conda.anaconda.org/conda-forge/linux-aarch64/libexpat-2.6.2-h2f0025b_0.conda
  hash:
    md5: 1b9f46b804a2c3c5d7fd6a80b77c35f9
    sha256: 07453df3232a649f39fb4d1e68cfe1c78c3457764f85225f6f3ccd1bdd9818a4
  category: main
  optional: false
- name: libffi
  version: 3.4.2
  manager: conda
  platform: linux-aarch64
  dependencies:
    libgcc-ng: '>=9.4.0'
  url: https://conda.anaconda.org/conda-forge/linux-aarch64/libffi-3.4.2-h3557bc0_5.tar.bz2
  hash:
    md5: dddd85f4d52121fab0a8b099c5e06501
    sha256: 7e9258a102480757fe3faeb225a3ca04dffd10fecd2a958c65cdb4cdf75f2c3c
  category: main
  optional: false
- name: libgcc-ng
  version: 13.2.0
  manager: conda
  platform: linux-aarch64
  dependencies:
    _openmp_mutex: '>=4.5'
  url: https://conda.anaconda.org/conda-forge/linux-aarch64/libgcc-ng-13.2.0-he277a41_7.conda
  hash:
    md5: 01c5b27ce46f50abab2dc8454842c792
    sha256: ef2f338b3342b51700e6cda10831d27bb2983fe64d7e75e30e9ffb7f9cf76571
  category: main
  optional: false
- name: libgfortran-ng
  version: 13.2.0
  manager: conda
  platform: linux-aarch64
  dependencies:
    libgfortran5: 13.2.0
  url: https://conda.anaconda.org/conda-forge/linux-aarch64/libgfortran-ng-13.2.0-he9431aa_7.conda
  hash:
    md5: d714db6ba9d67d55d21cf96316714ec8
    sha256: 295d9d4266894d7b5c65950e6f6e91c8b8e1730a540fa5bcc488192b76277913
  category: main
  optional: false
- name: libgfortran5
  version: 13.2.0
  manager: conda
  platform: linux-aarch64
  dependencies:
    libgcc-ng: '>=13.2.0'
  url: https://conda.anaconda.org/conda-forge/linux-aarch64/libgfortran5-13.2.0-h87d9d71_7.conda
  hash:
    md5: 423eb7de085dd6b46928723edf5f8767
    sha256: 6fc946955668102fe1e73614810a24e2a2f50aa87390d68e757380fea8551e16
  category: main
  optional: false
- name: libgomp
  version: 13.2.0
  manager: conda
  platform: linux-aarch64
  dependencies: {}
  url: https://conda.anaconda.org/conda-forge/linux-aarch64/libgomp-13.2.0-he277a41_7.conda
  hash:
    md5: 1d1691ec9e5be799f86310fa38f00b9f
    sha256: bb3bc7e03f1add861884d8bad79b359ad991025570625e1f979964e82f1f8d9e
  category: main
  optional: false
- name: liblapack
  version: 3.9.0
  manager: conda
  platform: linux-aarch64
  dependencies:
    libblas: 3.9.0
  url: https://conda.anaconda.org/conda-forge/linux-aarch64/liblapack-3.9.0-22_linuxaarch64_openblas.conda
  hash:
    md5: 8c709d281609792c39b1d5c0241f90f1
    sha256: a7cb3fd83fdd6eca14adbe3d0cbba6e6246683d39af783f5c05852ed2a9e16a5
  category: main
  optional: false
- name: libnsl
  version: 2.0.1
  manager: conda
  platform: linux-aarch64
  dependencies:
    libgcc-ng: '>=12'
  url: https://conda.anaconda.org/conda-forge/linux-aarch64/libnsl-2.0.1-h31becfc_0.conda
  hash:
    md5: c14f32510f694e3185704d89967ec422
    sha256: fd18c2b75d7411096428d36a70b36b1a17e31f7b8956b6905d145792d49e97f8
  category: main
  optional: false
- name: libopenblas
  version: 0.3.27
  manager: conda
  platform: linux-aarch64
  dependencies:
    libgcc-ng: '>=12'
    libgfortran-ng: ''
    libgfortran5: '>=12.3.0'
  url: https://conda.anaconda.org/conda-forge/linux-aarch64/libopenblas-0.3.27-pthreads_h5a5ec62_0.conda
  hash:
    md5: ffecca8f4f31cd50b92c0e6e6bfe4416
    sha256: 8a898c64f769c03217fee45d2df9faaee6c1a24349e21ba3569bc7a2ed8dfd1e
  category: main
  optional: false
- name: libsqlite
  version: 3.45.3
  manager: conda
  platform: linux-aarch64
  dependencies:
    libgcc-ng: '>=12'
    libzlib: '>=1.2.13,<2.0.0a0'
  url: https://conda.anaconda.org/conda-forge/linux-aarch64/libsqlite-3.45.3-h194ca79_0.conda
  hash:
    md5: fb35b8afbe9e92467ac7b5608d60b775
    sha256: be87d8b67bdf892665c709d82c48011991fbf2fa15c19b006379b03ed494b070
  category: main
  optional: false
- name: libstdcxx-ng
  version: 13.2.0
  manager: conda
  platform: linux-aarch64
  dependencies: {}
  url: https://conda.anaconda.org/conda-forge/linux-aarch64/libstdcxx-ng-13.2.0-h3f4de04_7.conda
  hash:
    md5: 2a54872c7fab2db99b0074212d8efe64
    sha256: ed58d37fde428858e0efa4022c758beb2ea5ae7be93ccfb548f95ef9b60c2ef5
  category: main
  optional: false
- name: libuuid
  version: 2.38.1
  manager: conda
  platform: linux-aarch64
  dependencies:
    libgcc-ng: '>=12'
  url: https://conda.anaconda.org/conda-forge/linux-aarch64/libuuid-2.38.1-hb4cce97_0.conda
  hash:
    md5: 000e30b09db0b7c775b21695dff30969
    sha256: 616277b0c5f7616c2cdf36f6c316ea3f9aa5bb35f2d4476a349ab58b9b91675f
  category: main
  optional: false
- name: libxcrypt
  version: 4.4.36
  manager: conda
  platform: linux-aarch64
  dependencies:
    libgcc-ng: '>=12'
  url: https://conda.anaconda.org/conda-forge/linux-aarch64/libxcrypt-4.4.36-h31becfc_1.conda
  hash:
    md5: b4df5d7d4b63579d081fd3a4cf99740e
    sha256: 6b46c397644091b8a26a3048636d10b989b1bf266d4be5e9474bf763f828f41f
  category: main
  optional: false
- name: libzlib
  version: 1.2.13
  manager: conda
  platform: linux-aarch64
  dependencies:
    libgcc-ng: '>=12'
  url: https://conda.anaconda.org/conda-forge/linux-aarch64/libzlib-1.2.13-h68df207_6.conda
  hash:
    md5: d69c6550eaf76e8e385f75e5ed60aed9
    sha256: 4dafc31c913daae67d20a95fc2cac5a6d8bf1d5810d663e23b3335f9ae6f411d
  category: main
  optional: false
- name: ncurses
  version: '6.5'
  manager: conda
  platform: linux-aarch64
  dependencies:
    libgcc-ng: '>=12'
  url: https://conda.anaconda.org/conda-forge/linux-aarch64/ncurses-6.5-h0425590_0.conda
  hash:
    md5: 38362af7bfac0efef69675acee564458
    sha256: f8002feaa9e0eb929cd123f1275d8c0b3c6ffb7fd9269b192927009df19dc89e
  category: main
  optional: false
- name: networkx
  version: '3.3'
  manager: conda
  platform: linux-aarch64
  dependencies:
    python: '>=3.10'
  url: https://conda.anaconda.org/conda-forge/noarch/networkx-3.3-pyhd8ed1ab_1.conda
  hash:
    md5: d335fd5704b46f4efb89a6774e81aef0
    sha256: cbd8a6de87ad842e7665df38dcec719873fe74698bc761de5431047b8fada41a
  category: main
  optional: false
- name: numpy
  version: 1.26.4
  manager: conda
  platform: linux-aarch64
  dependencies:
    libblas: '>=3.9.0,<4.0a0'
    libcblas: '>=3.9.0,<4.0a0'
    libgcc-ng: '>=12'
    liblapack: '>=3.9.0,<4.0a0'
    libstdcxx-ng: '>=12'
    python: '>=3.12,<3.13.0a0'
    python_abi: 3.12.*
  url: https://conda.anaconda.org/conda-forge/linux-aarch64/numpy-1.26.4-py312h470d778_0.conda
  hash:
    md5: 9cebf5a06cb87d4569cd68df887af476
    sha256: 23767677a7790bee5457d5e75ebd508b9a31c5354216f4310dd1acfca3f7a6f9
  category: main
  optional: false
- name: openssl
  version: 3.3.0
  manager: conda
  platform: linux-aarch64
  dependencies:
    ca-certificates: ''
    libgcc-ng: '>=12'
  url: https://conda.anaconda.org/conda-forge/linux-aarch64/openssl-3.3.0-h68df207_3.conda
  hash:
    md5: f2dec4814ac9649cd3d3e474cd0b9a58
    sha256: f9e595c35fe111aca838233b5d553cac61f9041c445b770458749ddd995e32a4
  category: main
  optional: false
- name: pandas
  version: 2.2.2
  manager: conda
  platform: linux-aarch64
  dependencies:
    libgcc-ng: '>=12'
    libstdcxx-ng: '>=12'
    numpy: '>=1.19,<3'
    python: '>=3.12,<3.13.0a0'
    python-dateutil: '>=2.8.1'
    python-tzdata: '>=2022a'
    python_abi: 3.12.*
    pytz: '>=2020.1'
  url: https://conda.anaconda.org/conda-forge/linux-aarch64/pandas-2.2.2-py312h14eacfc_1.conda
  hash:
    md5: ea4fd304d3cd65f0ddf0dd3c46e0703a
    sha256: d24c1a6e362d3f1034be308406b05a446c06f8ec974178581c7a3a13fc0110aa
  category: main
  optional: false
- name: pip
  version: '24.0'
  manager: conda
  platform: linux-aarch64
  dependencies:
    python: '>=3.7'
    setuptools: ''
    wheel: ''
  url: https://conda.anaconda.org/conda-forge/noarch/pip-24.0-pyhd8ed1ab_0.conda
  hash:
    md5: f586ac1e56c8638b64f9c8122a7b8a67
    sha256: b7c1c5d8f13e8cb491c4bd1d0d1896a4cf80fc47de01059ad77509112b664a4a
  category: main
  optional: false
- name: python
  version: 3.12.3
  manager: conda
  platform: linux-aarch64
  dependencies:
    bzip2: '>=1.0.8,<2.0a0'
    ld_impl_linux-aarch64: '>=2.36.1'
    libexpat: '>=2.6.2,<3.0a0'
    libffi: '>=3.4,<4.0a0'
    libgcc-ng: '>=12'
    libnsl: '>=2.0.1,<2.1.0a0'
    libsqlite: '>=3.45.2,<4.0a0'
    libuuid: '>=2.38.1,<3.0a0'
    libxcrypt: '>=4.4.36'
    libzlib: '>=1.2.13,<2.0.0a0'
    ncurses: '>=6.4.20240210,<7.0a0'
    openssl: '>=3.2.1,<4.0a0'
    readline: '>=8.2,<9.0a0'
    tk: '>=8.6.13,<8.7.0a0'
    tzdata: ''
    xz: '>=5.2.6,<6.0a0'
  url: https://conda.anaconda.org/conda-forge/linux-aarch64/python-3.12.3-h43d1f9e_0_cpython.conda
  hash:
    md5: dc93ad1d2ba17ebc948bf5434ffa864b
    sha256: e186f3ee570464241c844adff6a3ba8f395cef15c5d46c0a8f784cfd97b3bdca
  category: main
  optional: false
- name: python-dateutil
  version: 2.9.0
  manager: conda
  platform: linux-aarch64
  dependencies:
    python: '>=3.7'
    six: '>=1.5'
  url: https://conda.anaconda.org/conda-forge/noarch/python-dateutil-2.9.0-pyhd8ed1ab_0.conda
  hash:
    md5: 2cf4264fffb9e6eff6031c5b6884d61c
    sha256: f3ceef02ac164a8d3a080d0d32f8e2ebe10dd29e3a685d240e38b3599e146320
  category: main
  optional: false
- name: python-tzdata
  version: '2024.1'
  manager: conda
  platform: linux-aarch64
  dependencies:
    python: '>=3.6'
  url: https://conda.anaconda.org/conda-forge/noarch/python-tzdata-2024.1-pyhd8ed1ab_0.conda
  hash:
    md5: 98206ea9954216ee7540f0c773f2104d
    sha256: 9da9a849d53705dee450b83507df1ca8ffea5f83bd21a215202221f1c492f8ad
  category: main
  optional: false
- name: python_abi
  version: '3.12'
  manager: conda
  platform: linux-aarch64
  dependencies: {}
  url: https://conda.anaconda.org/conda-forge/linux-aarch64/python_abi-3.12-4_cp312.conda
  hash:
    md5: 6c09f8e580146d88f649780cebed01de
    sha256: 4f4c3389b722cac9bf39183221332ab69e468351030ec5359042b50c5d975a15
  category: main
  optional: false
- name: pytz
  version: '2024.1'
  manager: conda
  platform: linux-aarch64
  dependencies:
    python: '>=3.7'
  url: https://conda.anaconda.org/conda-forge/noarch/pytz-2024.1-pyhd8ed1ab_0.conda
  hash:
    md5: 3eeeeb9e4827ace8c0c1419c85d590ad
    sha256: 1a7d6b233f7e6e3bbcbad054c8fd51e690a67b129a899a056a5e45dd9f00cb41
  category: main
  optional: false
- name: readline
  version: '8.2'
  manager: conda
  platform: linux-aarch64
  dependencies:
    libgcc-ng: '>=12'
    ncurses: '>=6.3,<7.0a0'
  url: https://conda.anaconda.org/conda-forge/linux-aarch64/readline-8.2-h8fc344f_1.conda
  hash:
    md5: 105eb1e16bf83bfb2eb380a48032b655
    sha256: 4c99f7417419734e3797d45bc355e61c26520e111893b0d7087a01a7fbfbe3dd
  category: main
  optional: false
- name: scikit-learn
  version: 1.5.0
  manager: conda
  platform: linux-aarch64
  dependencies:
    _openmp_mutex: '>=4.5'
    joblib: '>=1.2.0'
    libgcc-ng: '>=12'
    libstdcxx-ng: '>=12'
    numpy: '>=1.19,<3'
    python: '>=3.12,<3.13.0a0'
    python_abi: 3.12.*
    scipy: ''
    threadpoolctl: '>=3.1.0'
  url: https://conda.anaconda.org/conda-forge/linux-aarch64/scikit-learn-1.5.0-py312hf487cbb_1.conda
  hash:
    md5: 74314e04ffe601164dc73736abfabc51
    sha256: 0b0f124b80bf11abb77e90d15694a5db776317817f7e9e2c044b268b19f6af9f
  category: main
  optional: false
- name: scipy
  version: 1.13.1
  manager: conda
  platform: linux-aarch64
  dependencies:
    libblas: '>=3.9.0,<4.0a0'
    libcblas: '>=3.9.0,<4.0a0'
    libgcc-ng: '>=12'
    libgfortran-ng: ''
    libgfortran5: '>=12.3.0'
    liblapack: '>=3.9.0,<4.0a0'
    libstdcxx-ng: '>=12'
    numpy: '>=1.19,<3'
    python: '>=3.12,<3.13.0a0'
    python_abi: 3.12.*
  url: https://conda.anaconda.org/conda-forge/linux-aarch64/scipy-1.13.1-py312h37abc14_0.conda
  hash:
    md5: 43fba0bc1f82277dfa230b162f2b27fb
    sha256: efe90475b0ab43412ee20e50192071e6c870639e55e644d3ee396f7971712923
  category: main
  optional: false
- name: setuptools
  version: 70.0.0
  manager: conda
  platform: linux-aarch64
  dependencies:
    python: '>=3.8'
  url: https://conda.anaconda.org/conda-forge/noarch/setuptools-70.0.0-pyhd8ed1ab_0.conda
  hash:
    md5: c8ddb4f34a208df4dd42509a0f6a1c89
    sha256: daa4638d288cfdf3b0ecea395d8efa25cafc4ebf4026464a36c797c84541d2be
  category: main
  optional: false
- name: six
  version: 1.16.0
  manager: conda
  platform: linux-aarch64
  dependencies:
    python: ''
  url: https://conda.anaconda.org/conda-forge/noarch/six-1.16.0-pyh6c4a22f_0.tar.bz2
  hash:
    md5: e5f25f8dbc060e9a8d912e432202afc2
    sha256: a85c38227b446f42c5b90d9b642f2c0567880c15d72492d8da074a59c8f91dd6
  category: main
  optional: false
- name: threadpoolctl
  version: 3.5.0
  manager: conda
  platform: linux-aarch64
  dependencies:
    python: '>=3.8'
  url: https://conda.anaconda.org/conda-forge/noarch/threadpoolctl-3.5.0-pyhc1e730c_0.conda
  hash:
    md5: df68d78237980a159bd7149f33c0e8fd
    sha256: 45e402941f6bed094022c5726a2ca494e6224b85180d2367fb6ddd9aea68079d
  category: main
  optional: false
- name: tk
  version: 8.6.13
  manager: conda
  platform: linux-aarch64
  dependencies:
    libgcc-ng: '>=12'
    libzlib: '>=1.2.13,<1.3.0a0'
  url: https://conda.anaconda.org/conda-forge/linux-aarch64/tk-8.6.13-h194ca79_0.conda
  hash:
    md5: f75105e0585851f818e0009dd1dde4dc
    sha256: 7fa27cc512d3a783f38bd16bbbffc008807372499d5b65d089a8e43bde9db267
  category: main
  optional: false
- name: tzdata
  version: 2024a
  manager: conda
  platform: linux-aarch64
  dependencies: {}
  url: https://conda.anaconda.org/conda-forge/noarch/tzdata-2024a-h0c530f3_0.conda
  hash:
    md5: 161081fc7cec0bfda0d86d7cb595f8d8
    sha256: 7b2b69c54ec62a243eb6fba2391b5e443421608c3ae5dbff938ad33ca8db5122
  category: main
  optional: false
- name: wheel
  version: 0.43.0
  manager: conda
  platform: linux-aarch64
  dependencies:
    python: '>=3.8'
  url: https://conda.anaconda.org/conda-forge/noarch/wheel-0.43.0-pyhd8ed1ab_1.conda
  hash:
    md5: 0b5293a157c2b5cd513dd1b03d8d3aae
    sha256: cb318f066afd6fd64619f14c030569faf3f53e6f50abf743b4c865e7d95b96bc
  category: main
  optional: false
- name: xz
  version: 5.2.6
  manager: conda
  platform: linux-aarch64
  dependencies:
    libgcc-ng: '>=12'
  url: https://conda.anaconda.org/conda-forge/linux-aarch64/xz-5.2.6-h9cdd2b7_0.tar.bz2
  hash:
    md5: 83baad393a31d59c20b63ba4da6592df
    sha256: 93f58a7b393adf41fa007ac8c55978765e957e90cd31877ece1e5a343cb98220
  category: main
  optional: false
