# This lock file was generated by conda-lock (https://github.com/conda/conda-lock). DO NOT EDIT!
#
# A "lock file" contains a concrete list of package versions (with checksums) to be installed. Unlike
# e.g. `conda env create`, the resulting environment will not change as new package versions become
# available, unless you explicitly update the lock file.
#
# Install this environment as "YOURENV" with:
#     conda-lock install -n YOURENV --file conda-lock.yml
# To update a single package to the latest version compatible with the version constraints in the source:
#     conda-lock lock  --lockfile conda-lock.yml --update PACKAGE
# To re-solve the entire environment, e.g. after changing a version constraint in the source file:
#     conda-lock -f ../../../../applications/manager/environment.yml -f environment.yml --lockfile conda-lock.yml
version: 1
metadata:
  content_hash:
    linux-aarch64: ebe650aac6ee73a6b38b712df34c11a3553c3018748fc64282b54b023e277442
  channels:
  - url: conda-forge
    used_env_vars: []
  platforms:
  - linux-aarch64
  sources:
  - ../../../../applications/manager/environment.yml
  - environment.yml
package:
- name: _openmp_mutex
  version: '4.5'
  manager: conda
  platform: linux-aarch64
  dependencies:
    libgomp: '>=7.5.0'
  url: https://conda.anaconda.org/conda-forge/linux-aarch64/_openmp_mutex-4.5-2_gnu.tar.bz2
  hash:
    md5: 6168d71addc746e8f2b8d57dfd2edcea
    sha256: 3702bef2f0a4d38bd8288bbe54aace623602a1343c2cfbefd3fa188e015bebf0
  category: main
  optional: false
- name: aiohappyeyeballs
  version: 2.6.1
  manager: conda
  platform: linux-aarch64
  dependencies:
    python: '>=3.9'
  url: https://conda.anaconda.org/conda-forge/noarch/aiohappyeyeballs-2.6.1-pyhd8ed1ab_0.conda
  hash:
    md5: 18fd895e0e775622906cdabfc3cf0fb4
    sha256: 7842ddc678e77868ba7b92a726b437575b23aaec293bca0d40826f1026d90e27
  category: main
  optional: false
- name: aiohttp
  version: 3.13.2
  manager: conda
  platform: linux-aarch64
  dependencies:
    aiohappyeyeballs: '>=2.5.0'
    aiosignal: '>=1.4.0'
    async-timeout: '>=4.0,<6.0'
    attrs: '>=17.3.0'
    frozenlist: '>=1.1.1'
    multidict: '>=4.5,<7.0'
    propcache: '>=0.2.0'
    python: '>=3.10'
    yarl: '>=1.17.0,<2.0'
  url: https://conda.anaconda.org/conda-forge/noarch/aiohttp-3.13.2-pyh4ca1811_0.conda
  hash:
    md5: 9b7efc1b9351892fc1b0af3fb7e44280
    sha256: 8af88a6daa5e30f347da7faee1ee17d920a1090c0e921431bf43adff02429b50
  category: main
  optional: false
- name: aiosignal
  version: 1.4.0
  manager: conda
  platform: linux-aarch64
  dependencies:
    frozenlist: '>=1.1.0'
    python: '>=3.9'
    typing_extensions: '>=4.2'
  url: https://conda.anaconda.org/conda-forge/noarch/aiosignal-1.4.0-pyhd8ed1ab_0.conda
  hash:
    md5: 421a865222cd0c9d83ff08bc78bf3a61
    sha256: 8dc149a6828d19bf104ea96382a9d04dae185d4a03cc6beb1bc7b84c428e3ca2
  category: main
  optional: false
- name: async-timeout
  version: 5.0.1
  manager: conda
  platform: linux-aarch64
  dependencies:
    python: '>=3.9'
  url: https://conda.anaconda.org/conda-forge/noarch/async-timeout-5.0.1-pyhd8ed1ab_1.conda
  hash:
    md5: 5d842988b11a8c3ab57fb70840c83d24
    sha256: 33d12250c870e06c9a313c6663cfbf1c50380b73dfbbb6006688c3134b29b45a
  category: main
  optional: false
- name: attrs
  version: 25.4.0
  manager: conda
  platform: linux-aarch64
  dependencies:
    python: ''
  url: https://conda.anaconda.org/conda-forge/noarch/attrs-25.4.0-pyhcf101f3_1.conda
  hash:
    md5: 537296d57ea995666c68c821b00e360b
    sha256: c13d5e42d187b1d0255f591b7ce91201d4ed8a5370f0d986707a802c20c9d32f
  category: main
  optional: false
- name: backports.zstd
  version: 1.1.0
  manager: conda
  platform: linux-aarch64
  dependencies:
    python: '>=3.14'
  url: https://conda.anaconda.org/conda-forge/noarch/backports.zstd-1.1.0-py314h680f03e_1.conda
  hash:
    md5: f642100d7720dc51e98d53789440d23d
    sha256: e339bd3373f5285e0bd8c6aa49c3e0be5d50011fd753ca43da2b1ac4f38f3634
  category: main
  optional: false
- name: blinker
  version: 1.9.0
  manager: conda
  platform: linux-aarch64
  dependencies:
    python: '>=3.9'
  url: https://conda.anaconda.org/conda-forge/noarch/blinker-1.9.0-pyhff2d567_0.conda
  hash:
    md5: 42834439227a4551b939beeeb8a4b085
    sha256: f7efd22b5c15b400ed84a996d777b6327e5c402e79e3c534a7e086236f1eb2dc
  category: main
  optional: false
- name: boto3
  version: 1.42.3
  manager: conda
  platform: linux-aarch64
  dependencies:
    botocore: '>=1.42.3,<1.43.0'
    jmespath: '>=0.7.1,<2.0.0'
    python: '>=3.10'
    s3transfer: '>=0.16.0,<0.17.0'
  url: https://conda.anaconda.org/conda-forge/noarch/boto3-1.42.3-pyhd8ed1ab_0.conda
  hash:
    md5: 22d53f7680d7f4a2f9d5d10d3aef1221
    sha256: a105d01d4cdc69e8298f2e168268c4f5413484c0f74076c0f6cdf44626405a9b
  category: main
  optional: false
- name: botocore
  version: 1.42.3
  manager: conda
  platform: linux-aarch64
  dependencies:
    jmespath: '>=0.7.1,<2.0.0'
    python: '>=3.10'
    python-dateutil: '>=2.1,<3.0.0'
    urllib3: '>=1.25.4,!=2.2.0,<3'
  url: https://conda.anaconda.org/conda-forge/noarch/botocore-1.42.3-pyhd8ed1ab_0.conda
  hash:
    md5: 33aa1c2431e44016bc7d59fe85f7f3e4
    sha256: 9894a46bcd0df5ef35a922cf34bc523689668c9efde7c2a40d32bf83f19ddfab
  category: main
  optional: false
- name: brotli-python
  version: 1.2.0
  manager: conda
  platform: linux-aarch64
  dependencies:
    libgcc: '>=14'
    libstdcxx: '>=14'
    python: '>=3.14,<3.15.0a0'
    python_abi: 3.14.*
  url: https://conda.anaconda.org/conda-forge/linux-aarch64/brotli-python-1.2.0-py314h352cb57_1.conda
  hash:
    md5: a1b5c571a0923a205d663d8678df4792
    sha256: 5a5b0cdcd7ed89c6a8fb830924967f6314a2b71944bc1ebc2c105781ba97aa75
  category: main
  optional: false
- name: bzip2
  version: 1.0.8
  manager: conda
  platform: linux-aarch64
  dependencies:
    libgcc: '>=14'
  url: https://conda.anaconda.org/conda-forge/linux-aarch64/bzip2-1.0.8-h4777abc_8.conda
  hash:
    md5: 2921ac0b541bf37c69e66bd6d9a43bca
    sha256: d2a296aa0b5f38ed9c264def6cf775c0ccb0f110ae156fcde322f3eccebf2e01
  category: main
  optional: false
- name: ca-certificates
  version: 2025.11.12
  manager: conda
  platform: linux-aarch64
  dependencies:
    __unix: ''
  url: https://conda.anaconda.org/conda-forge/noarch/ca-certificates-2025.11.12-hbd8a1cb_0.conda
  hash:
    md5: f0991f0f84902f6b6009b4d2350a83aa
    sha256: b986ba796d42c9d3265602bc038f6f5264095702dd546c14bc684e60c385e773
  category: main
  optional: false
- name: certifi
  version: 2025.11.12
  manager: conda
  platform: linux-aarch64
  dependencies:
    python: '>=3.10'
  url: https://conda.anaconda.org/conda-forge/noarch/certifi-2025.11.12-pyhd8ed1ab_0.conda
  hash:
    md5: 96a02a5c1a65470a7e4eedb644c872fd
    sha256: 083a2bdad892ccf02b352ecab38ee86c3e610ba9a4b11b073ea769d55a115d32
  category: main
  optional: false
- name: charset-normalizer
  version: 3.4.4
  manager: conda
  platform: linux-aarch64
  dependencies:
    python: '>=3.10'
  url: https://conda.anaconda.org/conda-forge/noarch/charset-normalizer-3.4.4-pyhd8ed1ab_0.conda
  hash:
    md5: a22d1fd9bf98827e280a02875d9a007a
    sha256: b32f8362e885f1b8417bac2b3da4db7323faa12d5db62b7fd6691c02d60d6f59
  category: main
  optional: false
- name: click
  version: 8.3.1
  manager: conda
  platform: linux-aarch64
  dependencies:
    python: ''
    __unix: ''
  url: https://conda.anaconda.org/conda-forge/noarch/click-8.3.1-pyh8f84b5b_1.conda
  hash:
    md5: ea8a6c3256897cc31263de9f455e25d9
    sha256: 38cfe1ee75b21a8361c8824f5544c3866f303af1762693a178266d7f198e8715
  category: main
  optional: false
- name: colorama
  version: 0.4.6
  manager: conda
  platform: linux-aarch64
  dependencies:
    python: '>=3.9'
  url: https://conda.anaconda.org/conda-forge/noarch/colorama-0.4.6-pyhd8ed1ab_1.conda
  hash:
    md5: 962b9857ee8e7018c22f2776ffa0b2d7
    sha256: ab29d57dc70786c1269633ba3dff20288b81664d3ff8d21af995742e2bb03287
  category: main
  optional: false
- name: coverage
  version: 7.12.0
  manager: conda
  platform: linux-aarch64
  dependencies:
    libgcc: '>=14'
    python: '>=3.14,<3.15.0a0'
    python_abi: 3.14.*
    tomli: ''
  url: https://conda.anaconda.org/conda-forge/linux-aarch64/coverage-7.12.0-py314hb76de3f_0.conda
  hash:
    md5: 053756b9d990fa5d54415f0e74782828
    sha256: 9388de437952d0f4ad5d84b325cc164cfeaa5ba0cfd1f6d2b5f2a6e451a6a988
  category: main
  optional: false
- name: exceptiongroup
  version: 1.3.1
  manager: conda
  platform: linux-aarch64
  dependencies:
    python: '>=3.10'
    typing_extensions: '>=4.6.0'
  url: https://conda.anaconda.org/conda-forge/noarch/exceptiongroup-1.3.1-pyhd8ed1ab_0.conda
  hash:
    md5: 8e662bd460bda79b1ea39194e3c4c9ab
    sha256: ee6cf346d017d954255bbcbdb424cddea4d14e4ed7e9813e429db1d795d01144
  category: main
  optional: false
- name: flask
  version: 3.1.2
  manager: conda
  platform: linux-aarch64
  dependencies:
    blinker: '>=1.9.0'
    click: '>=8.1.3'
    importlib-metadata: '>=3.6.0'
    itsdangerous: '>=2.2.0'
    jinja2: '>=3.1.2'
    markupsafe: '>=2.1.1'
    python: '>=3.9'
    werkzeug: '>=3.1.0'
  url: https://conda.anaconda.org/conda-forge/noarch/flask-3.1.2-pyhd8ed1ab_0.conda
  hash:
    md5: ba67a9febeda36948fee26a3dec3d914
    sha256: 8a97eba37e0723720706d4636cc89c6b07eea1b7cc66fd8994fa8983a81ed988
  category: main
  optional: false
- name: frozenlist
  version: 1.7.0
  manager: conda
  platform: linux-aarch64
  dependencies:
    python: '>=3.9'
  url: https://conda.anaconda.org/conda-forge/noarch/frozenlist-1.7.0-pyhf298e5d_0.conda
  hash:
    md5: 3998c9592e3db2f6809e4585280415f4
    sha256: d065c6c76ba07c148b07102f89fd14e39e4f0b2c022ad671bbef8fda9431ba1b
  category: main
  optional: false
- name: geoip2
  version: 4.8.0
  manager: conda
  platform: linux-aarch64
  dependencies:
    aiohttp: '>=3.6.2,<4.0.0'
    maxminddb: '>=2.3.0,<3.0.0'
    python: '>=3.7'
    requests: '>=2.24.0,<3.0.0'
  url: https://conda.anaconda.org/conda-forge/noarch/geoip2-4.8.0-pyhd8ed1ab_0.conda
  hash:
    md5: ff7200322cb572017ab08cb3e39993bd
    sha256: 1aa4c1a8ec5e9c87875f250e5e4ce775861c1242ece212dc1739acb417b68c92
  category: main
  optional: false
- name: gunicorn
  version: 23.0.0
  manager: conda
  platform: linux-aarch64
  dependencies:
    packaging: ''
    python: '>=3.14,<3.15.0a0'
    python_abi: 3.14.*
    setuptools: '>=3.0'
  url: https://conda.anaconda.org/conda-forge/linux-aarch64/gunicorn-23.0.0-py314h28a4750_3.conda
  hash:
    md5: 5253adad69c73e00d04e87b55ae4b750
    sha256: be8e973763a3569c3192c80abafe673a67c66af10cb67179c65805044f4c62a1
  category: main
  optional: false
- name: h2
  version: 4.3.0
  manager: conda
  platform: linux-aarch64
  dependencies:
    python: ''
    hyperframe: '>=6.1,<7'
    hpack: '>=4.1,<5'
  url: https://conda.anaconda.org/conda-forge/noarch/h2-4.3.0-pyhcf101f3_0.conda
  hash:
    md5: 164fc43f0b53b6e3a7bc7dce5e4f1dc9
    sha256: 84c64443368f84b600bfecc529a1194a3b14c3656ee2e832d15a20e0329b6da3
  category: main
  optional: false
- name: hpack
  version: 4.1.0
  manager: conda
  platform: linux-aarch64
  dependencies:
    python: '>=3.9'
  url: https://conda.anaconda.org/conda-forge/noarch/hpack-4.1.0-pyhd8ed1ab_0.conda
  hash:
    md5: 0a802cb9888dd14eeefc611f05c40b6e
    sha256: 6ad78a180576c706aabeb5b4c8ceb97c0cb25f1e112d76495bff23e3779948ba
  category: main
  optional: false
- name: hyperframe
  version: 6.1.0
  manager: conda
  platform: linux-aarch64
  dependencies:
    python: '>=3.9'
  url: https://conda.anaconda.org/conda-forge/noarch/hyperframe-6.1.0-pyhd8ed1ab_0.conda
  hash:
    md5: 8e6923fc12f1fe8f8c4e5c9f343256ac
    sha256: 77af6f5fe8b62ca07d09ac60127a30d9069fdc3c68d6b256754d0ffb1f7779f8
  category: main
  optional: false
- name: idna
  version: '3.11'
  manager: conda
  platform: linux-aarch64
  dependencies:
    python: '>=3.10'
  url: https://conda.anaconda.org/conda-forge/noarch/idna-3.11-pyhd8ed1ab_0.conda
  hash:
    md5: 53abe63df7e10a6ba605dc5f9f961d36
    sha256: ae89d0299ada2a3162c2614a9d26557a92aa6a77120ce142f8e0109bbf0342b0
  category: main
  optional: false
- name: importlib-metadata
  version: 8.7.0
  manager: conda
  platform: linux-aarch64
  dependencies:
    python: ''
    zipp: '>=3.20'
  url: https://conda.anaconda.org/conda-forge/noarch/importlib-metadata-8.7.0-pyhe01879c_1.conda
  hash:
    md5: 63ccfdc3a3ce25b027b8767eb722fca8
    sha256: c18ab120a0613ada4391b15981d86ff777b5690ca461ea7e9e49531e8f374745
  category: main
  optional: false
- name: iniconfig
  version: 2.3.0
  manager: conda
  platform: linux-aarch64
  dependencies:
    python: '>=3.10'
  url: https://conda.anaconda.org/conda-forge/noarch/iniconfig-2.3.0-pyhd8ed1ab_0.conda
  hash:
    md5: 9614359868482abba1bd15ce465e3c42
    sha256: e1a9e3b1c8fe62dc3932a616c284b5d8cbe3124bbfbedcf4ce5c828cb166ee19
  category: main
  optional: false
- name: itsdangerous
  version: 2.2.0
  manager: conda
  platform: linux-aarch64
  dependencies:
    python: '>=3.9'
  url: https://conda.anaconda.org/conda-forge/noarch/itsdangerous-2.2.0-pyhd8ed1ab_1.conda
  hash:
    md5: 7ac5f795c15f288984e32add616cdc59
    sha256: 1684b7b16eec08efef5302ce298c606b163c18272b69a62b666fbaa61516f170
  category: main
  optional: false
- name: jinja2
  version: 3.1.6
  manager: conda
  platform: linux-aarch64
  dependencies:
    markupsafe: '>=2.0'
    python: ''
  url: https://conda.anaconda.org/conda-forge/noarch/jinja2-3.1.6-pyhcf101f3_1.conda
  hash:
    md5: 04558c96691bed63104678757beb4f8d
    sha256: fc9ca7348a4f25fed2079f2153ecdcf5f9cf2a0bc36c4172420ca09e1849df7b
  category: main
  optional: false
- name: jmespath
  version: 1.0.1
  manager: conda
  platform: linux-aarch64
  dependencies:
    python: '>=3.9'
  url: https://conda.anaconda.org/conda-forge/noarch/jmespath-1.0.1-pyhd8ed1ab_1.conda
  hash:
    md5: 972bdca8f30147135f951847b30399ea
    sha256: 3d2f20ee7fd731e3ff55c189db9c43231bc8bde957875817a609c227bcb295c6
  category: main
  optional: false
- name: ld_impl_linux-aarch64
  version: '2.45'
  manager: conda
  platform: linux-aarch64
  dependencies:
    zstd: '>=1.5.7,<1.6.0a0'
  url: https://conda.anaconda.org/conda-forge/linux-aarch64/ld_impl_linux-aarch64-2.45-default_h1979696_104.conda
  hash:
    md5: 28035705fe0c977ea33963489cd008ad
    sha256: 7a13072581fa23f658a04f62f62c4677c57d3c9696fbc01cc954a88fc354b44d
  category: main
  optional: false
- name: libexpat
  version: 2.7.3
  manager: conda
  platform: linux-aarch64
  dependencies:
    libgcc: '>=14'
  url: https://conda.anaconda.org/conda-forge/linux-aarch64/libexpat-2.7.3-hfae3067_0.conda
  hash:
    md5: b414e36fbb7ca122030276c75fa9c34a
    sha256: cc2581a78315418cc2e0bb2a273d37363203e79cefe78ba6d282fed546262239
  category: main
  optional: false
- name: libffi
  version: 3.5.2
  manager: conda
  platform: linux-aarch64
  dependencies:
    libgcc: '>=14'
  url: https://conda.anaconda.org/conda-forge/linux-aarch64/libffi-3.5.2-hd65408f_0.conda
  hash:
    md5: 0c5ad486dcfb188885e3cf8ba209b97b
    sha256: 6c3332e78a975e092e54f87771611db81dcb5515a3847a3641021621de76caea
  category: main
  optional: false
- name: libgcc
  version: 15.2.0
  manager: conda
  platform: linux-aarch64
  dependencies:
    _openmp_mutex: '>=4.5'
  url: https://conda.anaconda.org/conda-forge/linux-aarch64/libgcc-15.2.0-h8acb6b2_15.conda
  hash:
    md5: cfdf8700e69902a113f2611e3cc09b55
    sha256: ff184dbe54493b663eab2d62fa0b5a689eb84bec6401fcaeb44265c7f31ae4c6
  category: main
  optional: false
- name: libgomp
  version: 15.2.0
  manager: conda
  platform: linux-aarch64
  dependencies: {}
  url: https://conda.anaconda.org/conda-forge/linux-aarch64/libgomp-15.2.0-h8acb6b2_15.conda
  hash:
    md5: 0719da240fd6086c34c4c30080329806
    sha256: d76cbb7e76af310828c74396a78c59a3b305431da25c9337e420bb441d2e8ca0
  category: main
  optional: false
- name: liblzma
  version: 5.8.1
  manager: conda
  platform: linux-aarch64
  dependencies:
    libgcc: '>=13'
  url: https://conda.anaconda.org/conda-forge/linux-aarch64/liblzma-5.8.1-h86ecc28_2.conda
  hash:
    md5: 7d362346a479256857ab338588190da0
    sha256: 498ea4b29155df69d7f20990a7028d75d91dbea24d04b2eb8a3d6ef328806849
  category: main
  optional: false
- name: libmpdec
  version: 4.0.0
  manager: conda
  platform: linux-aarch64
  dependencies:
    libgcc: '>=13'
  url: https://conda.anaconda.org/conda-forge/linux-aarch64/libmpdec-4.0.0-h86ecc28_0.conda
  hash:
    md5: 78cfed3f76d6f3f279736789d319af76
    sha256: ef8697f934c80b347bf9d7ed45650928079e303bad01bd064995b0e3166d6e7a
  category: main
  optional: false
- name: libsqlite
  version: 3.51.1
  manager: conda
  platform: linux-aarch64
  dependencies:
    libgcc: '>=14'
    libzlib: '>=1.3.1,<2.0a0'
  url: https://conda.anaconda.org/conda-forge/linux-aarch64/libsqlite-3.51.1-h022381a_0.conda
  hash:
    md5: 233efdd411317d2dc5fde72464b3df7a
    sha256: e394dd772b71dbcd653d078f3aacf6e26e3478bd6736a687ab86e463a2f153a8
  category: main
  optional: false
- name: libstdcxx
  version: 15.2.0
  manager: conda
  platform: linux-aarch64
  dependencies:
    libgcc: 15.2.0
  url: https://conda.anaconda.org/conda-forge/linux-aarch64/libstdcxx-15.2.0-hef695bb_15.conda
  hash:
    md5: 2873f805cdabcf33b880b19077cf6180
    sha256: f6347ce1d1a8a9ecfa16fc118594b0a5cab9194a8dcc7e79cd02a7497822d1d2
  category: main
  optional: false
- name: libuuid
  version: 2.41.2
  manager: conda
  platform: linux-aarch64
  dependencies:
    libgcc: '>=14'
  url: https://conda.anaconda.org/conda-forge/linux-aarch64/libuuid-2.41.2-h1022ec0_1.conda
  hash:
    md5: 15b2cc72b9b05bcb141810b1bada654f
    sha256: 3113c857e36779d94cf9a18236a710ceca0e94230b3bfeba0d134f33ee8c9ecd
  category: main
  optional: false
- name: libzlib
  version: 1.3.1
  manager: conda
  platform: linux-aarch64
  dependencies:
    libgcc: '>=13'
  url: https://conda.anaconda.org/conda-forge/linux-aarch64/libzlib-1.3.1-h86ecc28_2.conda
  hash:
    md5: 08aad7cbe9f5a6b460d0976076b6ae64
    sha256: 5a2c1eeef69342e88a98d1d95bff1603727ab1ff4ee0e421522acd8813439b84
  category: main
  optional: false
- name: markupsafe
  version: 3.0.3
  manager: conda
  platform: linux-aarch64
  dependencies:
    python: '>=3.10'
  url: https://conda.anaconda.org/conda-forge/noarch/markupsafe-3.0.3-pyh7db6752_0.conda
  hash:
    md5: fab1be106a50e20f10fe5228fd1d1651
    sha256: e0cbfea51a19b3055ca19428bd9233a25adca956c208abb9d00b21e7259c7e03
  category: main
  optional: false
- name: maxminddb
  version: 2.6.2
  manager: conda
  platform: linux-aarch64
  dependencies:
    python: '>=3.8'
  url: https://conda.anaconda.org/conda-forge/noarch/maxminddb-2.6.2-pyhd8ed1ab_0.conda
  hash:
    md5: 36825ad83ea9eca4353b3ed346616b0f
    sha256: e170820ac4d5941feca5049514b444da55d35a601f9593cb28b748508a7c5b6d
  category: main
  optional: false
- name: multidict
  version: 6.6.3
  manager: conda
  platform: linux-aarch64
  dependencies:
    python: '>=3.9'
    typing-extensions: '>=4.1.0'
  url: https://conda.anaconda.org/conda-forge/noarch/multidict-6.6.3-pyh62beb40_0.conda
  hash:
    md5: 36b9579bd0896b224df0424e46efc1b5
    sha256: c4257649d1be3d19a97213457032073737cd3179bd0ed3bd2b9885955d11f6b8
  category: main
  optional: false
- name: ncurses
  version: '6.5'
  manager: conda
  platform: linux-aarch64
  dependencies:
    libgcc: '>=13'
  url: https://conda.anaconda.org/conda-forge/linux-aarch64/ncurses-6.5-ha32ae93_3.conda
  hash:
    md5: 182afabe009dc78d8b73100255ee6868
    sha256: 91cfb655a68b0353b2833521dc919188db3d8a7f4c64bea2c6a7557b24747468
  category: main
  optional: false
- name: openssl
  version: 3.6.0
  manager: conda
  platform: linux-aarch64
  dependencies:
    ca-certificates: ''
    libgcc: '>=14'
  url: https://conda.anaconda.org/conda-forge/linux-aarch64/openssl-3.6.0-h8e36d6e_0.conda
  hash:
    md5: 7624c6e01aecba942e9115e0f5a2af9d
    sha256: 8dd3b4c31fe176a3e51c5729b2c7f4c836a2ce3bd5c82082dc2a503ba9ee0af3
  category: main
  optional: false
- name: packaging
  version: '25.0'
  manager: conda
  platform: linux-aarch64
  dependencies:
    python: ''
  url: https://conda.anaconda.org/conda-forge/noarch/packaging-25.0-pyh29332c3_1.conda
  hash:
    md5: 58335b26c38bf4a20f399384c33cbcf9
    sha256: 289861ed0c13a15d7bbb408796af4de72c2fe67e2bcb0de98f4c3fce259d7991
  category: main
  optional: false
- name: pip
  version: '25.3'
  manager: conda
  platform: linux-aarch64
  dependencies:
    python: '>=3.13.0a0'
  url: https://conda.anaconda.org/conda-forge/noarch/pip-25.3-pyh145f28c_0.conda
  hash:
    md5: bf47878473e5ab9fdb4115735230e191
    sha256: 4d5e2faca810459724f11f78d19a0feee27a7be2b3fc5f7abbbec4c9fdcae93d
  category: main
  optional: false
- name: pluggy
  version: 1.6.0
  manager: conda
  platform: linux-aarch64
  dependencies:
    python: ''
  url: https://conda.anaconda.org/conda-forge/noarch/pluggy-1.6.0-pyhf9edf01_1.conda
  hash:
    md5: d7585b6550ad04c8c5e21097ada2888e
    sha256: e14aafa63efa0528ca99ba568eaf506eb55a0371d12e6250aaaa61718d2eb62e
  category: main
  optional: false
- name: propcache
  version: 0.3.1
  manager: conda
  platform: linux-aarch64
  dependencies:
    python: '>=3.9'
  url: https://conda.anaconda.org/conda-forge/noarch/propcache-0.3.1-pyhe1237c8_0.conda
  hash:
    md5: b1cda654f58d74578ac9786909af84cd
    sha256: d8927d64b35e1fb82285791444673e47d3729853be962c7045e75fc0fd715cec
  category: main
  optional: false
- name: pygments
  version: 2.19.2
  manager: conda
  platform: linux-aarch64
  dependencies:
    python: '>=3.9'
  url: https://conda.anaconda.org/conda-forge/noarch/pygments-2.19.2-pyhd8ed1ab_0.conda
  hash:
    md5: 6b6ece66ebcae2d5f326c77ef2c5a066
    sha256: 5577623b9f6685ece2697c6eb7511b4c9ac5fb607c9babc2646c811b428fd46a
  category: main
  optional: false
- name: pysocks
  version: 1.7.1
  manager: conda
  platform: linux-aarch64
  dependencies:
    __unix: ''
    python: '>=3.9'
  url: https://conda.anaconda.org/conda-forge/noarch/pysocks-1.7.1-pyha55dd90_7.conda
  hash:
    md5: 461219d1a5bd61342293efa2c0c90eac
    sha256: ba3b032fa52709ce0d9fd388f63d330a026754587a2f461117cac9ab73d8d0d8
  category: main
  optional: false
- name: pytest
  version: 9.0.1
  manager: conda
  platform: linux-aarch64
  dependencies:
    pygments: '>=2.7.2'
    python: ''
    iniconfig: '>=1.0.1'
    packaging: '>=22'
    pluggy: '>=1.5,<2'
    tomli: '>=1'
    colorama: '>=0.4'
    exceptiongroup: '>=1'
  url: https://conda.anaconda.org/conda-forge/noarch/pytest-9.0.1-pyhcf101f3_0.conda
  hash:
    md5: fa7f71faa234947d9c520f89b4bda1a2
    sha256: 7f25f71e4890fb60a4c4cb4563d10acf2d741804fec51e9b85a6fd97cd686f2f
  category: main
  optional: false
- name: python
  version: 3.14.1
  manager: conda
  platform: linux-aarch64
  dependencies:
    bzip2: '>=1.0.8,<2.0a0'
    ld_impl_linux-aarch64: '>=2.36.1'
    libexpat: '>=2.7.3,<3.0a0'
    libffi: '>=3.5.2,<3.6.0a0'
    libgcc: '>=14'
    liblzma: '>=5.8.1,<6.0a0'
    libmpdec: '>=4.0.0,<5.0a0'
    libsqlite: '>=3.51.1,<4.0a0'
    libuuid: '>=2.41.2,<3.0a0'
    libzlib: '>=1.3.1,<2.0a0'
    ncurses: '>=6.5,<7.0a0'
    openssl: '>=3.5.4,<4.0a0'
    python_abi: 3.14.*
    readline: '>=8.2,<9.0a0'
    tk: '>=8.6.13,<8.7.0a0'
    tzdata: ''
    zstd: '>=1.5.7,<1.6.0a0'
  url: https://conda.anaconda.org/conda-forge/linux-aarch64/python-3.14.1-hb06a95a_100_cp314.conda
  hash:
    md5: 440084d3af1aab4e196a4198988d3c24
    sha256: 482bc557d2a5b13a854a2fb8abdcfcef527640720fabdccb9421fa109e4cb4b8
  category: main
  optional: false
- name: python-dateutil
  version: 2.9.0.post0
  manager: conda
  platform: linux-aarch64
  dependencies:
    python: ''
    six: '>=1.5'
  url: https://conda.anaconda.org/conda-forge/noarch/python-dateutil-2.9.0.post0-pyhe01879c_2.conda
  hash:
    md5: 5b8d21249ff20967101ffa321cab24e8
    sha256: d6a17ece93bbd5139e02d2bd7dbfa80bee1a4261dced63f65f679121686bf664
  category: main
  optional: false
- name: python-duckdb
  version: 1.4.2
  manager: conda
  platform: linux-aarch64
  dependencies:
    libgcc: '>=14'
    libstdcxx: '>=14'
    python: '>=3.14,<3.15.0a0'
    python_abi: 3.14.*
  url: https://conda.anaconda.org/conda-forge/linux-aarch64/python-duckdb-1.4.2-py314h02b5315_0.conda
  hash:
    md5: 9f90f4273939eed32378eb8496c211e7
    sha256: 7e5531edb60f1868fe813d09149882dfa313070df9d5a1a5e94bb5c2eb7a1afe
  category: main
  optional: false
- name: python_abi
  version: '3.14'
  manager: conda
  platform: linux-aarch64
  dependencies: {}
  url: https://conda.anaconda.org/conda-forge/noarch/python_abi-3.14-8_cp314.conda
  hash:
    md5: 0539938c55b6b1a59b560e843ad864a4
    sha256: ad6d2e9ac39751cc0529dd1566a26751a0bf2542adb0c232533d32e176e21db5
  category: main
  optional: false
- name: readline
  version: '8.2'
  manager: conda
  platform: linux-aarch64
  dependencies:
    libgcc: '>=13'
    ncurses: '>=6.5,<7.0a0'
  url: https://conda.anaconda.org/conda-forge/linux-aarch64/readline-8.2-h8382b9d_2.conda
  hash:
    md5: c0f08fc2737967edde1a272d4bf41ed9
    sha256: 54bed3a3041befaa9f5acde4a37b1a02f44705b7796689574bcf9d7beaad2959
  category: main
  optional: false
- name: requests
  version: 2.32.5
  manager: conda
  platform: linux-aarch64
  dependencies:
    certifi: '>=2017.4.17'
    charset-normalizer: '>=2,<4'
    idna: '>=2.5,<4'
    python: '>=3.9'
    urllib3: '>=1.21.1,<3'
  url: https://conda.anaconda.org/conda-forge/noarch/requests-2.32.5-pyhd8ed1ab_0.conda
  hash:
    md5: db0c6b99149880c8ba515cf4abe93ee4
    sha256: 8dc54e94721e9ab545d7234aa5192b74102263d3e704e6d0c8aa7008f2da2a7b
  category: main
  optional: false
- name: s3transfer
  version: 0.16.0
  manager: conda
  platform: linux-aarch64
  dependencies:
    botocore: '>=1.37.4,<2.0a.0'
    python: '>=3.10'
  url: https://conda.anaconda.org/conda-forge/noarch/s3transfer-0.16.0-pyhd8ed1ab_0.conda
  hash:
    md5: 061b5affcffeef245d60ec3007d1effd
    sha256: 9ac6598ff373af312f3ac27f545ca51563e77e3c0a4bbba15736ae8abbaa4896
  category: main
  optional: false
- name: setuptools
  version: 80.9.0
  manager: conda
  platform: linux-aarch64
  dependencies:
    python: '>=3.9'
  url: https://conda.anaconda.org/conda-forge/noarch/setuptools-80.9.0-pyhff2d567_0.conda
  hash:
    md5: 4de79c071274a53dcaf2a8c749d1499e
    sha256: 972560fcf9657058e3e1f97186cc94389144b46dbdf58c807ce62e83f977e863
  category: main
  optional: false
- name: six
  version: 1.17.0
  manager: conda
  platform: linux-aarch64
  dependencies:
    python: ''
  url: https://conda.anaconda.org/conda-forge/noarch/six-1.17.0-pyhe01879c_1.conda
  hash:
    md5: 3339e3b65d58accf4ca4fb8748ab16b3
    sha256: 458227f759d5e3fcec5d9b7acce54e10c9e1f4f4b7ec978f3bfd54ce4ee9853d
  category: main
  optional: false
- name: tk
  version: 8.6.13
  manager: conda
  platform: linux-aarch64
  dependencies:
    libgcc: '>=13'
    libzlib: '>=1.3.1,<2.0a0'
  url: https://conda.anaconda.org/conda-forge/linux-aarch64/tk-8.6.13-noxft_h561c983_103.conda
  hash:
    md5: 631db4799bc2bfe4daccf80bb3cbc433
    sha256: 154e73f6269f92ad5257aa2039278b083998fd19d371e150f307483fb93c07ae
  category: main
  optional: false
- name: tomli
  version: 2.3.0
  manager: conda
  platform: linux-aarch64
  dependencies:
    python: ''
  url: https://conda.anaconda.org/conda-forge/noarch/tomli-2.3.0-pyhcf101f3_0.conda
  hash:
    md5: d2732eb636c264dc9aa4cbee404b1a53
    sha256: cb77c660b646c00a48ef942a9e1721ee46e90230c7c570cdeb5a893b5cce9bff
  category: main
  optional: false
- name: typing-extensions
  version: 4.15.0
  manager: conda
  platform: linux-aarch64
  dependencies:
    typing_extensions: ==4.15.0
  url: https://conda.anaconda.org/conda-forge/noarch/typing-extensions-4.15.0-h396c80c_0.conda
  hash:
    md5: edd329d7d3a4ab45dcf905899a7a6115
    sha256: 7c2df5721c742c2a47b2c8f960e718c930031663ac1174da67c1ed5999f7938c
  category: main
  optional: false
- name: typing_extensions
  version: 4.15.0
  manager: conda
  platform: linux-aarch64
  dependencies:
    python: ''
  url: https://conda.anaconda.org/conda-forge/noarch/typing_extensions-4.15.0-pyhcf101f3_0.conda
  hash:
    md5: 0caa1af407ecff61170c9437a808404d
    sha256: 032271135bca55aeb156cee361c81350c6f3fb203f57d024d7e5a1fc9ef18731
  category: main
  optional: false
- name: tzdata
  version: 2025b
  manager: conda
  platform: linux-aarch64
  dependencies: {}
  url: https://conda.anaconda.org/conda-forge/noarch/tzdata-2025b-h78e105d_0.conda
  hash:
    md5: 4222072737ccff51314b5ece9c7d6f5a
    sha256: 5aaa366385d716557e365f0a4e9c3fca43ba196872abbbe3d56bb610d131e192
  category: main
  optional: false
- name: urllib3
  version: 2.6.0
  manager: conda
  platform: linux-aarch64
  dependencies:
    backports.zstd: '>=1.0.0'
    brotli-python: '>=1.2.0'
    h2: '>=4,<5'
    pysocks: '>=1.5.6,<2.0,!=1.5.7'
    python: '>=3.10'
  url: https://conda.anaconda.org/conda-forge/noarch/urllib3-2.6.0-pyhd8ed1ab_0.conda
  hash:
    md5: de7372f43e63ff0876b4023b79b55e95
    sha256: 2b95dee46e9e7cfaaecb9cc7f3de70d4ce77a2a1aee4538da4bd1ab7a45c7f9f
  category: main
  optional: false
- name: werkzeug
  version: 3.1.4
  manager: conda
  platform: linux-aarch64
  dependencies:
    markupsafe: '>=2.1.1'
    python: ''
  url: https://conda.anaconda.org/conda-forge/noarch/werkzeug-3.1.4-pyhcf101f3_0.conda
  hash:
    md5: de082192dffe45d19aff3d86a4d06a24
    sha256: 0c4a30a4713347ff822d73d2349fd9ef67a6f34993e7ae3434cdee7047e9ee1e
  category: main
  optional: false
- name: yarl
  version: 1.22.0
  manager: conda
  platform: linux-aarch64
  dependencies:
    idna: '>=2.0'
    multidict: '>=4.0'
    propcache: '>=0.2.1'
    python: '>=3.10'
  url: https://conda.anaconda.org/conda-forge/noarch/yarl-1.22.0-pyh7db6752_0.conda
  hash:
    md5: ca3c00c764cee005798a518cba79885c
    sha256: b04271f56c68483b411c5465afff73b8eabdea564e942f0e7afed06619272635
  category: main
  optional: false
- name: zipp
  version: 3.23.0
  manager: conda
  platform: linux-aarch64
  dependencies:
    python: ''
  url: https://conda.anaconda.org/conda-forge/noarch/zipp-3.23.0-pyhcf101f3_1.conda
  hash:
    md5: 30cd29cb87d819caead4d55184c1d115
    sha256: b4533f7d9efc976511a73ef7d4a2473406d7f4c750884be8e8620b0ce70f4dae
  category: main
  optional: false
- name: zstd
  version: 1.5.7
  manager: conda
  platform: linux-aarch64
  dependencies:
    libzlib: '>=1.3.1,<2.0a0'
  url: https://conda.anaconda.org/conda-forge/linux-aarch64/zstd-1.5.7-h85ac4a6_6.conda
  hash:
    md5: c3655f82dcea2aa179b291e7099c1fcc
    sha256: 569990cf12e46f9df540275146da567d9c618c1e9c7a0bc9d9cfefadaed20b75
  category: main
  optional: false
