# Generated by conda-lock.
# platform: linux-aarch64
# input_hash: ebe650aac6ee73a6b38b712df34c11a3553c3018748fc64282b54b023e277442
@EXPLICIT
https://conda.anaconda.org/conda-forge/linux-aarch64/libgomp-15.2.0-h8acb6b2_15.conda#0719da240fd6086c34c4c30080329806
https://conda.anaconda.org/conda-forge/noarch/python_abi-3.14-8_cp314.conda#0539938c55b6b1a59b560e843ad864a4
https://conda.anaconda.org/conda-forge/noarch/tzdata-2025b-h78e105d_0.conda#4222072737ccff51314b5ece9c7d6f5a
https://conda.anaconda.org/conda-forge/linux-aarch64/_openmp_mutex-4.5-2_gnu.tar.bz2#6168d71addc746e8f2b8d57dfd2edcea
https://conda.anaconda.org/conda-forge/noarch/ca-certificates-2025.11.12-hbd8a1cb_0.conda#f0991f0f84902f6b6009b4d2350a83aa
https://conda.anaconda.org/conda-forge/linux-aarch64/libgcc-15.2.0-h8acb6b2_15.conda#cfdf8700e69902a113f2611e3cc09b55
https://conda.anaconda.org/conda-forge/linux-aarch64/bzip2-1.0.8-h4777abc_8.conda#2921ac0b541bf37c69e66bd6d9a43bca
https://conda.anaconda.org/conda-forge/linux-aarch64/libexpat-2.7.3-hfae3067_0.conda#b414e36fbb7ca122030276c75fa9c34a
https://conda.anaconda.org/conda-forge/linux-aarch64/libffi-3.5.2-hd65408f_0.conda#0c5ad486dcfb188885e3cf8ba209b97b
https://conda.anaconda.org/conda-forge/linux-aarch64/liblzma-5.8.1-h86ecc28_2.conda#7d362346a479256857ab338588190da0
https://conda.anaconda.org/conda-forge/linux-aarch64/libmpdec-4.0.0-h86ecc28_0.conda#78cfed3f76d6f3f279736789d319af76
https://conda.anaconda.org/conda-forge/linux-aarch64/libstdcxx-15.2.0-hef695bb_15.conda#2873f805cdabcf33b880b19077cf6180
https://conda.anaconda.org/conda-forge/linux-aarch64/libuuid-2.41.2-h1022ec0_1.conda#15b2cc72b9b05bcb141810b1bada654f
https://conda.anaconda.org/conda-forge/linux-aarch64/libzlib-1.3.1-h86ecc28_2.conda#08aad7cbe9f5a6b460d0976076b6ae64
https://conda.anaconda.org/conda-forge/linux-aarch64/ncurses-6.5-ha32ae93_3.conda#182afabe009dc78d8b73100255ee6868
https://conda.anaconda.org/conda-forge/linux-aarch64/openssl-3.6.0-h8e36d6e_0.conda#7624c6e01aecba942e9115e0f5a2af9d
https://conda.anaconda.org/conda-forge/linux-aarch64/libsqlite-3.51.1-h022381a_0.conda#233efdd411317d2dc5fde72464b3df7a
https://conda.anaconda.org/conda-forge/linux-aarch64/readline-8.2-h8382b9d_2.conda#c0f08fc2737967edde1a272d4bf41ed9
https://conda.anaconda.org/conda-forge/linux-aarch64/tk-8.6.13-noxft_h561c983_103.conda#631db4799bc2bfe4daccf80bb3cbc433
https://conda.anaconda.org/conda-forge/linux-aarch64/zstd-1.5.7-h85ac4a6_6.conda#c3655f82dcea2aa179b291e7099c1fcc
https://conda.anaconda.org/conda-forge/linux-aarch64/ld_impl_linux-aarch64-2.45-default_h1979696_104.conda#28035705fe0c977ea33963489cd008ad
https://conda.anaconda.org/conda-forge/linux-aarch64/python-3.14.2-hb06a95a_100_cp314.conda#432459e6961a5bc4cfe7cd080aee721a
https://conda.anaconda.org/conda-forge/noarch/aiohappyeyeballs-2.6.1-pyhd8ed1ab_0.conda#18fd895e0e775622906cdabfc3cf0fb4
https://conda.anaconda.org/conda-forge/noarch/async-timeout-5.0.1-pyhd8ed1ab_1.conda#5d842988b11a8c3ab57fb70840c83d24
https://conda.anaconda.org/conda-forge/noarch/attrs-25.4.0-pyhcf101f3_1.conda#537296d57ea995666c68c821b00e360b
https://conda.anaconda.org/conda-forge/noarch/backports.zstd-1.2.0-py314h680f03e_0.conda#25e227ee028a17c2f2ef6eaf97e86734
https://conda.anaconda.org/conda-forge/noarch/blinker-1.9.0-pyhff2d567_0.conda#42834439227a4551b939beeeb8a4b085
https://conda.anaconda.org/conda-forge/linux-aarch64/brotli-python-1.2.0-py314h352cb57_1.conda#a1b5c571a0923a205d663d8678df4792
https://conda.anaconda.org/conda-forge/noarch/certifi-2025.11.12-pyhd8ed1ab_0.conda#96a02a5c1a65470a7e4eedb644c872fd
https://conda.anaconda.org/conda-forge/noarch/charset-normalizer-3.4.4-pyhd8ed1ab_0.conda#a22d1fd9bf98827e280a02875d9a007a
https://conda.anaconda.org/conda-forge/noarch/click-8.3.1-pyh8f84b5b_1.conda#ea8a6c3256897cc31263de9f455e25d9
https://conda.anaconda.org/conda-forge/noarch/colorama-0.4.6-pyhd8ed1ab_1.conda#962b9857ee8e7018c22f2776ffa0b2d7
https://conda.anaconda.org/conda-forge/noarch/frozenlist-1.7.0-pyhf298e5d_0.conda#3998c9592e3db2f6809e4585280415f4
https://conda.anaconda.org/conda-forge/noarch/hpack-4.1.0-pyhd8ed1ab_0.conda#0a802cb9888dd14eeefc611f05c40b6e
https://conda.anaconda.org/conda-forge/noarch/hyperframe-6.1.0-pyhd8ed1ab_0.conda#8e6923fc12f1fe8f8c4e5c9f343256ac
https://conda.anaconda.org/conda-forge/noarch/idna-3.11-pyhd8ed1ab_0.conda#53abe63df7e10a6ba605dc5f9f961d36
https://conda.anaconda.org/conda-forge/noarch/iniconfig-2.3.0-pyhd8ed1ab_0.conda#9614359868482abba1bd15ce465e3c42
https://conda.anaconda.org/conda-forge/noarch/itsdangerous-2.2.0-pyhd8ed1ab_1.conda#7ac5f795c15f288984e32add616cdc59
https://conda.anaconda.org/conda-forge/noarch/jmespath-1.0.1-pyhd8ed1ab_1.conda#972bdca8f30147135f951847b30399ea
https://conda.anaconda.org/conda-forge/noarch/markupsafe-3.0.3-pyh7db6752_0.conda#fab1be106a50e20f10fe5228fd1d1651
https://conda.anaconda.org/conda-forge/noarch/maxminddb-2.6.2-pyhd8ed1ab_0.conda#36825ad83ea9eca4353b3ed346616b0f
https://conda.anaconda.org/conda-forge/noarch/packaging-25.0-pyh29332c3_1.conda#58335b26c38bf4a20f399384c33cbcf9
https://conda.anaconda.org/conda-forge/noarch/pip-25.3-pyh145f28c_0.conda#bf47878473e5ab9fdb4115735230e191
https://conda.anaconda.org/conda-forge/noarch/pluggy-1.6.0-pyhf9edf01_1.conda#d7585b6550ad04c8c5e21097ada2888e
https://conda.anaconda.org/conda-forge/noarch/propcache-0.3.1-pyhe1237c8_0.conda#b1cda654f58d74578ac9786909af84cd
https://conda.anaconda.org/conda-forge/noarch/pygments-2.19.2-pyhd8ed1ab_0.conda#6b6ece66ebcae2d5f326c77ef2c5a066
https://conda.anaconda.org/conda-forge/noarch/pysocks-1.7.1-pyha55dd90_7.conda#461219d1a5bd61342293efa2c0c90eac
https://conda.anaconda.org/conda-forge/linux-aarch64/python-duckdb-1.4.2-py314h02b5315_0.conda#9f90f4273939eed32378eb8496c211e7
https://conda.anaconda.org/conda-forge/noarch/setuptools-80.9.0-pyhff2d567_0.conda#4de79c071274a53dcaf2a8c749d1499e
https://conda.anaconda.org/conda-forge/noarch/six-1.17.0-pyhe01879c_1.conda#3339e3b65d58accf4ca4fb8748ab16b3
https://conda.anaconda.org/conda-forge/noarch/tomli-2.3.0-pyhcf101f3_0.conda#d2732eb636c264dc9aa4cbee404b1a53
https://conda.anaconda.org/conda-forge/noarch/typing_extensions-4.15.0-pyhcf101f3_0.conda#0caa1af407ecff61170c9437a808404d
https://conda.anaconda.org/conda-forge/noarch/zipp-3.23.0-pyhcf101f3_1.conda#30cd29cb87d819caead4d55184c1d115
https://conda.anaconda.org/conda-forge/noarch/aiosignal-1.4.0-pyhd8ed1ab_0.conda#421a865222cd0c9d83ff08bc78bf3a61
https://conda.anaconda.org/conda-forge/linux-aarch64/coverage-7.12.0-py314hb76de3f_0.conda#053756b9d990fa5d54415f0e74782828
https://conda.anaconda.org/conda-forge/noarch/exceptiongroup-1.3.1-pyhd8ed1ab_0.conda#8e662bd460bda79b1ea39194e3c4c9ab
https://conda.anaconda.org/conda-forge/linux-aarch64/gunicorn-23.0.0-py314h28a4750_3.conda#5253adad69c73e00d04e87b55ae4b750
https://conda.anaconda.org/conda-forge/noarch/h2-4.3.0-pyhcf101f3_0.conda#164fc43f0b53b6e3a7bc7dce5e4f1dc9
https://conda.anaconda.org/conda-forge/noarch/importlib-metadata-8.7.0-pyhe01879c_1.conda#63ccfdc3a3ce25b027b8767eb722fca8
https://conda.anaconda.org/conda-forge/noarch/jinja2-3.1.6-pyhcf101f3_1.conda#04558c96691bed63104678757beb4f8d
https://conda.anaconda.org/conda-forge/noarch/python-dateutil-2.9.0.post0-pyhe01879c_2.conda#5b8d21249ff20967101ffa321cab24e8
https://conda.anaconda.org/conda-forge/noarch/typing-extensions-4.15.0-h396c80c_0.conda#edd329d7d3a4ab45dcf905899a7a6115
https://conda.anaconda.org/conda-forge/noarch/werkzeug-3.1.4-pyhcf101f3_0.conda#de082192dffe45d19aff3d86a4d06a24
https://conda.anaconda.org/conda-forge/noarch/flask-3.1.2-pyhd8ed1ab_0.conda#ba67a9febeda36948fee26a3dec3d914
https://conda.anaconda.org/conda-forge/noarch/multidict-6.6.3-pyh62beb40_0.conda#36b9579bd0896b224df0424e46efc1b5
https://conda.anaconda.org/conda-forge/noarch/pytest-9.0.2-pyhcf101f3_0.conda#2b694bad8a50dc2f712f5368de866480
https://conda.anaconda.org/conda-forge/noarch/urllib3-2.6.0-pyhd8ed1ab_0.conda#de7372f43e63ff0876b4023b79b55e95
https://conda.anaconda.org/conda-forge/noarch/botocore-1.42.4-pyhd8ed1ab_0.conda#a4b80477c1cb8e4e83087fb06747a6b7
https://conda.anaconda.org/conda-forge/noarch/requests-2.32.5-pyhd8ed1ab_0.conda#db0c6b99149880c8ba515cf4abe93ee4
https://conda.anaconda.org/conda-forge/noarch/yarl-1.22.0-pyh7db6752_0.conda#ca3c00c764cee005798a518cba79885c
https://conda.anaconda.org/conda-forge/noarch/aiohttp-3.13.2-pyh4ca1811_0.conda#9b7efc1b9351892fc1b0af3fb7e44280
https://conda.anaconda.org/conda-forge/noarch/s3transfer-0.16.0-pyhd8ed1ab_0.conda#061b5affcffeef245d60ec3007d1effd
https://conda.anaconda.org/conda-forge/noarch/boto3-1.42.4-pyhd8ed1ab_0.conda#fd1abaafc779e08b3f95bf88cc55f5c5
https://conda.anaconda.org/conda-forge/noarch/geoip2-4.8.0-pyhd8ed1ab_0.conda#ff7200322cb572017ab08cb3e39993bd
