# This lock file was generated by conda-lock (https://github.com/conda/conda-lock). DO NOT EDIT!
#
# A "lock file" contains a concrete list of package versions (with checksums) to be installed. Unlike
# e.g. `conda env create`, the resulting environment will not change as new package versions become
# available, unless you explicitly update the lock file.
#
# Install this environment as "YOURENV" with:
#     conda-lock install -n YOURENV --file conda-lock.yml
# To update a single package to the latest version compatible with the version constraints in the source:
#     conda-lock lock  --lockfile conda-lock.yml --update PACKAGE
# To re-solve the entire environment, e.g. after changing a version constraint in the source file:
#     conda-lock -f ../../../../applications/ams/environment.yml -f environment.yml --lockfile conda-lock.yml
version: 1
metadata:
  content_hash:
    linux-aarch64: ebe650aac6ee73a6b38b712df34c11a3553c3018748fc64282b54b023e277442
  channels:
  - url: conda-forge
    used_env_vars: []
  platforms:
  - linux-aarch64
  sources:
  - ../../../../applications/ams/environment.yml
  - environment.yml
package:
- name: _openmp_mutex
  version: '4.5'
  manager: conda
  platform: linux-aarch64
  dependencies:
    libgomp: '>=7.5.0'
  url: https://conda.anaconda.org/conda-forge/linux-aarch64/_openmp_mutex-4.5-2_gnu.tar.bz2
  hash:
    md5: 6168d71addc746e8f2b8d57dfd2edcea
    sha256: 3702bef2f0a4d38bd8288bbe54aace623602a1343c2cfbefd3fa188e015bebf0
  category: main
  optional: false
- name: blinker
  version: 1.9.0
  manager: conda
  platform: linux-aarch64
  dependencies:
    python: '>=3.9'
  url: https://conda.anaconda.org/conda-forge/noarch/blinker-1.9.0-pyhff2d567_0.conda
  hash:
    md5: 42834439227a4551b939beeeb8a4b085
    sha256: f7efd22b5c15b400ed84a996d777b6327e5c402e79e3c534a7e086236f1eb2dc
  category: main
  optional: false
- name: bzip2
  version: 1.0.8
  manager: conda
  platform: linux-aarch64
  dependencies:
    libgcc: '>=14'
  url: https://conda.anaconda.org/conda-forge/linux-aarch64/bzip2-1.0.8-h4777abc_8.conda
  hash:
    md5: 2921ac0b541bf37c69e66bd6d9a43bca
    sha256: d2a296aa0b5f38ed9c264def6cf775c0ccb0f110ae156fcde322f3eccebf2e01
  category: main
  optional: false
- name: ca-certificates
  version: 2026.1.4
  manager: conda
  platform: linux-aarch64
  dependencies:
    __unix: ''
  url: https://conda.anaconda.org/conda-forge/noarch/ca-certificates-2026.1.4-hbd8a1cb_0.conda
  hash:
    md5: bddacf101bb4dd0e51811cb69c7790e2
    sha256: b5974ec9b50e3c514a382335efa81ed02b05906849827a34061c496f4defa0b2
  category: main
  optional: false
- name: click
  version: 8.3.1
  manager: conda
  platform: linux-aarch64
  dependencies:
    python: ''
    __unix: ''
  url: https://conda.anaconda.org/conda-forge/noarch/click-8.3.1-pyh8f84b5b_1.conda
  hash:
    md5: ea8a6c3256897cc31263de9f455e25d9
    sha256: 38cfe1ee75b21a8361c8824f5544c3866f303af1762693a178266d7f198e8715
  category: main
  optional: false
- name: colorama
  version: 0.4.6
  manager: conda
  platform: linux-aarch64
  dependencies:
    python: '>=3.9'
  url: https://conda.anaconda.org/conda-forge/noarch/colorama-0.4.6-pyhd8ed1ab_1.conda
  hash:
    md5: 962b9857ee8e7018c22f2776ffa0b2d7
    sha256: ab29d57dc70786c1269633ba3dff20288b81664d3ff8d21af995742e2bb03287
  category: main
  optional: false
- name: coverage
  version: 7.13.3
  manager: conda
  platform: linux-aarch64
  dependencies:
    libgcc: '>=14'
    python: '>=3.14,<3.15.0a0'
    python_abi: 3.14.*
    tomli: ''
  url: https://conda.anaconda.org/conda-forge/linux-aarch64/coverage-7.13.3-py314hb76de3f_0.conda
  hash:
    md5: e7ef41152440b173f7c794404cd209e3
    sha256: ccbee8872982285f77085b3f54be22f856b538b4b4b9a9f69eb4e58df1c43ecd
  category: main
  optional: false
- name: exceptiongroup
  version: 1.3.1
  manager: conda
  platform: linux-aarch64
  dependencies:
    python: '>=3.10'
    typing_extensions: '>=4.6.0'
  url: https://conda.anaconda.org/conda-forge/noarch/exceptiongroup-1.3.1-pyhd8ed1ab_0.conda
  hash:
    md5: 8e662bd460bda79b1ea39194e3c4c9ab
    sha256: ee6cf346d017d954255bbcbdb424cddea4d14e4ed7e9813e429db1d795d01144
  category: main
  optional: false
- name: flask
  version: 3.1.2
  manager: conda
  platform: linux-aarch64
  dependencies:
    blinker: '>=1.9.0'
    click: '>=8.1.3'
    importlib-metadata: '>=3.6.0'
    itsdangerous: '>=2.2.0'
    jinja2: '>=3.1.2'
    markupsafe: '>=2.1.1'
    python: '>=3.9'
    werkzeug: '>=3.1.0'
  url: https://conda.anaconda.org/conda-forge/noarch/flask-3.1.2-pyhd8ed1ab_0.conda
  hash:
    md5: ba67a9febeda36948fee26a3dec3d914
    sha256: 8a97eba37e0723720706d4636cc89c6b07eea1b7cc66fd8994fa8983a81ed988
  category: main
  optional: false
- name: gunicorn
  version: 25.0.1
  manager: conda
  platform: linux-aarch64
  dependencies:
    packaging: ''
    python: '>=3.14,<3.15.0a0'
    python_abi: 3.14.*
    setuptools: '>=3.0'
  url: https://conda.anaconda.org/conda-forge/linux-aarch64/gunicorn-25.0.1-py314h28a4750_0.conda
  hash:
    md5: dcdd6cc057d713bb9e6a4a8093aa2002
    sha256: adb333dbe8fb54d6aa6989208da0da5bec6cc39df4e8a11ca3501199c40cc2e2
  category: main
  optional: false
- name: icu
  version: '78.2'
  manager: conda
  platform: linux-aarch64
  dependencies:
    libgcc: '>=14'
    libstdcxx: '>=14'
  url: https://conda.anaconda.org/conda-forge/linux-aarch64/icu-78.2-hb1525cb_0.conda
  hash:
    md5: 15b35dc33e185e7d2aac1cfcd6778627
    sha256: 09f7f9213eb68e7e4291cd476e72b37f3ded99ed957528567f32f5ba6b611043
  category: main
  optional: false
- name: importlib-metadata
  version: 8.7.0
  manager: conda
  platform: linux-aarch64
  dependencies:
    python: ''
    zipp: '>=3.20'
  url: https://conda.anaconda.org/conda-forge/noarch/importlib-metadata-8.7.0-pyhe01879c_1.conda
  hash:
    md5: 63ccfdc3a3ce25b027b8767eb722fca8
    sha256: c18ab120a0613ada4391b15981d86ff777b5690ca461ea7e9e49531e8f374745
  category: main
  optional: false
- name: iniconfig
  version: 2.3.0
  manager: conda
  platform: linux-aarch64
  dependencies:
    python: '>=3.10'
  url: https://conda.anaconda.org/conda-forge/noarch/iniconfig-2.3.0-pyhd8ed1ab_0.conda
  hash:
    md5: 9614359868482abba1bd15ce465e3c42
    sha256: e1a9e3b1c8fe62dc3932a616c284b5d8cbe3124bbfbedcf4ce5c828cb166ee19
  category: main
  optional: false
- name: itsdangerous
  version: 2.2.0
  manager: conda
  platform: linux-aarch64
  dependencies:
    python: '>=3.9'
  url: https://conda.anaconda.org/conda-forge/noarch/itsdangerous-2.2.0-pyhd8ed1ab_1.conda
  hash:
    md5: 7ac5f795c15f288984e32add616cdc59
    sha256: 1684b7b16eec08efef5302ce298c606b163c18272b69a62b666fbaa61516f170
  category: main
  optional: false
- name: jinja2
  version: 3.1.6
  manager: conda
  platform: linux-aarch64
  dependencies:
    markupsafe: '>=2.0'
    python: ''
  url: https://conda.anaconda.org/conda-forge/noarch/jinja2-3.1.6-pyhcf101f3_1.conda
  hash:
    md5: 04558c96691bed63104678757beb4f8d
    sha256: fc9ca7348a4f25fed2079f2153ecdcf5f9cf2a0bc36c4172420ca09e1849df7b
  category: main
  optional: false
- name: ld_impl_linux-aarch64
  version: 2.45.1
  manager: conda
  platform: linux-aarch64
  dependencies:
    zstd: '>=1.5.7,<1.6.0a0'
  url: https://conda.anaconda.org/conda-forge/linux-aarch64/ld_impl_linux-aarch64-2.45.1-default_h1979696_101.conda
  hash:
    md5: 35b2ae7fadf364b8e5fb8185aaeb80e5
    sha256: 44527364aa333be631913451c32eb0cae1e09343827e9ce3ccabd8d962584226
  category: main
  optional: false
- name: libblas
  version: 3.11.0
  manager: conda
  platform: linux-aarch64
  dependencies:
    libopenblas: '>=0.3.30,<1.0a0'
  url: https://conda.anaconda.org/conda-forge/linux-aarch64/libblas-3.11.0-5_haddc8a3_openblas.conda
  hash:
    md5: 5afcea37a46f76ec1322943b3c4dfdc0
    sha256: 700f3c03d0fba8e687a345404a45fbabe781c1cf92242382f62cef2948745ec4
  category: main
  optional: false
- name: libcblas
  version: 3.11.0
  manager: conda
  platform: linux-aarch64
  dependencies:
    libblas: 3.11.0
  url: https://conda.anaconda.org/conda-forge/linux-aarch64/libcblas-3.11.0-5_hd72aa62_openblas.conda
  hash:
    md5: 0b2f1143ae2d0aa4c991959d0daaf256
    sha256: 3fad5c9de161dccb4e42c8b1ae8eccb33f4ed56bccbcced9cbb0956ae7869e61
  category: main
  optional: false
- name: libexpat
  version: 2.7.3
  manager: conda
  platform: linux-aarch64
  dependencies:
    libgcc: '>=14'
  url: https://conda.anaconda.org/conda-forge/linux-aarch64/libexpat-2.7.3-hfae3067_0.conda
  hash:
    md5: b414e36fbb7ca122030276c75fa9c34a
    sha256: cc2581a78315418cc2e0bb2a273d37363203e79cefe78ba6d282fed546262239
  category: main
  optional: false
- name: libffi
  version: 3.5.2
  manager: conda
  platform: linux-aarch64
  dependencies:
    libgcc: '>=14'
  url: https://conda.anaconda.org/conda-forge/linux-aarch64/libffi-3.5.2-h376a255_0.conda
  hash:
    md5: 2f364feefb6a7c00423e80dcb12db62a
    sha256: 3df4c539449aabc3443bbe8c492c01d401eea894603087fca2917aa4e1c2dea9
  category: main
  optional: false
- name: libgcc
  version: 15.2.0
  manager: conda
  platform: linux-aarch64
  dependencies:
    _openmp_mutex: '>=4.5'
  url: https://conda.anaconda.org/conda-forge/linux-aarch64/libgcc-15.2.0-h8acb6b2_17.conda
  hash:
    md5: 0d842d2053b95a6dbb83554948e7cbfe
    sha256: 3709e656917d282b5d3d78928a7a101bd638aaa9d17fb8689e6f95428d519056
  category: main
  optional: false
- name: libgfortran
  version: 15.2.0
  manager: conda
  platform: linux-aarch64
  dependencies:
    libgfortran5: 15.2.0
  url: https://conda.anaconda.org/conda-forge/linux-aarch64/libgfortran-15.2.0-he9431aa_17.conda
  hash:
    md5: 7fa4f07979f7aff0938e5664f43f7053
    sha256: 50c82232581a5105eb8648d1fae1677176e5bf06681120b08969e83136bcd8dc
  category: main
  optional: false
- name: libgfortran5
  version: 15.2.0
  manager: conda
  platform: linux-aarch64
  dependencies:
    libgcc: '>=15.2.0'
  url: https://conda.anaconda.org/conda-forge/linux-aarch64/libgfortran5-15.2.0-h1b7bec0_17.conda
  hash:
    md5: 577bd91c44237433e010e9b96aea7ee0
    sha256: c3482b88cd253f6b423e93ba51105aa6d0178582be70648d92564c5308a4d76b
  category: main
  optional: false
- name: libgomp
  version: 15.2.0
  manager: conda
  platform: linux-aarch64
  dependencies: {}
  url: https://conda.anaconda.org/conda-forge/linux-aarch64/libgomp-15.2.0-h8acb6b2_17.conda
  hash:
    md5: 0ad9074c91b35dbf8b58bc68a9f9bda0
    sha256: ffa6169ef78e5333ecb08152141932c5f8ca4f4d3742b1a5eec67173e70b907a
  category: main
  optional: false
- name: liblapack
  version: 3.11.0
  manager: conda
  platform: linux-aarch64
  dependencies:
    libblas: 3.11.0
  url: https://conda.anaconda.org/conda-forge/linux-aarch64/liblapack-3.11.0-5_h88aeb00_openblas.conda
  hash:
    md5: 88d1e4133d1182522b403e9ba7435f04
    sha256: 692222d186d3ffbc99eaf04b5b20181fd26aee1edec1106435a0a755c57cce86
  category: main
  optional: false
- name: liblzma
  version: 5.8.2
  manager: conda
  platform: linux-aarch64
  dependencies:
    libgcc: '>=14'
  url: https://conda.anaconda.org/conda-forge/linux-aarch64/liblzma-5.8.2-he30d5cf_0.conda
  hash:
    md5: 96944e3c92386a12755b94619bae0b35
    sha256: 843c46e20519651a3e357a8928352b16c5b94f4cd3d5481acc48be2e93e8f6a3
  category: main
  optional: false
- name: libmpdec
  version: 4.0.0
  manager: conda
  platform: linux-aarch64
  dependencies:
    libgcc: '>=14'
  url: https://conda.anaconda.org/conda-forge/linux-aarch64/libmpdec-4.0.0-he30d5cf_1.conda
  hash:
    md5: 7b9813e885482e3ccb1fa212b86d7fd0
    sha256: 57c0dd12d506e84541c4e877898bd2a59cca141df493d34036f18b2751e0a453
  category: main
  optional: false
- name: libopenblas
  version: 0.3.30
  manager: conda
  platform: linux-aarch64
  dependencies:
    libgcc: '>=14'
    libgfortran: ''
    libgfortran5: '>=14.3.0'
  url: https://conda.anaconda.org/conda-forge/linux-aarch64/libopenblas-0.3.30-pthreads_h9d3fd7e_4.conda
  hash:
    md5: 11d7d57b7bdd01da745bbf2b67020b2e
    sha256: 794a7270ea049ec931537874cd8d2de0ef4b3cef71c055cfd8b4be6d2f4228b0
  category: main
  optional: false
- name: libsqlite
  version: 3.51.2
  manager: conda
  platform: linux-aarch64
  dependencies:
    icu: '>=78.2,<79.0a0'
    libgcc: '>=14'
    libzlib: '>=1.3.1,<2.0a0'
  url: https://conda.anaconda.org/conda-forge/linux-aarch64/libsqlite-3.51.2-h10b116e_0.conda
  hash:
    md5: 4e3ba0d5d192f99217b85f07a0761e64
    sha256: 5f8230ccaf9ffaab369adc894ef530699e96111dac0a8ff9b735a871f8ba8f8b
  category: main
  optional: false
- name: libstdcxx
  version: 15.2.0
  manager: conda
  platform: linux-aarch64
  dependencies:
    libgcc: 15.2.0
  url: https://conda.anaconda.org/conda-forge/linux-aarch64/libstdcxx-15.2.0-hef695bb_17.conda
  hash:
    md5: 500d275cb616d81b5d9828aedffc4bc3
    sha256: fe425c07aa3116e7d5f537efe010d545bb43ac120cb565fbfb5ece8cb725aa80
  category: main
  optional: false
- name: libuuid
  version: 2.41.3
  manager: conda
  platform: linux-aarch64
  dependencies:
    libgcc: '>=14'
  url: https://conda.anaconda.org/conda-forge/linux-aarch64/libuuid-2.41.3-h1022ec0_0.conda
  hash:
    md5: cf2861212053d05f27ec49c3784ff8bb
    sha256: c37a8e89b700646f3252608f8368e7eb8e2a44886b92776e57ad7601fc402a11
  category: main
  optional: false
- name: libzlib
  version: 1.3.1
  manager: conda
  platform: linux-aarch64
  dependencies:
    libgcc: '>=13'
  url: https://conda.anaconda.org/conda-forge/linux-aarch64/libzlib-1.3.1-h86ecc28_2.conda
  hash:
    md5: 08aad7cbe9f5a6b460d0976076b6ae64
    sha256: 5a2c1eeef69342e88a98d1d95bff1603727ab1ff4ee0e421522acd8813439b84
  category: main
  optional: false
- name: markupsafe
  version: 3.0.3
  manager: conda
  platform: linux-aarch64
  dependencies:
    python: '>=3.10'
  url: https://conda.anaconda.org/conda-forge/noarch/markupsafe-3.0.3-pyh7db6752_0.conda
  hash:
    md5: fab1be106a50e20f10fe5228fd1d1651
    sha256: e0cbfea51a19b3055ca19428bd9233a25adca956c208abb9d00b21e7259c7e03
  category: main
  optional: false
- name: ncurses
  version: '6.5'
  manager: conda
  platform: linux-aarch64
  dependencies:
    libgcc: '>=13'
  url: https://conda.anaconda.org/conda-forge/linux-aarch64/ncurses-6.5-ha32ae93_3.conda
  hash:
    md5: 182afabe009dc78d8b73100255ee6868
    sha256: 91cfb655a68b0353b2833521dc919188db3d8a7f4c64bea2c6a7557b24747468
  category: main
  optional: false
- name: numpy
  version: 2.4.2
  manager: conda
  platform: linux-aarch64
  dependencies:
    python: 3.14.*
    libstdcxx: '>=14'
    libgcc: '>=14'
    libcblas: '>=3.9.0,<4.0a0'
    python_abi: 3.14.*
    libblas: '>=3.9.0,<4.0a0'
    liblapack: '>=3.9.0,<4.0a0'
  url: https://conda.anaconda.org/conda-forge/linux-aarch64/numpy-2.4.2-py314haac167e_1.conda
  hash:
    md5: 98ef547c85356475adb2197965c716b6
    sha256: 1e1366e700156cbddc4daae0fec34a72b74105ba45f9c144f777120552924747
  category: main
  optional: false
- name: openssl
  version: 3.6.1
  manager: conda
  platform: linux-aarch64
  dependencies:
    ca-certificates: ''
    libgcc: '>=14'
  url: https://conda.anaconda.org/conda-forge/linux-aarch64/openssl-3.6.1-h546c87b_1.conda
  hash:
    md5: 25f5885f11e8b1f075bccf4a2da91c60
    sha256: 7f8048c0e75b2620254218d72b4ae7f14136f1981c5eb555ef61645a9344505f
  category: main
  optional: false
- name: packaging
  version: '26.0'
  manager: conda
  platform: linux-aarch64
  dependencies:
    python: ''
  url: https://conda.anaconda.org/conda-forge/noarch/packaging-26.0-pyhcf101f3_0.conda
  hash:
    md5: b76541e68fea4d511b1ac46a28dcd2c6
    sha256: c1fc0f953048f743385d31c468b4a678b3ad20caffdeaa94bed85ba63049fd58
  category: main
  optional: false
- name: pandas
  version: 3.0.0
  manager: conda
  platform: linux-aarch64
  dependencies:
    python: 3.14.*
    numpy: '>=1.23,<3'
    python-dateutil: '>=2.8.2'
    libstdcxx: '>=14'
    libgcc: '>=14'
    python_abi: 3.14.*
  url: https://conda.anaconda.org/conda-forge/linux-aarch64/pandas-3.0.0-py314h3df833d_0.conda
  hash:
    md5: fa3e687f3204af8e41f77d8f103fb762
    sha256: 5da9afc23339e2aa55802804ddcb97fb3fd1ccc627bfd2065c9c4cd89578b275
  category: main
  optional: false
- name: pip
  version: 26.0.1
  manager: conda
  platform: linux-aarch64
  dependencies:
    python: '>=3.13.0a0'
  url: https://conda.anaconda.org/conda-forge/noarch/pip-26.0.1-pyh145f28c_0.conda
  hash:
    md5: 09a970fbf75e8ed1aa633827ded6aa4f
    sha256: 5f66ea31d62188c266c5a8752119b0cc90a5bf05963f665cf48a33e0ec58d39c
  category: main
  optional: false
- name: pluggy
  version: 1.6.0
  manager: conda
  platform: linux-aarch64
  dependencies:
    python: ''
  url: https://conda.anaconda.org/conda-forge/noarch/pluggy-1.6.0-pyhf9edf01_1.conda
  hash:
    md5: d7585b6550ad04c8c5e21097ada2888e
    sha256: e14aafa63efa0528ca99ba568eaf506eb55a0371d12e6250aaaa61718d2eb62e
  category: main
  optional: false
- name: pygments
  version: 2.19.2
  manager: conda
  platform: linux-aarch64
  dependencies:
    python: '>=3.9'
  url: https://conda.anaconda.org/conda-forge/noarch/pygments-2.19.2-pyhd8ed1ab_0.conda
  hash:
    md5: 6b6ece66ebcae2d5f326c77ef2c5a066
    sha256: 5577623b9f6685ece2697c6eb7511b4c9ac5fb607c9babc2646c811b428fd46a
  category: main
  optional: false
- name: pytest
  version: 9.0.2
  manager: conda
  platform: linux-aarch64
  dependencies:
    pygments: '>=2.7.2'
    python: ''
    iniconfig: '>=1.0.1'
    packaging: '>=22'
    pluggy: '>=1.5,<2'
    tomli: '>=1'
    colorama: '>=0.4'
    exceptiongroup: '>=1'
  url: https://conda.anaconda.org/conda-forge/noarch/pytest-9.0.2-pyhcf101f3_0.conda
  hash:
    md5: 2b694bad8a50dc2f712f5368de866480
    sha256: 9e749fb465a8bedf0184d8b8996992a38de351f7c64e967031944978de03a520
  category: main
  optional: false
- name: python
  version: 3.14.3
  manager: conda
  platform: linux-aarch64
  dependencies:
    bzip2: '>=1.0.8,<2.0a0'
    ld_impl_linux-aarch64: '>=2.36.1'
    libexpat: '>=2.7.3,<3.0a0'
    libffi: '>=3.5.2,<3.6.0a0'
    libgcc: '>=14'
    liblzma: '>=5.8.2,<6.0a0'
    libmpdec: '>=4.0.0,<5.0a0'
    libsqlite: '>=3.51.2,<4.0a0'
    libuuid: '>=2.41.3,<3.0a0'
    libzlib: '>=1.3.1,<2.0a0'
    ncurses: '>=6.5,<7.0a0'
    openssl: '>=3.5.5,<4.0a0'
    python_abi: 3.14.*
    readline: '>=8.3,<9.0a0'
    tk: '>=8.6.13,<8.7.0a0'
    tzdata: ''
    zstd: '>=1.5.7,<1.6.0a0'
  url: https://conda.anaconda.org/conda-forge/linux-aarch64/python-3.14.3-hb06a95a_100_cp314.conda
  hash:
    md5: 13c0f5d64ac53aaa39a723baf42aa9b7
    sha256: 81e5b2d7e110c36309623ecb28096c218f23930a44f1236b3e169026810d83ed
  category: main
  optional: false
- name: python-dateutil
  version: 2.9.0.post0
  manager: conda
  platform: linux-aarch64
  dependencies:
    python: ''
    six: '>=1.5'
  url: https://conda.anaconda.org/conda-forge/noarch/python-dateutil-2.9.0.post0-pyhe01879c_2.conda
  hash:
    md5: 5b8d21249ff20967101ffa321cab24e8
    sha256: d6a17ece93bbd5139e02d2bd7dbfa80bee1a4261dced63f65f679121686bf664
  category: main
  optional: false
- name: python-duckdb
  version: 1.4.4
  manager: conda
  platform: linux-aarch64
  dependencies:
    libgcc: '>=14'
    libstdcxx: '>=14'
    python: '>=3.14,<3.15.0a0'
    python_abi: 3.14.*
  url: https://conda.anaconda.org/conda-forge/linux-aarch64/python-duckdb-1.4.4-py314h02b5315_0.conda
  hash:
    md5: 09365c87ecf28fc95401db95af0ce12c
    sha256: d972927fccbdbf9697ab4fa383268f99b6beb16166d94112e210de8485418e6d
  category: main
  optional: false
- name: python_abi
  version: '3.14'
  manager: conda
  platform: linux-aarch64
  dependencies: {}
  url: https://conda.anaconda.org/conda-forge/noarch/python_abi-3.14-8_cp314.conda
  hash:
    md5: 0539938c55b6b1a59b560e843ad864a4
    sha256: ad6d2e9ac39751cc0529dd1566a26751a0bf2542adb0c232533d32e176e21db5
  category: main
  optional: false
- name: readline
  version: '8.3'
  manager: conda
  platform: linux-aarch64
  dependencies:
    libgcc: '>=14'
    ncurses: '>=6.5,<7.0a0'
  url: https://conda.anaconda.org/conda-forge/linux-aarch64/readline-8.3-hb682ff5_0.conda
  hash:
    md5: 3d49cad61f829f4f0e0611547a9cda12
    sha256: fe695f9d215e9a2e3dd0ca7f56435ab4df24f5504b83865e3d295df36e88d216
  category: main
  optional: false
- name: setuptools
  version: 80.10.2
  manager: conda
  platform: linux-aarch64
  dependencies:
    python: '>=3.10'
  url: https://conda.anaconda.org/conda-forge/noarch/setuptools-80.10.2-pyh332efcf_0.conda
  hash:
    md5: 7b446fcbb6779ee479debb4fd7453e6c
    sha256: f5fcb7854d2b7639a5b1aca41dd0f2d5a69a60bbc313e7f192e2dc385ca52f86
  category: main
  optional: false
- name: six
  version: 1.17.0
  manager: conda
  platform: linux-aarch64
  dependencies:
    python: ''
  url: https://conda.anaconda.org/conda-forge/noarch/six-1.17.0-pyhe01879c_1.conda
  hash:
    md5: 3339e3b65d58accf4ca4fb8748ab16b3
    sha256: 458227f759d5e3fcec5d9b7acce54e10c9e1f4f4b7ec978f3bfd54ce4ee9853d
  category: main
  optional: false
- name: tk
  version: 8.6.13
  manager: conda
  platform: linux-aarch64
  dependencies:
    libgcc: '>=14'
    libzlib: '>=1.3.1,<2.0a0'
  url: https://conda.anaconda.org/conda-forge/linux-aarch64/tk-8.6.13-noxft_h0dc03b3_103.conda
  hash:
    md5: 7fc6affb9b01e567d2ef1d05b84aa6ed
    sha256: e25c314b52764219f842b41aea2c98a059f06437392268f09b03561e4f6e5309
  category: main
  optional: false
- name: tomli
  version: 2.4.0
  manager: conda
  platform: linux-aarch64
  dependencies:
    python: ''
  url: https://conda.anaconda.org/conda-forge/noarch/tomli-2.4.0-pyhcf101f3_0.conda
  hash:
    md5: 72e780e9aa2d0a3295f59b1874e3768b
    sha256: 62940c563de45790ba0f076b9f2085a842a65662268b02dd136a8e9b1eaf47a8
  category: main
  optional: false
- name: typing_extensions
  version: 4.15.0
  manager: conda
  platform: linux-aarch64
  dependencies:
    python: ''
  url: https://conda.anaconda.org/conda-forge/noarch/typing_extensions-4.15.0-pyhcf101f3_0.conda
  hash:
    md5: 0caa1af407ecff61170c9437a808404d
    sha256: 032271135bca55aeb156cee361c81350c6f3fb203f57d024d7e5a1fc9ef18731
  category: main
  optional: false
- name: tzdata
  version: 2025c
  manager: conda
  platform: linux-aarch64
  dependencies: {}
  url: https://conda.anaconda.org/conda-forge/noarch/tzdata-2025c-hc9c84f9_1.conda
  hash:
    md5: ad659d0a2b3e47e38d829aa8cad2d610
    sha256: 1d30098909076af33a35017eed6f2953af1c769e273a0626a04722ac4acaba3c
  category: main
  optional: false
- name: werkzeug
  version: 3.1.5
  manager: conda
  platform: linux-aarch64
  dependencies:
    markupsafe: '>=2.1.1'
    python: ''
  url: https://conda.anaconda.org/conda-forge/noarch/werkzeug-3.1.5-pyhcf101f3_0.conda
  hash:
    md5: 784e86b857b809955635175881a9a418
    sha256: 3ef418943ef14939a4bbc5157f31db2d6a7a025a3bfd7b4aa5a29034ba96e42e
  category: main
  optional: false
- name: zipp
  version: 3.23.0
  manager: conda
  platform: linux-aarch64
  dependencies:
    python: ''
  url: https://conda.anaconda.org/conda-forge/noarch/zipp-3.23.0-pyhcf101f3_1.conda
  hash:
    md5: 30cd29cb87d819caead4d55184c1d115
    sha256: b4533f7d9efc976511a73ef7d4a2473406d7f4c750884be8e8620b0ce70f4dae
  category: main
  optional: false
- name: zstd
  version: 1.5.7
  manager: conda
  platform: linux-aarch64
  dependencies:
    libzlib: '>=1.3.1,<2.0a0'
  url: https://conda.anaconda.org/conda-forge/linux-aarch64/zstd-1.5.7-h85ac4a6_6.conda
  hash:
    md5: c3655f82dcea2aa179b291e7099c1fcc
    sha256: 569990cf12e46f9df540275146da567d9c618c1e9c7a0bc9d9cfefadaed20b75
  category: main
  optional: false
