# This lock file was generated by conda-lock (https://github.com/conda/conda-lock). DO NOT EDIT!
#
# A "lock file" contains a concrete list of package versions (with checksums) to be installed. Unlike
# e.g. `conda env create`, the resulting environment will not change as new package versions become
# available, unless you explicitly update the lock file.
#
# Install this environment as "YOURENV" with:
#     conda-lock install -n YOURENV --file conda-lock.yml
# To update a single package to the latest version compatible with the version constraints in the source:
#     conda-lock lock  --lockfile conda-lock.yml --update PACKAGE
# To re-solve the entire environment, e.g. after changing a version constraint in the source file:
#     conda-lock -f ../../../../applications/ams/environment.yml -f environment.yml --lockfile conda-lock.yml
version: 1
metadata:
  content_hash:
    linux-aarch64: ebe650aac6ee73a6b38b712df34c11a3553c3018748fc64282b54b023e277442
  channels:
  - url: conda-forge
    used_env_vars: []
  platforms:
  - linux-aarch64
  sources:
  - ../../../../applications/ams/environment.yml
  - environment.yml
package:
- name: _openmp_mutex
  version: '4.5'
  manager: conda
  platform: linux-aarch64
  dependencies:
    libgomp: '>=7.5.0'
  url: https://conda.anaconda.org/conda-forge/linux-aarch64/_openmp_mutex-4.5-2_gnu.tar.bz2
  hash:
    md5: 6168d71addc746e8f2b8d57dfd2edcea
    sha256: 3702bef2f0a4d38bd8288bbe54aace623602a1343c2cfbefd3fa188e015bebf0
  category: main
  optional: false
- name: blinker
  version: 1.9.0
  manager: conda
  platform: linux-aarch64
  dependencies:
    python: '>=3.9'
  url: https://conda.anaconda.org/conda-forge/noarch/blinker-1.9.0-pyhff2d567_0.conda
  hash:
    md5: 42834439227a4551b939beeeb8a4b085
    sha256: f7efd22b5c15b400ed84a996d777b6327e5c402e79e3c534a7e086236f1eb2dc
  category: main
  optional: false
- name: bzip2
  version: 1.0.8
  manager: conda
  platform: linux-aarch64
  dependencies:
    libgcc: '>=14'
  url: https://conda.anaconda.org/conda-forge/linux-aarch64/bzip2-1.0.8-h4777abc_8.conda
  hash:
    md5: 2921ac0b541bf37c69e66bd6d9a43bca
    sha256: d2a296aa0b5f38ed9c264def6cf775c0ccb0f110ae156fcde322f3eccebf2e01
  category: main
  optional: false
- name: ca-certificates
  version: 2025.11.12
  manager: conda
  platform: linux-aarch64
  dependencies:
    __unix: ''
  url: https://conda.anaconda.org/conda-forge/noarch/ca-certificates-2025.11.12-hbd8a1cb_0.conda
  hash:
    md5: f0991f0f84902f6b6009b4d2350a83aa
    sha256: b986ba796d42c9d3265602bc038f6f5264095702dd546c14bc684e60c385e773
  category: main
  optional: false
- name: click
  version: 8.3.1
  manager: conda
  platform: linux-aarch64
  dependencies:
    python: ''
    __unix: ''
  url: https://conda.anaconda.org/conda-forge/noarch/click-8.3.1-pyh8f84b5b_1.conda
  hash:
    md5: ea8a6c3256897cc31263de9f455e25d9
    sha256: 38cfe1ee75b21a8361c8824f5544c3866f303af1762693a178266d7f198e8715
  category: main
  optional: false
- name: colorama
  version: 0.4.6
  manager: conda
  platform: linux-aarch64
  dependencies:
    python: '>=3.9'
  url: https://conda.anaconda.org/conda-forge/noarch/colorama-0.4.6-pyhd8ed1ab_1.conda
  hash:
    md5: 962b9857ee8e7018c22f2776ffa0b2d7
    sha256: ab29d57dc70786c1269633ba3dff20288b81664d3ff8d21af995742e2bb03287
  category: main
  optional: false
- name: coverage
  version: 7.12.0
  manager: conda
  platform: linux-aarch64
  dependencies:
    libgcc: '>=14'
    python: '>=3.14,<3.15.0a0'
    python_abi: 3.14.*
    tomli: ''
  url: https://conda.anaconda.org/conda-forge/linux-aarch64/coverage-7.12.0-py314hb76de3f_0.conda
  hash:
    md5: 053756b9d990fa5d54415f0e74782828
    sha256: 9388de437952d0f4ad5d84b325cc164cfeaa5ba0cfd1f6d2b5f2a6e451a6a988
  category: main
  optional: false
- name: exceptiongroup
  version: 1.3.1
  manager: conda
  platform: linux-aarch64
  dependencies:
    python: '>=3.10'
    typing_extensions: '>=4.6.0'
  url: https://conda.anaconda.org/conda-forge/noarch/exceptiongroup-1.3.1-pyhd8ed1ab_0.conda
  hash:
    md5: 8e662bd460bda79b1ea39194e3c4c9ab
    sha256: ee6cf346d017d954255bbcbdb424cddea4d14e4ed7e9813e429db1d795d01144
  category: main
  optional: false
- name: flask
  version: 3.1.2
  manager: conda
  platform: linux-aarch64
  dependencies:
    blinker: '>=1.9.0'
    click: '>=8.1.3'
    importlib-metadata: '>=3.6.0'
    itsdangerous: '>=2.2.0'
    jinja2: '>=3.1.2'
    markupsafe: '>=2.1.1'
    python: '>=3.9'
    werkzeug: '>=3.1.0'
  url: https://conda.anaconda.org/conda-forge/noarch/flask-3.1.2-pyhd8ed1ab_0.conda
  hash:
    md5: ba67a9febeda36948fee26a3dec3d914
    sha256: 8a97eba37e0723720706d4636cc89c6b07eea1b7cc66fd8994fa8983a81ed988
  category: main
  optional: false
- name: gunicorn
  version: 23.0.0
  manager: conda
  platform: linux-aarch64
  dependencies:
    packaging: ''
    python: '>=3.14,<3.15.0a0'
    python_abi: 3.14.*
    setuptools: '>=3.0'
  url: https://conda.anaconda.org/conda-forge/linux-aarch64/gunicorn-23.0.0-py314h28a4750_3.conda
  hash:
    md5: 5253adad69c73e00d04e87b55ae4b750
    sha256: be8e973763a3569c3192c80abafe673a67c66af10cb67179c65805044f4c62a1
  category: main
  optional: false
- name: importlib-metadata
  version: 8.7.0
  manager: conda
  platform: linux-aarch64
  dependencies:
    python: ''
    zipp: '>=3.20'
  url: https://conda.anaconda.org/conda-forge/noarch/importlib-metadata-8.7.0-pyhe01879c_1.conda
  hash:
    md5: 63ccfdc3a3ce25b027b8767eb722fca8
    sha256: c18ab120a0613ada4391b15981d86ff777b5690ca461ea7e9e49531e8f374745
  category: main
  optional: false
- name: iniconfig
  version: 2.3.0
  manager: conda
  platform: linux-aarch64
  dependencies:
    python: '>=3.10'
  url: https://conda.anaconda.org/conda-forge/noarch/iniconfig-2.3.0-pyhd8ed1ab_0.conda
  hash:
    md5: 9614359868482abba1bd15ce465e3c42
    sha256: e1a9e3b1c8fe62dc3932a616c284b5d8cbe3124bbfbedcf4ce5c828cb166ee19
  category: main
  optional: false
- name: itsdangerous
  version: 2.2.0
  manager: conda
  platform: linux-aarch64
  dependencies:
    python: '>=3.9'
  url: https://conda.anaconda.org/conda-forge/noarch/itsdangerous-2.2.0-pyhd8ed1ab_1.conda
  hash:
    md5: 7ac5f795c15f288984e32add616cdc59
    sha256: 1684b7b16eec08efef5302ce298c606b163c18272b69a62b666fbaa61516f170
  category: main
  optional: false
- name: jinja2
  version: 3.1.6
  manager: conda
  platform: linux-aarch64
  dependencies:
    markupsafe: '>=2.0'
    python: ''
  url: https://conda.anaconda.org/conda-forge/noarch/jinja2-3.1.6-pyhcf101f3_1.conda
  hash:
    md5: 04558c96691bed63104678757beb4f8d
    sha256: fc9ca7348a4f25fed2079f2153ecdcf5f9cf2a0bc36c4172420ca09e1849df7b
  category: main
  optional: false
- name: ld_impl_linux-aarch64
  version: '2.45'
  manager: conda
  platform: linux-aarch64
  dependencies:
    zstd: '>=1.5.7,<1.6.0a0'
  url: https://conda.anaconda.org/conda-forge/linux-aarch64/ld_impl_linux-aarch64-2.45-default_h1979696_104.conda
  hash:
    md5: 28035705fe0c977ea33963489cd008ad
    sha256: 7a13072581fa23f658a04f62f62c4677c57d3c9696fbc01cc954a88fc354b44d
  category: main
  optional: false
- name: libblas
  version: 3.11.0
  manager: conda
  platform: linux-aarch64
  dependencies:
    libopenblas: '>=0.3.30,<1.0a0'
  url: https://conda.anaconda.org/conda-forge/linux-aarch64/libblas-3.11.0-4_haddc8a3_openblas.conda
  hash:
    md5: 10471558ac2b0c1b4dcd5e620fd65bfe
    sha256: 6da3f5e1506f2b98fb741ab4ed705b7914a691f4f44ca18e28c3543b10185021
  category: main
  optional: false
- name: libcblas
  version: 3.11.0
  manager: conda
  platform: linux-aarch64
  dependencies:
    libblas: 3.11.0
  url: https://conda.anaconda.org/conda-forge/linux-aarch64/libcblas-3.11.0-4_hd72aa62_openblas.conda
  hash:
    md5: 0a9f6e328c9255fd829e5e775bb0696b
    sha256: 08ba36e5187211436ef8a92bc44fe565264e206bc86bf11ba71610782e00bb11
  category: main
  optional: false
- name: libexpat
  version: 2.7.3
  manager: conda
  platform: linux-aarch64
  dependencies:
    libgcc: '>=14'
  url: https://conda.anaconda.org/conda-forge/linux-aarch64/libexpat-2.7.3-hfae3067_0.conda
  hash:
    md5: b414e36fbb7ca122030276c75fa9c34a
    sha256: cc2581a78315418cc2e0bb2a273d37363203e79cefe78ba6d282fed546262239
  category: main
  optional: false
- name: libffi
  version: 3.5.2
  manager: conda
  platform: linux-aarch64
  dependencies:
    libgcc: '>=14'
  url: https://conda.anaconda.org/conda-forge/linux-aarch64/libffi-3.5.2-hd65408f_0.conda
  hash:
    md5: 0c5ad486dcfb188885e3cf8ba209b97b
    sha256: 6c3332e78a975e092e54f87771611db81dcb5515a3847a3641021621de76caea
  category: main
  optional: false
- name: libgcc
  version: 15.2.0
  manager: conda
  platform: linux-aarch64
  dependencies:
    _openmp_mutex: '>=4.5'
  url: https://conda.anaconda.org/conda-forge/linux-aarch64/libgcc-15.2.0-h8acb6b2_15.conda
  hash:
    md5: cfdf8700e69902a113f2611e3cc09b55
    sha256: ff184dbe54493b663eab2d62fa0b5a689eb84bec6401fcaeb44265c7f31ae4c6
  category: main
  optional: false
- name: libgfortran
  version: 15.2.0
  manager: conda
  platform: linux-aarch64
  dependencies:
    libgfortran5: 15.2.0
  url: https://conda.anaconda.org/conda-forge/linux-aarch64/libgfortran-15.2.0-he9431aa_15.conda
  hash:
    md5: 3ec85135541290a2ebd907f1e2d439d3
    sha256: 8dd98f384c7782dd570cf204d8f0ef376f2510ed413b3b4af0b4d7edfc862a5c
  category: main
  optional: false
- name: libgfortran5
  version: 15.2.0
  manager: conda
  platform: linux-aarch64
  dependencies:
    libgcc: '>=15.2.0'
  url: https://conda.anaconda.org/conda-forge/linux-aarch64/libgfortran5-15.2.0-h1b7bec0_15.conda
  hash:
    md5: 77fa819fd8e8ae4b54c3fd5c7b666c5b
    sha256: b6897edcc8f5c5a94bb0e8f485a4c9a47e0d1e6372d0252cc28daec0f3fc8a1a
  category: main
  optional: false
- name: libgomp
  version: 15.2.0
  manager: conda
  platform: linux-aarch64
  dependencies: {}
  url: https://conda.anaconda.org/conda-forge/linux-aarch64/libgomp-15.2.0-h8acb6b2_15.conda
  hash:
    md5: 0719da240fd6086c34c4c30080329806
    sha256: d76cbb7e76af310828c74396a78c59a3b305431da25c9337e420bb441d2e8ca0
  category: main
  optional: false
- name: liblapack
  version: 3.11.0
  manager: conda
  platform: linux-aarch64
  dependencies:
    libblas: 3.11.0
  url: https://conda.anaconda.org/conda-forge/linux-aarch64/liblapack-3.11.0-4_h88aeb00_openblas.conda
  hash:
    md5: f4930dcf31fbe6327215b6e6122f73af
    sha256: 751d178b31d6ab1b231ed8fe71833c5cdd9759e1b262170929c9c8df6d1ca3c9
  category: main
  optional: false
- name: liblzma
  version: 5.8.1
  manager: conda
  platform: linux-aarch64
  dependencies:
    libgcc: '>=13'
  url: https://conda.anaconda.org/conda-forge/linux-aarch64/liblzma-5.8.1-h86ecc28_2.conda
  hash:
    md5: 7d362346a479256857ab338588190da0
    sha256: 498ea4b29155df69d7f20990a7028d75d91dbea24d04b2eb8a3d6ef328806849
  category: main
  optional: false
- name: libmpdec
  version: 4.0.0
  manager: conda
  platform: linux-aarch64
  dependencies:
    libgcc: '>=13'
  url: https://conda.anaconda.org/conda-forge/linux-aarch64/libmpdec-4.0.0-h86ecc28_0.conda
  hash:
    md5: 78cfed3f76d6f3f279736789d319af76
    sha256: ef8697f934c80b347bf9d7ed45650928079e303bad01bd064995b0e3166d6e7a
  category: main
  optional: false
- name: libopenblas
  version: 0.3.30
  manager: conda
  platform: linux-aarch64
  dependencies:
    libgcc: '>=14'
    libgfortran: ''
    libgfortran5: '>=14.3.0'
  url: https://conda.anaconda.org/conda-forge/linux-aarch64/libopenblas-0.3.30-pthreads_h9d3fd7e_4.conda
  hash:
    md5: 11d7d57b7bdd01da745bbf2b67020b2e
    sha256: 794a7270ea049ec931537874cd8d2de0ef4b3cef71c055cfd8b4be6d2f4228b0
  category: main
  optional: false
- name: libsqlite
  version: 3.51.1
  manager: conda
  platform: linux-aarch64
  dependencies:
    libgcc: '>=14'
    libzlib: '>=1.3.1,<2.0a0'
  url: https://conda.anaconda.org/conda-forge/linux-aarch64/libsqlite-3.51.1-h022381a_0.conda
  hash:
    md5: 233efdd411317d2dc5fde72464b3df7a
    sha256: e394dd772b71dbcd653d078f3aacf6e26e3478bd6736a687ab86e463a2f153a8
  category: main
  optional: false
- name: libstdcxx
  version: 15.2.0
  manager: conda
  platform: linux-aarch64
  dependencies:
    libgcc: 15.2.0
  url: https://conda.anaconda.org/conda-forge/linux-aarch64/libstdcxx-15.2.0-hef695bb_15.conda
  hash:
    md5: 2873f805cdabcf33b880b19077cf6180
    sha256: f6347ce1d1a8a9ecfa16fc118594b0a5cab9194a8dcc7e79cd02a7497822d1d2
  category: main
  optional: false
- name: libuuid
  version: 2.41.2
  manager: conda
  platform: linux-aarch64
  dependencies:
    libgcc: '>=14'
  url: https://conda.anaconda.org/conda-forge/linux-aarch64/libuuid-2.41.2-h1022ec0_1.conda
  hash:
    md5: 15b2cc72b9b05bcb141810b1bada654f
    sha256: 3113c857e36779d94cf9a18236a710ceca0e94230b3bfeba0d134f33ee8c9ecd
  category: main
  optional: false
- name: libzlib
  version: 1.3.1
  manager: conda
  platform: linux-aarch64
  dependencies:
    libgcc: '>=13'
  url: https://conda.anaconda.org/conda-forge/linux-aarch64/libzlib-1.3.1-h86ecc28_2.conda
  hash:
    md5: 08aad7cbe9f5a6b460d0976076b6ae64
    sha256: 5a2c1eeef69342e88a98d1d95bff1603727ab1ff4ee0e421522acd8813439b84
  category: main
  optional: false
- name: markupsafe
  version: 3.0.3
  manager: conda
  platform: linux-aarch64
  dependencies:
    python: '>=3.10'
  url: https://conda.anaconda.org/conda-forge/noarch/markupsafe-3.0.3-pyh7db6752_0.conda
  hash:
    md5: fab1be106a50e20f10fe5228fd1d1651
    sha256: e0cbfea51a19b3055ca19428bd9233a25adca956c208abb9d00b21e7259c7e03
  category: main
  optional: false
- name: ncurses
  version: '6.5'
  manager: conda
  platform: linux-aarch64
  dependencies:
    libgcc: '>=13'
  url: https://conda.anaconda.org/conda-forge/linux-aarch64/ncurses-6.5-ha32ae93_3.conda
  hash:
    md5: 182afabe009dc78d8b73100255ee6868
    sha256: 91cfb655a68b0353b2833521dc919188db3d8a7f4c64bea2c6a7557b24747468
  category: main
  optional: false
- name: numpy
  version: 2.3.5
  manager: conda
  platform: linux-aarch64
  dependencies:
    python: 3.14.*
    libgcc: '>=14'
    libstdcxx: '>=14'
    python_abi: 3.14.*
    liblapack: '>=3.9.0,<4.0a0'
    libcblas: '>=3.9.0,<4.0a0'
    libblas: '>=3.9.0,<4.0a0'
  url: https://conda.anaconda.org/conda-forge/linux-aarch64/numpy-2.3.5-py314haac167e_0.conda
  hash:
    md5: ea4652f80053fb52748bc10e0b401b2f
    sha256: e7015a79fb2d8d0573ae1b55db71792292285a86111ccf2683872db848734db8
  category: main
  optional: false
- name: openssl
  version: 3.6.0
  manager: conda
  platform: linux-aarch64
  dependencies:
    ca-certificates: ''
    libgcc: '>=14'
  url: https://conda.anaconda.org/conda-forge/linux-aarch64/openssl-3.6.0-h8e36d6e_0.conda
  hash:
    md5: 7624c6e01aecba942e9115e0f5a2af9d
    sha256: 8dd3b4c31fe176a3e51c5729b2c7f4c836a2ce3bd5c82082dc2a503ba9ee0af3
  category: main
  optional: false
- name: packaging
  version: '25.0'
  manager: conda
  platform: linux-aarch64
  dependencies:
    python: ''
  url: https://conda.anaconda.org/conda-forge/noarch/packaging-25.0-pyh29332c3_1.conda
  hash:
    md5: 58335b26c38bf4a20f399384c33cbcf9
    sha256: 289861ed0c13a15d7bbb408796af4de72c2fe67e2bcb0de98f4c3fce259d7991
  category: main
  optional: false
- name: pandas
  version: 2.3.3
  manager: conda
  platform: linux-aarch64
  dependencies:
    libgcc: '>=14'
    libstdcxx: '>=14'
    numpy: '>=1.23,<3'
    python: '>=3.14,<3.15.0a0'
    python-dateutil: '>=2.8.2'
    python-tzdata: '>=2022.7'
    python_abi: 3.14.*
    pytz: '>=2020.1'
  url: https://conda.anaconda.org/conda-forge/linux-aarch64/pandas-2.3.3-py314h91eeaa4_2.conda
  hash:
    md5: b2dd1c4c086280a3a9b2a12f0431bc7c
    sha256: 990b6df647273e199cd06731b28b5f0819d8f58aefa89b8fba8b62cdcbf703d3
  category: main
  optional: false
- name: pip
  version: '25.3'
  manager: conda
  platform: linux-aarch64
  dependencies:
    python: '>=3.13.0a0'
  url: https://conda.anaconda.org/conda-forge/noarch/pip-25.3-pyh145f28c_0.conda
  hash:
    md5: bf47878473e5ab9fdb4115735230e191
    sha256: 4d5e2faca810459724f11f78d19a0feee27a7be2b3fc5f7abbbec4c9fdcae93d
  category: main
  optional: false
- name: pluggy
  version: 1.6.0
  manager: conda
  platform: linux-aarch64
  dependencies:
    python: ''
  url: https://conda.anaconda.org/conda-forge/noarch/pluggy-1.6.0-pyhf9edf01_1.conda
  hash:
    md5: d7585b6550ad04c8c5e21097ada2888e
    sha256: e14aafa63efa0528ca99ba568eaf506eb55a0371d12e6250aaaa61718d2eb62e
  category: main
  optional: false
- name: pygments
  version: 2.19.2
  manager: conda
  platform: linux-aarch64
  dependencies:
    python: '>=3.9'
  url: https://conda.anaconda.org/conda-forge/noarch/pygments-2.19.2-pyhd8ed1ab_0.conda
  hash:
    md5: 6b6ece66ebcae2d5f326c77ef2c5a066
    sha256: 5577623b9f6685ece2697c6eb7511b4c9ac5fb607c9babc2646c811b428fd46a
  category: main
  optional: false
- name: pytest
  version: 9.0.2
  manager: conda
  platform: linux-aarch64
  dependencies:
    pygments: '>=2.7.2'
    python: ''
    iniconfig: '>=1.0.1'
    packaging: '>=22'
    pluggy: '>=1.5,<2'
    tomli: '>=1'
    colorama: '>=0.4'
    exceptiongroup: '>=1'
  url: https://conda.anaconda.org/conda-forge/noarch/pytest-9.0.2-pyhcf101f3_0.conda
  hash:
    md5: 2b694bad8a50dc2f712f5368de866480
    sha256: 9e749fb465a8bedf0184d8b8996992a38de351f7c64e967031944978de03a520
  category: main
  optional: false
- name: python
  version: 3.14.2
  manager: conda
  platform: linux-aarch64
  dependencies:
    bzip2: '>=1.0.8,<2.0a0'
    ld_impl_linux-aarch64: '>=2.36.1'
    libexpat: '>=2.7.3,<3.0a0'
    libffi: '>=3.5.2,<3.6.0a0'
    libgcc: '>=14'
    liblzma: '>=5.8.1,<6.0a0'
    libmpdec: '>=4.0.0,<5.0a0'
    libsqlite: '>=3.51.1,<4.0a0'
    libuuid: '>=2.41.2,<3.0a0'
    libzlib: '>=1.3.1,<2.0a0'
    ncurses: '>=6.5,<7.0a0'
    openssl: '>=3.5.4,<4.0a0'
    python_abi: 3.14.*
    readline: '>=8.2,<9.0a0'
    tk: '>=8.6.13,<8.7.0a0'
    tzdata: ''
    zstd: '>=1.5.7,<1.6.0a0'
  url: https://conda.anaconda.org/conda-forge/linux-aarch64/python-3.14.2-hb06a95a_100_cp314.conda
  hash:
    md5: 432459e6961a5bc4cfe7cd080aee721a
    sha256: 41adf6ee7a953ef4f35551a4a910a196b0a75e1ded458df5e73ef321863cb3f2
  category: main
  optional: false
- name: python-dateutil
  version: 2.9.0.post0
  manager: conda
  platform: linux-aarch64
  dependencies:
    python: ''
    six: '>=1.5'
  url: https://conda.anaconda.org/conda-forge/noarch/python-dateutil-2.9.0.post0-pyhe01879c_2.conda
  hash:
    md5: 5b8d21249ff20967101ffa321cab24e8
    sha256: d6a17ece93bbd5139e02d2bd7dbfa80bee1a4261dced63f65f679121686bf664
  category: main
  optional: false
- name: python-duckdb
  version: 1.4.2
  manager: conda
  platform: linux-aarch64
  dependencies:
    libgcc: '>=14'
    libstdcxx: '>=14'
    python: '>=3.14,<3.15.0a0'
    python_abi: 3.14.*
  url: https://conda.anaconda.org/conda-forge/linux-aarch64/python-duckdb-1.4.2-py314h02b5315_0.conda
  hash:
    md5: 9f90f4273939eed32378eb8496c211e7
    sha256: 7e5531edb60f1868fe813d09149882dfa313070df9d5a1a5e94bb5c2eb7a1afe
  category: main
  optional: false
- name: python-tzdata
  version: '2025.2'
  manager: conda
  platform: linux-aarch64
  dependencies:
    python: '>=3.9'
  url: https://conda.anaconda.org/conda-forge/noarch/python-tzdata-2025.2-pyhd8ed1ab_0.conda
  hash:
    md5: 88476ae6ebd24f39261e0854ac244f33
    sha256: e8392a8044d56ad017c08fec2b0eb10ae3d1235ac967d0aab8bd7b41c4a5eaf0
  category: main
  optional: false
- name: python_abi
  version: '3.14'
  manager: conda
  platform: linux-aarch64
  dependencies: {}
  url: https://conda.anaconda.org/conda-forge/noarch/python_abi-3.14-8_cp314.conda
  hash:
    md5: 0539938c55b6b1a59b560e843ad864a4
    sha256: ad6d2e9ac39751cc0529dd1566a26751a0bf2542adb0c232533d32e176e21db5
  category: main
  optional: false
- name: pytz
  version: '2025.2'
  manager: conda
  platform: linux-aarch64
  dependencies:
    python: '>=3.9'
  url: https://conda.anaconda.org/conda-forge/noarch/pytz-2025.2-pyhd8ed1ab_0.conda
  hash:
    md5: bc8e3267d44011051f2eb14d22fb0960
    sha256: 8d2a8bf110cc1fc3df6904091dead158ba3e614d8402a83e51ed3a8aa93cdeb0
  category: main
  optional: false
- name: readline
  version: '8.2'
  manager: conda
  platform: linux-aarch64
  dependencies:
    libgcc: '>=13'
    ncurses: '>=6.5,<7.0a0'
  url: https://conda.anaconda.org/conda-forge/linux-aarch64/readline-8.2-h8382b9d_2.conda
  hash:
    md5: c0f08fc2737967edde1a272d4bf41ed9
    sha256: 54bed3a3041befaa9f5acde4a37b1a02f44705b7796689574bcf9d7beaad2959
  category: main
  optional: false
- name: setuptools
  version: 80.9.0
  manager: conda
  platform: linux-aarch64
  dependencies:
    python: '>=3.9'
  url: https://conda.anaconda.org/conda-forge/noarch/setuptools-80.9.0-pyhff2d567_0.conda
  hash:
    md5: 4de79c071274a53dcaf2a8c749d1499e
    sha256: 972560fcf9657058e3e1f97186cc94389144b46dbdf58c807ce62e83f977e863
  category: main
  optional: false
- name: six
  version: 1.17.0
  manager: conda
  platform: linux-aarch64
  dependencies:
    python: ''
  url: https://conda.anaconda.org/conda-forge/noarch/six-1.17.0-pyhe01879c_1.conda
  hash:
    md5: 3339e3b65d58accf4ca4fb8748ab16b3
    sha256: 458227f759d5e3fcec5d9b7acce54e10c9e1f4f4b7ec978f3bfd54ce4ee9853d
  category: main
  optional: false
- name: tk
  version: 8.6.13
  manager: conda
  platform: linux-aarch64
  dependencies:
    libgcc: '>=13'
    libzlib: '>=1.3.1,<2.0a0'
  url: https://conda.anaconda.org/conda-forge/linux-aarch64/tk-8.6.13-noxft_h561c983_103.conda
  hash:
    md5: 631db4799bc2bfe4daccf80bb3cbc433
    sha256: 154e73f6269f92ad5257aa2039278b083998fd19d371e150f307483fb93c07ae
  category: main
  optional: false
- name: tomli
  version: 2.3.0
  manager: conda
  platform: linux-aarch64
  dependencies:
    python: ''
  url: https://conda.anaconda.org/conda-forge/noarch/tomli-2.3.0-pyhcf101f3_0.conda
  hash:
    md5: d2732eb636c264dc9aa4cbee404b1a53
    sha256: cb77c660b646c00a48ef942a9e1721ee46e90230c7c570cdeb5a893b5cce9bff
  category: main
  optional: false
- name: typing_extensions
  version: 4.15.0
  manager: conda
  platform: linux-aarch64
  dependencies:
    python: ''
  url: https://conda.anaconda.org/conda-forge/noarch/typing_extensions-4.15.0-pyhcf101f3_0.conda
  hash:
    md5: 0caa1af407ecff61170c9437a808404d
    sha256: 032271135bca55aeb156cee361c81350c6f3fb203f57d024d7e5a1fc9ef18731
  category: main
  optional: false
- name: tzdata
  version: 2025b
  manager: conda
  platform: linux-aarch64
  dependencies: {}
  url: https://conda.anaconda.org/conda-forge/noarch/tzdata-2025b-h78e105d_0.conda
  hash:
    md5: 4222072737ccff51314b5ece9c7d6f5a
    sha256: 5aaa366385d716557e365f0a4e9c3fca43ba196872abbbe3d56bb610d131e192
  category: main
  optional: false
- name: werkzeug
  version: 3.1.4
  manager: conda
  platform: linux-aarch64
  dependencies:
    markupsafe: '>=2.1.1'
    python: ''
  url: https://conda.anaconda.org/conda-forge/noarch/werkzeug-3.1.4-pyhcf101f3_0.conda
  hash:
    md5: de082192dffe45d19aff3d86a4d06a24
    sha256: 0c4a30a4713347ff822d73d2349fd9ef67a6f34993e7ae3434cdee7047e9ee1e
  category: main
  optional: false
- name: zipp
  version: 3.23.0
  manager: conda
  platform: linux-aarch64
  dependencies:
    python: ''
  url: https://conda.anaconda.org/conda-forge/noarch/zipp-3.23.0-pyhcf101f3_1.conda
  hash:
    md5: 30cd29cb87d819caead4d55184c1d115
    sha256: b4533f7d9efc976511a73ef7d4a2473406d7f4c750884be8e8620b0ce70f4dae
  category: main
  optional: false
- name: zstd
  version: 1.5.7
  manager: conda
  platform: linux-aarch64
  dependencies:
    libzlib: '>=1.3.1,<2.0a0'
  url: https://conda.anaconda.org/conda-forge/linux-aarch64/zstd-1.5.7-h85ac4a6_6.conda
  hash:
    md5: c3655f82dcea2aa179b291e7099c1fcc
    sha256: 569990cf12e46f9df540275146da567d9c618c1e9c7a0bc9d9cfefadaed20b75
  category: main
  optional: false
