# Generated by conda-lock.
# platform: linux-aarch64
# input_hash: 2594644697c3ed789b7ed60510d725a4418535cc62c44e2b52e8fbeb12ad1f9b
@EXPLICIT
https://conda.anaconda.org/conda-forge/linux-aarch64/ca-certificates-2024.2.2-hcefe29a_0.conda#57c226edb90c4e973b9b7503537dd339
https://conda.anaconda.org/conda-forge/noarch/font-ttf-dejavu-sans-mono-2.37-hab24e00_0.tar.bz2#0c96522c6bdaed4b1566d11387caaf45
https://conda.anaconda.org/conda-forge/noarch/font-ttf-inconsolata-3.000-h77eed37_0.tar.bz2#34893075a5c9e55cdafac56607368fc6
https://conda.anaconda.org/conda-forge/noarch/font-ttf-source-code-pro-2.038-h77eed37_0.tar.bz2#4d59c254e01d9cde7957100457e2d5fb
https://conda.anaconda.org/conda-forge/noarch/font-ttf-ubuntu-0.83-h77eed37_2.conda#cbbe59391138ea5ad3658c76912e147f
https://conda.anaconda.org/conda-forge/linux-aarch64/ld_impl_linux-aarch64-2.40-hba4e955_0.conda#b55c1cb33c63d23b542fa53f24541e56
https://conda.anaconda.org/conda-forge/linux-aarch64/libboost-headers-1.84.0-h8af1aa0_2.conda#0e298c0a4be3e8696530bd446966e89e
https://conda.anaconda.org/conda-forge/linux-aarch64/libgomp-13.2.0-hf8544c7_5.conda#379be2f115ffb73860e4e260dd2170b7
https://conda.anaconda.org/conda-forge/linux-aarch64/libstdcxx-ng-13.2.0-h9a76618_5.conda#1b79d37dce0fad96bdf3de03925f43b4
https://conda.anaconda.org/conda-forge/noarch/poppler-data-0.4.12-hd8ed1ab_0.conda#d8d7293c5b37f39b2ac32940621c6592
https://conda.anaconda.org/conda-forge/linux-aarch64/python_abi-3.12-4_cp312.conda#6c09f8e580146d88f649780cebed01de
https://conda.anaconda.org/conda-forge/noarch/tzdata-2024a-h0c530f3_0.conda#161081fc7cec0bfda0d86d7cb595f8d8
https://conda.anaconda.org/conda-forge/linux-aarch64/_openmp_mutex-4.5-2_gnu.tar.bz2#6168d71addc746e8f2b8d57dfd2edcea
https://conda.anaconda.org/conda-forge/noarch/fonts-conda-forge-1-0.tar.bz2#f766549260d6815b0c52253f1fb1bb29
https://conda.anaconda.org/conda-forge/noarch/fonts-conda-ecosystem-1-0.tar.bz2#fee5683a3f04bd15cbd8318b096a27ab
https://conda.anaconda.org/conda-forge/linux-aarch64/libgcc-ng-13.2.0-hf8544c7_5.conda#dee934e640275d9e74e7bbd455f25162
https://conda.anaconda.org/conda-forge/linux-aarch64/aws-c-common-0.9.15-h31becfc_0.conda#f3296fd840dcc6dda5c2245f0d4a2a40
https://conda.anaconda.org/conda-forge/linux-aarch64/bzip2-1.0.8-h31becfc_5.conda#a64e35f01e0b7a2a152eca87d33b9c87
https://conda.anaconda.org/conda-forge/linux-aarch64/c-ares-1.28.1-h31becfc_0.conda#a8da75795c853c5fe6d8d1947e16eea8
https://conda.anaconda.org/conda-forge/linux-aarch64/fmt-10.2.1-h2a328a1_0.conda#540b6320d3c929e012fae0d08f43224d
https://conda.anaconda.org/conda-forge/linux-aarch64/geos-3.12.1-h2f0025b_0.conda#ac30e662102643639f9421aa80723e2b
https://conda.anaconda.org/conda-forge/linux-aarch64/gflags-2.2.2-h54f1f3f_1004.tar.bz2#f286d3464cc8d467c92e4f17990c98c1
https://conda.anaconda.org/conda-forge/linux-aarch64/giflib-5.2.2-h31becfc_0.conda#2f809afaf0ba1ea4135dce158169efac
https://conda.anaconda.org/conda-forge/linux-aarch64/icu-73.2-h787c7f5_0.conda#9d3c29d71f28452a2e843aff8cbe09d2
https://conda.anaconda.org/conda-forge/linux-aarch64/json-c-0.17-h9d1147b_0.conda#d29aae0f70e8082d021842256c86b49f
https://conda.anaconda.org/conda-forge/linux-aarch64/keyutils-1.6.1-h4e544f5_0.tar.bz2#1f24853e59c68892452ef94ddd8afd4b
https://conda.anaconda.org/conda-forge/linux-aarch64/lerc-4.0.0-h4de3ea5_0.tar.bz2#1a0ffc65e03ce81559dbcb0695ad1476
https://conda.anaconda.org/conda-forge/linux-aarch64/libabseil-20240116.2-cxx17_h2f0025b_0.conda#8c82217c05aa59b86d0db83df2fa65b5
https://conda.anaconda.org/conda-forge/linux-aarch64/libaec-1.1.3-h2f0025b_0.conda#e52c4a30901a90354855e40992af907d
https://conda.anaconda.org/conda-forge/linux-aarch64/libbrotlicommon-1.1.0-h31becfc_1.conda#1b219fd801eddb7a94df5bd001053ad9
https://conda.anaconda.org/conda-forge/linux-aarch64/libcrc32c-1.1.2-h01db608_0.tar.bz2#268ee639c17ada0002fb04dd21816cc2
https://conda.anaconda.org/conda-forge/linux-aarch64/libdeflate-1.20-h31becfc_0.conda#018592a3d691662f451f89d0de474a20
https://conda.anaconda.org/conda-forge/linux-aarch64/libev-4.33-h31becfc_2.conda#a9a13cb143bbaa477b1ebaefbe47a302
https://conda.anaconda.org/conda-forge/linux-aarch64/libexpat-2.6.2-h2f0025b_0.conda#1b9f46b804a2c3c5d7fd6a80b77c35f9
https://conda.anaconda.org/conda-forge/linux-aarch64/libffi-3.4.2-h3557bc0_5.tar.bz2#dddd85f4d52121fab0a8b099c5e06501
https://conda.anaconda.org/conda-forge/linux-aarch64/libgfortran5-13.2.0-h582850c_5.conda#547486aac825d236de3beecb927b389c
https://conda.anaconda.org/conda-forge/linux-aarch64/libiconv-1.17-h31becfc_2.conda#9a8eb13f14de7d761555a98712e6df65
https://conda.anaconda.org/conda-forge/linux-aarch64/libjpeg-turbo-3.0.0-h31becfc_1.conda#ed24e702928be089d9ba3f05618515c6
https://conda.anaconda.org/conda-forge/linux-aarch64/libnl-3.9.0-h31becfc_0.conda#eb3aee596100fbb7eb4d69056be75868
https://conda.anaconda.org/conda-forge/linux-aarch64/libnsl-2.0.1-h31becfc_0.conda#c14f32510f694e3185704d89967ec422
https://conda.anaconda.org/conda-forge/linux-aarch64/libspatialindex-1.9.3-h01db608_4.tar.bz2#b68ef401a75f73e542f30851dc8eed49
https://conda.anaconda.org/conda-forge/linux-aarch64/libutf8proc-2.8.0-h4e544f5_0.tar.bz2#bf0defbd8ac06270fb5ec05c85fb3c96
https://conda.anaconda.org/conda-forge/linux-aarch64/libuuid-2.38.1-hb4cce97_0.conda#000e30b09db0b7c775b21695dff30969
https://conda.anaconda.org/conda-forge/linux-aarch64/libwebp-base-1.4.0-h31becfc_0.conda#5fd7ab3e5f382c70607fbac6335e6e19
https://conda.anaconda.org/conda-forge/linux-aarch64/libxcrypt-4.4.36-h31becfc_1.conda#b4df5d7d4b63579d081fd3a4cf99740e
https://conda.anaconda.org/conda-forge/linux-aarch64/libzlib-1.2.13-h31becfc_5.conda#b213aa87eea9491ef7b129179322e955
https://conda.anaconda.org/conda-forge/linux-aarch64/lz4-c-1.9.4-hd600fc2_0.conda#500145a83ed07ce79c8cef24252f366b
https://conda.anaconda.org/conda-forge/linux-aarch64/lzo-2.10-h31becfc_1001.conda#004025fe20a11090e0b02154f413a758
https://conda.anaconda.org/conda-forge/linux-aarch64/ncurses-6.4.20240210-h0425590_0.conda#c1a1612ddaee95c83abfa0b2ec858626
https://conda.anaconda.org/conda-forge/linux-aarch64/nspr-4.35-h4de3ea5_0.conda#7a392f26f76fc55354c8ed60c2b99162
https://conda.anaconda.org/conda-forge/linux-aarch64/openssl-3.3.0-h31becfc_0.conda#36ca60a3afaf2ea2c460daeebd67430e
https://conda.anaconda.org/conda-forge/linux-aarch64/pixman-0.43.4-h2f0025b_0.conda#81b2ddea4b0eca188da9c5a7aa4b0cff
https://conda.anaconda.org/conda-forge/linux-aarch64/pthread-stubs-0.4-hb9de7d4_1001.tar.bz2#d0183ec6ce0b5aaa3486df25fa5f0ded
https://conda.anaconda.org/conda-forge/linux-aarch64/snappy-1.2.0-h8d0c38d_1.conda#7875fcea9277713d1744d188ececb767
https://conda.anaconda.org/conda-forge/linux-aarch64/tzcode-2024a-h31becfc_0.conda#d7691e522a386b757332784ee7f9906f
https://conda.anaconda.org/conda-forge/linux-aarch64/uriparser-0.9.7-h2f0025b_1.conda#b24c4828be46d40f8fcbc991f2f2e34b
https://conda.anaconda.org/conda-forge/linux-aarch64/xorg-kbproto-1.0.7-h3557bc0_1002.tar.bz2#ec8ce6b3dac3945a4010559a6284b755
https://conda.anaconda.org/conda-forge/linux-aarch64/xorg-libice-1.1.1-h7935292_0.conda#025968e2637bca910b9b3e7f6743beff
https://conda.anaconda.org/conda-forge/linux-aarch64/xorg-libxau-1.0.11-h31becfc_0.conda#13de34f69cb73165dbe08c1e9148bedb
https://conda.anaconda.org/conda-forge/linux-aarch64/xorg-libxdmcp-1.1.3-h3557bc0_0.tar.bz2#a6c9016ae1ca5c47a3603ed4cd65fedd
https://conda.anaconda.org/conda-forge/linux-aarch64/xorg-renderproto-0.11.1-h3557bc0_1002.tar.bz2#01cbfe96ce66b78a9a270ac305791dd2
https://conda.anaconda.org/conda-forge/linux-aarch64/xorg-xextproto-7.3.0-h2a766a3_1003.conda#32de1e4422c986e3b6eff59e7edc4d04
https://conda.anaconda.org/conda-forge/linux-aarch64/xorg-xproto-7.0.31-h3557bc0_1007.tar.bz2#987e98faa0ad2c667bbea6b6aae260bc
https://conda.anaconda.org/conda-forge/linux-aarch64/xz-5.2.6-h9cdd2b7_0.tar.bz2#83baad393a31d59c20b63ba4da6592df
https://conda.anaconda.org/conda-forge/linux-aarch64/aws-c-cal-0.6.11-hd75f5ff_0.conda#25ee0226e8d8971eec470c9a6e1caff8
https://conda.anaconda.org/conda-forge/linux-aarch64/aws-c-compression-0.2.18-he771c36_3.conda#d3b53a7361f8387894375f71151a5161
https://conda.anaconda.org/conda-forge/linux-aarch64/aws-c-sdkutils-0.1.15-he771c36_3.conda#fdd738c0212f6ffe582f19b71817e230
https://conda.anaconda.org/conda-forge/linux-aarch64/aws-checksums-0.1.18-he771c36_3.conda#469c1cd8a140da3d1f45e002176e05e0
https://conda.anaconda.org/conda-forge/linux-aarch64/expat-2.6.2-h2f0025b_0.conda#6d31100ba1e12773b4f1ef0693fb0169
https://conda.anaconda.org/conda-forge/linux-aarch64/glog-0.7.0-ha63034d_0.conda#70e70f34821c33530baeefd3ad1229bd
https://conda.anaconda.org/conda-forge/linux-aarch64/hdf4-4.2.15-hb6ba311_7.conda#e1b6676b77b9690d07ea25de48aed97e
https://conda.anaconda.org/conda-forge/linux-aarch64/libbrotlidec-1.1.0-h31becfc_1.conda#8db7cff89510bec0b863a0a8ee6a7bce
https://conda.anaconda.org/conda-forge/linux-aarch64/libbrotlienc-1.1.0-h31becfc_1.conda#ad3d3a826b5848d99936e4466ebbaa26
https://conda.anaconda.org/conda-forge/linux-aarch64/libedit-3.1.20191231-he28a2e2_2.tar.bz2#29371161d77933a54fccf1bb66b96529
https://conda.anaconda.org/conda-forge/linux-aarch64/libevent-2.1.12-h4ba1bb4_1.conda#96ae6083cd1ac9f6bc81631ac835b317
https://conda.anaconda.org/conda-forge/linux-aarch64/libgfortran-ng-13.2.0-he9431aa_5.conda#fab7c6a8c84492e18cbe578820e97a56
https://conda.anaconda.org/conda-forge/linux-aarch64/libkml-1.3.0-h7d16752_1018.conda#0a2cb881ed5cf04e6e05079ee0a7a18b
https://conda.anaconda.org/conda-forge/linux-aarch64/libnghttp2-1.58.0-hb0e430d_1.conda#8f724cdddffa79152de61f5564a3526b
https://conda.anaconda.org/conda-forge/linux-aarch64/libpng-1.6.43-h194ca79_0.conda#1123e504d9254dd9494267ab9aba95f0
https://conda.anaconda.org/conda-forge/linux-aarch64/libprotobuf-4.25.3-h648ac29_0.conda#a239d63913ec9e008bdbe35899f677f4
https://conda.anaconda.org/conda-forge/linux-aarch64/libre2-11-2023.09.01-h9d008c2_2.conda#387c114aadcaeb02210f646c4b5efca2
https://conda.anaconda.org/conda-forge/linux-aarch64/librttopo-1.1.0-hd8968fb_15.conda#5df2305d559d0e956da65304bbaa9ba4
https://conda.anaconda.org/conda-forge/linux-aarch64/libsqlite-3.45.3-h194ca79_0.conda#fb35b8afbe9e92467ac7b5608d60b775
https://conda.anaconda.org/conda-forge/linux-aarch64/libssh2-1.11.0-h492db2e_0.conda#45532845e121677ad328c9af9953f161
https://conda.anaconda.org/conda-forge/linux-aarch64/libxcb-1.15-h2a766a3_0.conda#eb3d8c8170e3d03f2564ed2024aa00c8
https://conda.anaconda.org/conda-forge/linux-aarch64/libxml2-2.12.6-h3091e33_2.conda#bce28567f20f42b90b536728f89b8460
https://conda.anaconda.org/conda-forge/linux-aarch64/libzip-1.10.1-h4156a30_3.conda#ad9400456170b46f2615bdd48dff87fe
https://conda.anaconda.org/conda-forge/linux-aarch64/pcre2-10.43-hd0f9c67_0.conda#1275fa549338ecdc8b7793589ac09150
https://conda.anaconda.org/conda-forge/linux-aarch64/rdma-core-51.0-h0425590_0.conda#eb55f197626b3df10eff0b1bacafd760
https://conda.anaconda.org/conda-forge/linux-aarch64/readline-8.2-h8fc344f_1.conda#105eb1e16bf83bfb2eb380a48032b655
https://conda.anaconda.org/conda-forge/linux-aarch64/s2n-1.4.12-h5a25046_0.conda#444e05d8db4377f75e09dd96ee3f4869
https://conda.anaconda.org/conda-forge/linux-aarch64/spdlog-1.13.0-h6b8df57_0.conda#4c86219bb12731b269538e829c37d029
https://conda.anaconda.org/conda-forge/linux-aarch64/tk-8.6.13-h194ca79_0.conda#f75105e0585851f818e0009dd1dde4dc
https://conda.anaconda.org/conda-forge/linux-aarch64/xorg-libsm-1.2.4-h5a01bc2_0.conda#d788eca20ecd63bad8eea7219e5c5fb7
https://conda.anaconda.org/conda-forge/linux-aarch64/zlib-1.2.13-h31becfc_5.conda#96866c7301479abaf8308c50958c71a4
https://conda.anaconda.org/conda-forge/linux-aarch64/zstd-1.5.5-h4c53e97_0.conda#b74eb9dbb5c3c15cb3cee7cbdf198c75
https://conda.anaconda.org/conda-forge/linux-aarch64/aws-c-io-0.14.7-h0f120a9_6.conda#4547af24c371ca2ff3f1345849f06e26
https://conda.anaconda.org/conda-forge/linux-aarch64/blosc-1.21.5-hb65639f_1.conda#c1013d277e565996406fb6c377186a66
https://conda.anaconda.org/conda-forge/linux-aarch64/brotli-bin-1.1.0-h31becfc_1.conda#9e4a13596ab651ea8d77aae023d0ce3f
https://conda.anaconda.org/conda-forge/linux-aarch64/freetype-2.12.1-hf0a5ef3_2.conda#a5ab74c5bd158c3d5532b66d8d83d907
https://conda.anaconda.org/conda-forge/linux-aarch64/krb5-1.21.2-hc419048_0.conda#55b51af37bf6fdcfe06f140e62e8c8db
https://conda.anaconda.org/conda-forge/linux-aarch64/libarchive-3.7.2-hd2f85e0_1.conda#a0f2e7adbcdf4041d6ee273d07ca171e
https://conda.anaconda.org/conda-forge/linux-aarch64/libglib-2.80.0-h9d8fbc1_6.conda#c7b8b76a9753281cd37b1b692b740f4a
https://conda.anaconda.org/conda-forge/linux-aarch64/libllvm16-16.0.6-h0b931ab_3.conda#333f681d34b2fb5d1947b3b6b3e798a6
https://conda.anaconda.org/conda-forge/linux-aarch64/libopenblas-0.3.27-pthreads_h5a5ec62_0.conda#ffecca8f4f31cd50b92c0e6e6bfe4416
https://conda.anaconda.org/conda-forge/linux-aarch64/libthrift-0.19.0-h043aeee_1.conda#591ef1567ed4989d824fe35b45e3ae68
https://conda.anaconda.org/conda-forge/linux-aarch64/libtiff-4.6.0-hf980d43_3.conda#b6f3abf5726ae33094bee238b4eb492f
https://conda.anaconda.org/conda-forge/linux-aarch64/minizip-4.0.5-hb75dd74_0.conda#fb74bf4912dcbc8863e379e7d546ebad
https://conda.anaconda.org/conda-forge/linux-aarch64/nss-3.98-hc5a5cc2_0.conda#7b72650a6c08894c36bed9aebb3b32dc
https://conda.anaconda.org/conda-forge/linux-aarch64/orc-2.0.0-hd7aaf90_1.conda#95d5a76acc60426348cdf900f5b8d1f2
https://conda.anaconda.org/conda-forge/linux-aarch64/python-3.12.3-h43d1f9e_0_cpython.conda#dc93ad1d2ba17ebc948bf5434ffa864b
https://conda.anaconda.org/conda-forge/linux-aarch64/re2-2023.09.01-h9caee61_2.conda#a9667ab785e1686d53313364c695f58e
https://conda.anaconda.org/conda-forge/linux-aarch64/sqlite-3.45.3-h3b3482f_0.conda#8350deffea73c5f0dfcf9b70a903331d
https://conda.anaconda.org/conda-forge/linux-aarch64/ucx-1.15.0-hb4872d8_8.conda#1274eb3c2d2a374de8004c1e2d7886b1
https://conda.anaconda.org/conda-forge/linux-aarch64/xorg-libx11-1.8.9-h055a233_0.conda#d5f0529d3568a2ce38a9aed44a9a8029
https://conda.anaconda.org/conda-forge/noarch/attrs-23.2.0-pyh71513ae_0.conda#5e4c0743c70186509d1412e03c2d8dfa
https://conda.anaconda.org/conda-forge/linux-aarch64/aws-c-event-stream-0.4.2-h0aa0982_8.conda#08b9fd6dbb0c3d5dba56da5d0aa93cf9
https://conda.anaconda.org/conda-forge/linux-aarch64/aws-c-http-0.8.1-h505357e_10.conda#1b2a041d3eba43d117e78c3679ea5dc3
https://conda.anaconda.org/conda-forge/linux-aarch64/brotli-1.1.0-h31becfc_1.conda#e41f5862ac746428407f3fd44d2ed01f
https://conda.anaconda.org/conda-forge/linux-aarch64/brotli-python-1.1.0-py312h2aa54b4_1.conda#7253fd6feb797007a3d290bbcfd23a84
https://conda.anaconda.org/conda-forge/noarch/cached_property-1.5.2-pyha770c72_1.tar.bz2#576d629e47797577ab0f1b351297ef4a
https://conda.anaconda.org/conda-forge/noarch/certifi-2024.2.2-pyhd8ed1ab_0.conda#0876280e409658fc6f9e75d035960333
https://conda.anaconda.org/conda-forge/noarch/charset-normalizer-3.3.2-pyhd8ed1ab_0.conda#7f4a9e3fcff3f6356ae99244a014da6a
https://conda.anaconda.org/conda-forge/noarch/click-8.1.7-unix_pyh707e725_0.conda#f3ad426304898027fc619827ff428eca
https://conda.anaconda.org/conda-forge/noarch/cycler-0.12.1-pyhd8ed1ab_0.conda#5cd86562580f274031ede6aa6aa24441
https://conda.anaconda.org/conda-forge/linux-aarch64/fontconfig-2.14.2-ha9a116f_0.conda#6d2d19ea85f9d41534cd28fdefd59a25
https://conda.anaconda.org/conda-forge/linux-aarch64/freexl-2.0.0-h5428426_0.conda#1338ecf4f6072e376e87f3ae6bc34170
https://conda.anaconda.org/conda-forge/noarch/idna-3.7-pyhd8ed1ab_0.conda#c0cc1420498b17414d8617d0b9f506ca
https://conda.anaconda.org/conda-forge/linux-aarch64/kiwisolver-1.4.5-py312h721a97f_1.conda#3f53f74e99a5fa60e390e139bfe2ef5f
https://conda.anaconda.org/conda-forge/linux-aarch64/lcms2-2.16-h922389a_0.conda#ffdd8267a04c515e7ce69c727b051414
https://conda.anaconda.org/conda-forge/linux-aarch64/libblas-3.9.0-22_linuxaarch64_openblas.conda#068ab33f2382cda4dd0b72a715ad33b5
https://conda.anaconda.org/conda-forge/linux-aarch64/libcurl-8.7.1-h4e8248e_0.conda#4e38af63e8603414534bbebdd9885021
https://conda.anaconda.org/conda-forge/linux-aarch64/libgrpc-1.62.2-h98a9317_0.conda#2a669953ec0f08c2cc56bb43fed78de8
https://conda.anaconda.org/conda-forge/linux-aarch64/libpq-16.2-h58720eb_1.conda#08197815d955b96d6ad5ac18e2c8f322
https://conda.anaconda.org/conda-forge/linux-aarch64/markupsafe-2.1.5-py312h9ef2f89_0.conda#a00135adde3dfe19b9962c3c767c2129
https://conda.anaconda.org/conda-forge/noarch/munkres-1.1.4-pyh9f0ad1d_0.tar.bz2#2ba8498c1018c1e9c61eb99b973dfe19
https://conda.anaconda.org/conda-forge/noarch/networkx-3.3-pyhd8ed1ab_1.conda#d335fd5704b46f4efb89a6774e81aef0
https://conda.anaconda.org/conda-forge/linux-aarch64/openjpeg-2.5.2-h0d9d63b_0.conda#fd2898519e839d5ceb778343f39a3176
https://conda.anaconda.org/conda-forge/noarch/packaging-24.0-pyhd8ed1ab_0.conda#248f521b64ce055e7feae3105e7abeb8
https://conda.anaconda.org/conda-forge/noarch/pyparsing-3.1.2-pyhd8ed1ab_0.conda#b9a4dacf97241704529131a0dfc0494f
https://conda.anaconda.org/conda-forge/noarch/pysocks-1.7.1-pyha2e5f31_6.tar.bz2#2a7de29fb590ca14b5243c4c812c8025
https://conda.anaconda.org/conda-forge/noarch/python-tzdata-2024.1-pyhd8ed1ab_0.conda#98206ea9954216ee7540f0c773f2104d
https://conda.anaconda.org/conda-forge/noarch/pytz-2024.1-pyhd8ed1ab_0.conda#3eeeeb9e4827ace8c0c1419c85d590ad
https://conda.anaconda.org/conda-forge/linux-aarch64/rtree-1.2.0-py312h3b32434_0.conda#e3510a703f11a062a3b3640b8ac3b8d8
https://conda.anaconda.org/conda-forge/noarch/setuptools-69.5.1-pyhd8ed1ab_0.conda#7462280d81f639363e6e63c81276bd9e
https://conda.anaconda.org/conda-forge/noarch/six-1.16.0-pyh6c4a22f_0.tar.bz2#e5f25f8dbc060e9a8d912e432202afc2
https://conda.anaconda.org/conda-forge/noarch/threadpoolctl-3.5.0-pyhc1e730c_0.conda#df68d78237980a159bd7149f33c0e8fd
https://conda.anaconda.org/conda-forge/noarch/wheel-0.43.0-pyhd8ed1ab_1.conda#0b5293a157c2b5cd513dd1b03d8d3aae
https://conda.anaconda.org/conda-forge/linux-aarch64/xorg-libxext-1.3.4-h2a766a3_2.conda#0cea7d840c8eeaa4e349e0b4775c826d
https://conda.anaconda.org/conda-forge/linux-aarch64/xorg-libxrender-0.9.11-h7935292_0.conda#8c96b84f7fb97a3cd533a14dbdcd6626
https://conda.anaconda.org/conda-forge/noarch/xyzservices-2024.4.0-pyhd8ed1ab_0.conda#93dffc47dadbe36a1a644f3f50d4979d
https://conda.anaconda.org/conda-forge/linux-aarch64/aws-c-auth-0.7.18-h43c0ec5_0.conda#77b086728df35fd2fa1cfac0c9c4d5ec
https://conda.anaconda.org/conda-forge/linux-aarch64/aws-c-mqtt-0.10.4-h3321c0c_0.conda#668a5bc62fd705d1ef4130496ecab5f9
https://conda.anaconda.org/conda-forge/linux-aarch64/azure-core-cpp-1.11.1-hcd87347_1.conda#4216b1aa6b460414bfc29095805b0b49
https://conda.anaconda.org/conda-forge/noarch/cached-property-1.5.2-hd8ed1ab_1.tar.bz2#9b347a7ec10940d3f7941ff6c460b551
https://conda.anaconda.org/conda-forge/linux-aarch64/cairo-1.18.0-ha13f110_0.conda#425111f8cc6945c5d1307357dd819b9b
https://conda.anaconda.org/conda-forge/linux-aarch64/cfitsio-4.4.0-hf28c5f1_1.conda#f04132064f0ffe9b19d33c7982b7f20b
https://conda.anaconda.org/conda-forge/noarch/click-plugins-1.1.1-py_0.tar.bz2#4fd2c6b53934bd7d96d1f3fdaf99b79f
https://conda.anaconda.org/conda-forge/noarch/cligj-0.7.2-pyhd8ed1ab_1.tar.bz2#a29b7c141d6b2de4bb67788a5f107734
https://conda.anaconda.org/conda-forge/linux-aarch64/fonttools-4.51.0-py312hdd3e373_0.conda#524756ec93b828fc203390cf2aebb8ac
https://conda.anaconda.org/conda-forge/linux-aarch64/hdf5-1.14.3-nompi_ha486f32_100.conda#87cd6b1683c0eea2ba2856700aeee2cf
https://conda.anaconda.org/conda-forge/noarch/jinja2-3.1.3-pyhd8ed1ab_0.conda#e7d8df6509ba635247ff9aea31134262
https://conda.anaconda.org/conda-forge/noarch/joblib-1.4.0-pyhd8ed1ab_0.conda#e0ed1bf13ce3a440e022157bf4764465
https://conda.anaconda.org/conda-forge/linux-aarch64/libcblas-3.9.0-22_linuxaarch64_openblas.conda#fbe7fe553f2cc78a0311e009b26f180d
https://conda.anaconda.org/conda-forge/linux-aarch64/libgoogle-cloud-2.23.0-hd739bbb_1.conda#28b087119988d9cb764fab2384389018
https://conda.anaconda.org/conda-forge/linux-aarch64/liblapack-3.9.0-22_linuxaarch64_openblas.conda#8c709d281609792c39b1d5c0241f90f1
https://conda.anaconda.org/conda-forge/linux-aarch64/pillow-10.3.0-py312h317ddc0_0.conda#e13ac7228bc74789e99d038aa7fcfd21
https://conda.anaconda.org/conda-forge/noarch/pip-24.0-pyhd8ed1ab_0.conda#f586ac1e56c8638b64f9c8122a7b8a67
https://conda.anaconda.org/conda-forge/linux-aarch64/postgresql-16.2-h841b8aa_1.conda#4a561786a1734dbba64c12fd3acb715d
https://conda.anaconda.org/conda-forge/linux-aarch64/proj-9.4.0-h7b42f86_1.conda#bc557a0ac5cc1441215837ab91dc1040
https://conda.anaconda.org/conda-forge/noarch/python-dateutil-2.9.0-pyhd8ed1ab_0.conda#2cf4264fffb9e6eff6031c5b6884d61c
https://conda.anaconda.org/conda-forge/noarch/urllib3-2.2.1-pyhd8ed1ab_0.conda#08807a87fa7af10754d46f63b368e016
https://conda.anaconda.org/conda-forge/linux-aarch64/xerces-c-3.2.5-hf13c1fb_0.conda#5c6a84e179f9fc7f8e0890c28704a8ce
https://conda.anaconda.org/conda-forge/linux-aarch64/aws-c-s3-0.5.7-hc229ce1_2.conda#601f46bed5d96de8767101f12782b3af
https://conda.anaconda.org/conda-forge/linux-aarch64/azure-identity-cpp-1.6.0-hb6794ad_1.conda#d2fae6c0025b15144fdbd90ccf170ecc
https://conda.anaconda.org/conda-forge/linux-aarch64/azure-storage-common-cpp-12.5.0-h1090745_4.conda#e326d1cf91f4b71d7aa3b550335dd06a
https://conda.anaconda.org/conda-forge/noarch/branca-0.7.2-pyhd8ed1ab_0.conda#5f1c719f1cac0aee5e6bd6ca7d54a7fa
https://conda.anaconda.org/conda-forge/linux-aarch64/geotiff-1.7.1-hcdff95e_16.conda#68eaa1f95b10287b7ec67aa0d62fb95b
https://conda.anaconda.org/conda-forge/linux-aarch64/kealib-1.5.3-h4670d8b_0.conda#f1949c81436aab570e9ce976697566bf
https://conda.anaconda.org/conda-forge/linux-aarch64/libgoogle-cloud-storage-2.23.0-hdb39181_1.conda#0cdda7751432e9ec4255e19becdac10d
https://conda.anaconda.org/conda-forge/linux-aarch64/libnetcdf-4.9.2-nompi_h33102a8_113.conda#ea31ab8d4f2168dd9e9f5d15ede2bb48
https://conda.anaconda.org/conda-forge/linux-aarch64/libspatialite-5.1.0-h767e56b_5.conda#616e7cbb7ef3b4fa5c8b2d878849e447
https://conda.anaconda.org/conda-forge/linux-aarch64/numpy-1.26.4-py312h470d778_0.conda#9cebf5a06cb87d4569cd68df887af476
https://conda.anaconda.org/conda-forge/linux-aarch64/poppler-24.04.0-hc4ede38_0.conda#507807a913f10d645af5fb54511d8d09
https://conda.anaconda.org/conda-forge/linux-aarch64/pyproj-3.6.1-py312hef94e87_6.conda#8ee3314c7680431dbda9e18eda3b48f8
https://conda.anaconda.org/conda-forge/noarch/requests-2.31.0-pyhd8ed1ab_0.conda#a30144e4156cdbb236f99ebb49828f8b
https://conda.anaconda.org/conda-forge/linux-aarch64/aws-crt-cpp-0.26.8-haf6b72a_2.conda#a501574dd0da6a470f354ea939993aa4
https://conda.anaconda.org/conda-forge/linux-aarch64/azure-storage-blobs-cpp-12.10.0-h2a328a1_1.conda#6190ec9fd18387429ff3affaa34c2c02
https://conda.anaconda.org/conda-forge/linux-aarch64/contourpy-1.2.1-py312h8f0b210_0.conda#8cb92242bb79749ed43e081170ee2fe5
https://conda.anaconda.org/conda-forge/noarch/folium-0.16.0-pyhd8ed1ab_0.conda#cb1d2aa705a5b1f0fbdabd1beebce205
https://conda.anaconda.org/conda-forge/linux-aarch64/h5py-3.11.0-nompi_py312h26dfba4_100.conda#86672027bbd53afd89e5ba75831c399d
https://conda.anaconda.org/conda-forge/linux-aarch64/pandas-2.2.2-py312hc56aa73_0.conda#cc34f11017b86600f288aa7754c2155b
https://conda.anaconda.org/conda-forge/linux-aarch64/scipy-1.13.0-py312h470d778_0.conda#f97ccb14ab46f25d508e29fb19c920ce
https://conda.anaconda.org/conda-forge/linux-aarch64/shapely-2.0.4-py312h15622cc_0.conda#c03f125967a2c172ad0e53fb3bedbb6a
https://conda.anaconda.org/conda-forge/linux-aarch64/aws-sdk-cpp-1.11.267-h8bf6445_7.conda#6919123300ba72cad74f8172efce2088
https://conda.anaconda.org/conda-forge/noarch/geopandas-base-0.14.4-pyha770c72_0.conda#b7a9e8e5865cc474fb0856577898316a
https://conda.anaconda.org/conda-forge/linux-aarch64/matplotlib-base-3.8.4-py312h132ec79_0.conda#91f6e7afe1d19ffedf6c40b642b4fd08
https://conda.anaconda.org/conda-forge/linux-aarch64/scikit-learn-1.4.2-py312ha513981_0.conda#ff8b88585ce2713cb65aac5529f3e5a3
https://conda.anaconda.org/conda-forge/linux-aarch64/libarrow-15.0.2-hda7f696_6_cpu.conda#fa22c49e17144adf670a3d2b6bc1cf27
https://conda.anaconda.org/conda-forge/noarch/mapclassify-2.6.1-pyhd8ed1ab_0.conda#6aceae1ad4f16cf7b73ee04189947f98
https://conda.anaconda.org/conda-forge/linux-aarch64/tiledb-2.22.0-hdb39961_3.conda#21227f04c48897c017b67a6269537828
https://conda.anaconda.org/conda-forge/linux-aarch64/libarrow-acero-15.0.2-h8b12148_6_cpu.conda#aac592f260e68371c5fcfd05be5686e0
https://conda.anaconda.org/conda-forge/linux-aarch64/libarrow-flight-15.0.2-hd4682af_6_cpu.conda#72b01a55c430187dba6f82a53e8c682b
https://conda.anaconda.org/conda-forge/linux-aarch64/libarrow-gandiva-15.0.2-hb8d7e52_6_cpu.conda#ed182d79c730dda20f6b3f2a615f0401
https://conda.anaconda.org/conda-forge/linux-aarch64/libgdal-3.8.5-h5c3be40_2.conda#aac63e1720fac1da721fbcf4ee1210c0
https://conda.anaconda.org/conda-forge/linux-aarch64/libparquet-15.0.2-hc6232f2_6_cpu.conda#00a2a7c5a0850922db37858cb248c7e7
https://conda.anaconda.org/conda-forge/linux-aarch64/gdal-3.8.5-py312h3625138_2.conda#d18b55e1b93b809f114ff828cfa5d293
https://conda.anaconda.org/conda-forge/linux-aarch64/libarrow-dataset-15.0.2-h8b12148_6_cpu.conda#1818367f500c613c99718e5e08a9b5b7
https://conda.anaconda.org/conda-forge/linux-aarch64/libarrow-flight-sql-15.0.2-hd65ccc5_6_cpu.conda#1b55b4c65b3b183da89274bab9f0aa44
https://conda.anaconda.org/conda-forge/linux-aarch64/fiona-1.9.6-py312h78df3c0_0.conda#e50602a492e7e5a6bfd366a132cd3261
https://conda.anaconda.org/conda-forge/linux-aarch64/libarrow-substrait-15.0.2-h848f5c6_6_cpu.conda#64f812b9a11b5d17c03926aa59e5ef25
https://conda.anaconda.org/conda-forge/noarch/geopandas-0.14.4-pyhd8ed1ab_0.conda#acc01facf6f915b6289a064957a58cc1
https://conda.anaconda.org/conda-forge/linux-aarch64/pyarrow-15.0.2-py312hfd4cb0c_6_cpu.conda#c8afdc9d64a855459d2eb2520d81f52e
