# Generated by conda-lock.
# platform: linux-aarch64
# input_hash: c2de9ded37e7c59d2854e20d4f68ac68ed0a044c688b08c1c3301a1859b0a1a8
@EXPLICIT
https://conda.anaconda.org/conda-forge/linux-aarch64/_py-xgboost-mutex-2.0-gpu_0.conda#013f4c3f276ec9aa27c1623aff7abed9
https://conda.anaconda.org/conda-forge/linux-aarch64/ca-certificates-2024.8.30-hcefe29a_0.conda#70e57e8f59d2c98f86b49c69e5074be5
https://conda.anaconda.org/conda-forge/noarch/cuda-version-11.8-h70ddcb2_3.conda#670f0e1593b8c1d84f57ad5fe5256799
https://conda.anaconda.org/conda-forge/noarch/font-ttf-dejavu-sans-mono-2.37-hab24e00_0.tar.bz2#0c96522c6bdaed4b1566d11387caaf45
https://conda.anaconda.org/conda-forge/noarch/font-ttf-inconsolata-3.000-h77eed37_0.tar.bz2#34893075a5c9e55cdafac56607368fc6
https://conda.anaconda.org/conda-forge/noarch/font-ttf-source-code-pro-2.038-h77eed37_0.tar.bz2#4d59c254e01d9cde7957100457e2d5fb
https://conda.anaconda.org/conda-forge/noarch/font-ttf-ubuntu-0.83-h77eed37_2.conda#cbbe59391138ea5ad3658c76912e147f
https://conda.anaconda.org/conda-forge/linux-aarch64/ld_impl_linux-aarch64-2.40-h9fc2d93_7.conda#1b0feef706f4d03eff0b76626ead64fc
https://conda.anaconda.org/conda-forge/linux-aarch64/libgomp-14.1.0-he277a41_1.conda#59d463d51eda114031e52667843f9665
https://conda.anaconda.org/conda-forge/noarch/nomkl-1.0-h5ca1d4c_0.tar.bz2#9a66894dfd07c4510beb6b3f9672ccc0
https://conda.anaconda.org/conda-forge/noarch/poppler-data-0.4.12-hd8ed1ab_0.conda#d8d7293c5b37f39b2ac32940621c6592
https://conda.anaconda.org/conda-forge/linux-aarch64/python_abi-3.12-5_cp312.conda#62b20f305498284a07dc6c45fd0e5c87
https://conda.anaconda.org/conda-forge/noarch/tzdata-2024a-h8827d51_1.conda#8bfdead4e0fff0383ae4c9c50d0531bd
https://conda.anaconda.org/conda-forge/linux-aarch64/_openmp_mutex-4.5-2_gnu.tar.bz2#6168d71addc746e8f2b8d57dfd2edcea
https://conda.anaconda.org/conda-forge/noarch/fonts-conda-forge-1-0.tar.bz2#f766549260d6815b0c52253f1fb1bb29
https://conda.anaconda.org/conda-forge/noarch/fonts-conda-ecosystem-1-0.tar.bz2#fee5683a3f04bd15cbd8318b096a27ab
https://conda.anaconda.org/conda-forge/linux-aarch64/libgcc-14.1.0-he277a41_1.conda#2cb475709e327bb76f74645784582e6a
https://conda.anaconda.org/conda-forge/linux-aarch64/libbrotlicommon-1.1.0-h86ecc28_2.conda#3ee026955c688f551a9999840cff4c67
https://conda.anaconda.org/conda-forge/linux-aarch64/libgcc-ng-14.1.0-he9431aa_1.conda#842a1a0cf6f995091734a723e5d291ef
https://conda.anaconda.org/conda-forge/linux-aarch64/libgfortran5-14.1.0-h9420597_1.conda#f30cf31e474062ea51481d4181ee15df
https://conda.anaconda.org/conda-forge/linux-aarch64/libstdcxx-14.1.0-h3f4de04_1.conda#6c2afef2109372440a90c566bcb6391c
https://conda.anaconda.org/conda-forge/linux-aarch64/aws-c-common-0.9.27-h68df207_0.conda#fde4839338cd5ea729c561785320b23e
https://conda.anaconda.org/conda-forge/linux-aarch64/bzip2-1.0.8-h68df207_7.conda#56398c28220513b9ea13d7b450acfb20
https://conda.anaconda.org/conda-forge/linux-aarch64/c-ares-1.33.1-ha64f414_0.conda#2165b9057be5ecaa90f2efd192f1155e
https://conda.anaconda.org/conda-forge/linux-aarch64/giflib-5.2.2-h31becfc_0.conda#2f809afaf0ba1ea4135dce158169efac
https://conda.anaconda.org/conda-forge/linux-aarch64/json-c-0.17-hf9262ea_1.conda#f9f65f64ab18c6bbbd6cd780c8ae3a1f
https://conda.anaconda.org/conda-forge/linux-aarch64/keyutils-1.6.1-h4e544f5_0.tar.bz2#1f24853e59c68892452ef94ddd8afd4b
https://conda.anaconda.org/conda-forge/linux-aarch64/libbrotlidec-1.1.0-h86ecc28_2.conda#e64d0f3b59c7c4047446b97a8624a72d
https://conda.anaconda.org/conda-forge/linux-aarch64/libbrotlienc-1.1.0-h86ecc28_2.conda#0e9bd365480c72b25c71a448257b537d
https://conda.anaconda.org/conda-forge/linux-aarch64/libdeflate-1.21-h68df207_0.conda#806c74df6dcf96adea47c7829b264f80
https://conda.anaconda.org/conda-forge/linux-aarch64/libev-4.33-h31becfc_2.conda#a9a13cb143bbaa477b1ebaefbe47a302
https://conda.anaconda.org/conda-forge/linux-aarch64/libexpat-2.6.2-h2f0025b_0.conda#1b9f46b804a2c3c5d7fd6a80b77c35f9
https://conda.anaconda.org/conda-forge/linux-aarch64/libffi-3.4.2-h3557bc0_5.tar.bz2#dddd85f4d52121fab0a8b099c5e06501
https://conda.anaconda.org/conda-forge/linux-aarch64/libgfortran-14.1.0-he9431aa_1.conda#c0b5e52811ae0997f9df25a99846eb9e
https://conda.anaconda.org/conda-forge/linux-aarch64/libiconv-1.17-h31becfc_2.conda#9a8eb13f14de7d761555a98712e6df65
https://conda.anaconda.org/conda-forge/linux-aarch64/libjpeg-turbo-3.0.0-h31becfc_1.conda#ed24e702928be089d9ba3f05618515c6
https://conda.anaconda.org/conda-forge/linux-aarch64/libnsl-2.0.1-h31becfc_0.conda#c14f32510f694e3185704d89967ec422
https://conda.anaconda.org/conda-forge/linux-aarch64/libstdcxx-ng-14.1.0-hf1166c9_1.conda#51f54efdd1d2ed5d7e9c67381b75fdb1
https://conda.anaconda.org/conda-forge/linux-aarch64/libutf8proc-2.8.0-h4e544f5_0.tar.bz2#bf0defbd8ac06270fb5ec05c85fb3c96
https://conda.anaconda.org/conda-forge/linux-aarch64/libuuid-2.38.1-hb4cce97_0.conda#000e30b09db0b7c775b21695dff30969
https://conda.anaconda.org/conda-forge/linux-aarch64/libuv-1.48.0-h31becfc_0.conda#97f754b22f63a943345bd807e1d51e01
https://conda.anaconda.org/conda-forge/linux-aarch64/libwebp-base-1.4.0-h31becfc_0.conda#5fd7ab3e5f382c70607fbac6335e6e19
https://conda.anaconda.org/conda-forge/linux-aarch64/libxcrypt-4.4.36-h31becfc_1.conda#b4df5d7d4b63579d081fd3a4cf99740e
https://conda.anaconda.org/conda-forge/linux-aarch64/libzlib-1.3.1-h68df207_1.conda#b13fb82f88902e34dd0638cd7d378c21
https://conda.anaconda.org/conda-forge/linux-aarch64/lzo-2.10-h31becfc_1001.conda#004025fe20a11090e0b02154f413a758
https://conda.anaconda.org/conda-forge/linux-aarch64/ncurses-6.5-hcccb83c_1.conda#91d49c85cacd92caa40cf375ef72a25d
https://conda.anaconda.org/conda-forge/linux-aarch64/openssl-3.3.1-h86ecc28_3.conda#7f591390401ad65781372240424ab7fc
https://conda.anaconda.org/conda-forge/linux-aarch64/pthread-stubs-0.4-hb9de7d4_1001.tar.bz2#d0183ec6ce0b5aaa3486df25fa5f0ded
https://conda.anaconda.org/conda-forge/linux-aarch64/tzcode-2024a-h31becfc_0.conda#d7691e522a386b757332784ee7f9906f
https://conda.anaconda.org/conda-forge/linux-aarch64/xorg-kbproto-1.0.7-h3557bc0_1002.tar.bz2#ec8ce6b3dac3945a4010559a6284b755
https://conda.anaconda.org/conda-forge/linux-aarch64/xorg-libice-1.1.1-h7935292_0.conda#025968e2637bca910b9b3e7f6743beff
https://conda.anaconda.org/conda-forge/linux-aarch64/xorg-libxau-1.0.11-h31becfc_0.conda#13de34f69cb73165dbe08c1e9148bedb
https://conda.anaconda.org/conda-forge/linux-aarch64/xorg-libxdmcp-1.1.3-h3557bc0_0.tar.bz2#a6c9016ae1ca5c47a3603ed4cd65fedd
https://conda.anaconda.org/conda-forge/linux-aarch64/xorg-renderproto-0.11.1-h3557bc0_1002.tar.bz2#01cbfe96ce66b78a9a270ac305791dd2
https://conda.anaconda.org/conda-forge/linux-aarch64/xorg-xextproto-7.3.0-h2a766a3_1003.conda#32de1e4422c986e3b6eff59e7edc4d04
https://conda.anaconda.org/conda-forge/linux-aarch64/xorg-xproto-7.0.31-h3557bc0_1007.tar.bz2#987e98faa0ad2c667bbea6b6aae260bc
https://conda.anaconda.org/conda-forge/linux-aarch64/xz-5.2.6-h9cdd2b7_0.tar.bz2#83baad393a31d59c20b63ba4da6592df
https://conda.anaconda.org/conda-forge/linux-aarch64/aws-c-cal-0.7.4-h90eab9b_0.conda#ded013e814779cfacdb85c3585eeb6b4
https://conda.anaconda.org/conda-forge/linux-aarch64/aws-c-compression-0.2.19-h6cafaa5_0.conda#46860335fafb47b132ba8d8bc4c76ce9
https://conda.anaconda.org/conda-forge/linux-aarch64/aws-c-sdkutils-0.1.19-hc4ff714_2.conda#37283267dc5260e9897b8ab95362c735
https://conda.anaconda.org/conda-forge/linux-aarch64/aws-checksums-0.1.18-hc4ff714_10.conda#f0bd0175a0e244ea6bb5b90a0af0ed7e
https://conda.anaconda.org/conda-forge/linux-aarch64/brotli-bin-1.1.0-h86ecc28_2.conda#7d48b185fe1f722f8cda4539bb931f85
https://conda.anaconda.org/conda-forge/linux-aarch64/expat-2.6.2-h2f0025b_0.conda#6d31100ba1e12773b4f1ef0693fb0169
https://conda.anaconda.org/conda-forge/linux-aarch64/fmt-11.0.2-h70be974_0.conda#32feda3daf08ff832cf9d55bab2432d6
https://conda.anaconda.org/conda-forge/linux-aarch64/geos-3.12.2-h0a1ffab_1.conda#1c96c4fea8a0bdfc86a2be404234cda5
https://conda.anaconda.org/conda-forge/linux-aarch64/gflags-2.2.2-h54f1f3f_1004.tar.bz2#f286d3464cc8d467c92e4f17990c98c1
https://conda.anaconda.org/conda-forge/linux-aarch64/gmp-6.3.0-h0a1ffab_2.conda#7cbfb3a8bb1b78a7f5518654ac6725ad
https://conda.anaconda.org/conda-forge/linux-aarch64/hdf4-4.2.15-hb6ba311_7.conda#e1b6676b77b9690d07ea25de48aed97e
https://conda.anaconda.org/conda-forge/linux-aarch64/icu-75.1-hf9b3779_0.conda#268203e8b983fddb6412b36f2024e75c
https://conda.anaconda.org/conda-forge/linux-aarch64/lerc-4.0.0-h4de3ea5_0.tar.bz2#1a0ffc65e03ce81559dbcb0695ad1476
https://conda.anaconda.org/conda-forge/linux-aarch64/libabseil-20240116.2-cxx17_h0a1ffab_1.conda#9cadd103cf89edb2ea68d33728511158
https://conda.anaconda.org/conda-forge/linux-aarch64/libaec-1.1.3-h2f0025b_0.conda#e52c4a30901a90354855e40992af907d
https://conda.anaconda.org/conda-forge/linux-aarch64/libcrc32c-1.1.2-h01db608_0.tar.bz2#268ee639c17ada0002fb04dd21816cc2
https://conda.anaconda.org/conda-forge/linux-aarch64/libedit-3.1.20191231-he28a2e2_2.tar.bz2#29371161d77933a54fccf1bb66b96529
https://conda.anaconda.org/conda-forge/linux-aarch64/libevent-2.1.12-h4ba1bb4_1.conda#96ae6083cd1ac9f6bc81631ac835b317
https://conda.anaconda.org/conda-forge/linux-aarch64/libgfortran-ng-14.1.0-he9431aa_1.conda#494514d173c7a4eb00957dc203b4d784
https://conda.anaconda.org/conda-forge/linux-aarch64/libllvm14-14.0.6-h966f666_4.conda#2174896f810f800bb63775855c497c3c
https://conda.anaconda.org/conda-forge/linux-aarch64/libnghttp2-1.58.0-hb0e430d_1.conda#8f724cdddffa79152de61f5564a3526b
https://conda.anaconda.org/conda-forge/linux-aarch64/libpng-1.6.43-h194ca79_0.conda#1123e504d9254dd9494267ab9aba95f0
https://conda.anaconda.org/conda-forge/linux-aarch64/libsqlite-3.46.1-hc4a20ef_0.conda#cd559337c1bd9545ecbeaad017e7d878
https://conda.anaconda.org/conda-forge/linux-aarch64/libssh2-1.11.0-h492db2e_0.conda#45532845e121677ad328c9af9953f161
https://conda.anaconda.org/conda-forge/linux-aarch64/libxcb-1.16-h57736b2_1.conda#8d502f235bf4f3ce1f288cb1ff3a90b6
https://conda.anaconda.org/conda-forge/linux-aarch64/libzip-1.10.1-h4156a30_3.conda#ad9400456170b46f2615bdd48dff87fe
https://conda.anaconda.org/conda-forge/linux-aarch64/lz4-c-1.9.4-hd600fc2_0.conda#500145a83ed07ce79c8cef24252f366b
https://conda.anaconda.org/conda-forge/linux-aarch64/nccl-2.22.3.1-hd33cd65_1.conda#d37eedba7e357fb449d3f9a3d5f57883
https://conda.anaconda.org/conda-forge/linux-aarch64/nspr-4.35-h4de3ea5_0.conda#7a392f26f76fc55354c8ed60c2b99162
https://conda.anaconda.org/conda-forge/linux-aarch64/pcre2-10.44-h070dd5b_2.conda#94022de9682cb1a0bb18a99cbc3541b3
https://conda.anaconda.org/conda-forge/linux-aarch64/pixman-0.43.4-h2f0025b_0.conda#81b2ddea4b0eca188da9c5a7aa4b0cff
https://conda.anaconda.org/conda-forge/linux-aarch64/qhull-2020.2-h70be974_5.conda#bb138086d938e2b64f5f364945793ebf
https://conda.anaconda.org/conda-forge/linux-aarch64/readline-8.2-h8fc344f_1.conda#105eb1e16bf83bfb2eb380a48032b655
https://conda.anaconda.org/conda-forge/linux-aarch64/s2n-1.5.1-h52a6840_0.conda#ac5334dccded86c13200926dd6f51345
https://conda.anaconda.org/conda-forge/linux-aarch64/sleef-3.6.1-h8fb0607_3.conda#f758d9e1bd7ebb15004a00b3b0885ce5
https://conda.anaconda.org/conda-forge/linux-aarch64/snappy-1.2.1-h1088aeb_0.conda#e4ed5b015f525b56f95c26d85a4ea208
https://conda.anaconda.org/conda-forge/linux-aarch64/tk-8.6.13-h194ca79_0.conda#f75105e0585851f818e0009dd1dde4dc
https://conda.anaconda.org/conda-forge/linux-aarch64/uriparser-0.9.8-h0a1ffab_0.conda#7e9a7e1e1e9d6e827d2cfda21c22853e
https://conda.anaconda.org/conda-forge/linux-aarch64/xorg-libsm-1.2.4-h5a01bc2_0.conda#d788eca20ecd63bad8eea7219e5c5fb7
https://conda.anaconda.org/conda-forge/linux-aarch64/zlib-1.3.1-h68df207_1.conda#6031f9e32654fbdb9fdba406ab980517
https://conda.anaconda.org/conda-forge/linux-aarch64/zstd-1.5.6-h02f22dd_0.conda#be8d5f8cf21aed237b8b182ea86b3dd6
https://conda.anaconda.org/conda-forge/linux-aarch64/aws-c-io-0.14.18-h72c02b9_7.conda#617100a7bc1813d5e1b259aabb800b28
https://conda.anaconda.org/conda-forge/linux-aarch64/blosc-1.21.6-hd2997c2_0.conda#7e34841d8b76a87cb9ed5b2028f0f37f
https://conda.anaconda.org/conda-forge/linux-aarch64/brotli-1.1.0-h86ecc28_2.conda#5094acc34eb173f74205c0b55f0dd4a4
https://conda.anaconda.org/conda-forge/linux-aarch64/freetype-2.12.1-hf0a5ef3_2.conda#a5ab74c5bd158c3d5532b66d8d83d907
https://conda.anaconda.org/conda-forge/linux-aarch64/glog-0.7.1-h468a4a4_0.conda#08940a32c6ced3703d1412dd37df4f62
https://conda.anaconda.org/conda-forge/linux-aarch64/krb5-1.21.3-h50a48e9_0.conda#29c10432a2ca1472b53f299ffb2ffa37
https://conda.anaconda.org/conda-forge/linux-aarch64/libglib-2.80.3-haee52c6_2.conda#937a787ab5789a1e0c818b9545b6deb9
https://conda.anaconda.org/conda-forge/linux-aarch64/libkml-1.3.0-h62bc5a7_1021.conda#dfa83014442562a942f78942a259d07e
https://conda.anaconda.org/conda-forge/linux-aarch64/libopenblas-0.3.27-pthreads_h076ed1e_1.conda#cc0a15e3a6f92f454b6132ca6aca8e8d
https://conda.anaconda.org/conda-forge/linux-aarch64/libprotobuf-4.25.3-h648ac29_0.conda#a239d63913ec9e008bdbe35899f677f4
https://conda.anaconda.org/conda-forge/linux-aarch64/libre2-11-2023.09.01-h9d008c2_2.conda#387c114aadcaeb02210f646c4b5efca2
https://conda.anaconda.org/conda-forge/linux-aarch64/librttopo-1.1.0-h09255ea_16.conda#e4a458bee223b66cff507c08cbf79a72
https://conda.anaconda.org/conda-forge/linux-aarch64/libthrift-0.20.0-h154c74f_1.conda#c0bd829d4ef1b1be0c5b8bf206c0cd6d
https://conda.anaconda.org/conda-forge/linux-aarch64/libtiff-4.6.0-h395e79b_4.conda#07ac339fcab2d44ddfd9b8ac58e80a05
https://conda.anaconda.org/conda-forge/linux-aarch64/libxgboost-2.1.1-cuda118_heeb6262_2.conda#29758777755ea22a5d66e7e89522efc1
https://conda.anaconda.org/conda-forge/linux-aarch64/libxml2-2.12.7-h00a45b3_4.conda#d25c3e16ee77cd25342e4e235424c758
https://conda.anaconda.org/conda-forge/linux-aarch64/minizip-4.0.7-h77a9e90_0.conda#7c8cd307bc5c00bdba33e1c11685b3b4
https://conda.anaconda.org/conda-forge/linux-aarch64/mpfr-4.2.1-ha2d0fc4_1.conda#c32a22a0daa21b7c4bc919a51c824d91
https://conda.anaconda.org/conda-forge/linux-aarch64/nss-3.104-hbe714ee_0.conda#8988326ad9b01523849117b1eef6d9e2
https://conda.anaconda.org/conda-forge/linux-aarch64/python-3.12.5-hb188aa9_0_cpython.conda#29d0b64c0b5e812fe96a42dcb471a7da
https://conda.anaconda.org/conda-forge/linux-aarch64/spdlog-1.14.1-h9d9cc24_1.conda#771630cc938de801e261c3a069d22a68
https://conda.anaconda.org/conda-forge/linux-aarch64/sqlite-3.46.1-h578a6b9_0.conda#6eed5c8ca8a58cd77a6f515997a4173a
https://conda.anaconda.org/conda-forge/linux-aarch64/xorg-libx11-1.8.9-h08be655_1.conda#66470f69e83673153ef02a2ebc018915
https://conda.anaconda.org/conda-forge/noarch/affine-2.4.0-pyhd8ed1ab_0.conda#ae5f4ad87126c55ba3f690ef07f81d64
https://conda.anaconda.org/conda-forge/noarch/attrs-24.2.0-pyh71513ae_0.conda#6732fa52eb8e66e5afeb32db8701a791
https://conda.anaconda.org/conda-forge/linux-aarch64/aws-c-event-stream-0.4.3-h3cf9a1f_0.conda#11f18951b2a5c9eecb078f6779bb7315
https://conda.anaconda.org/conda-forge/linux-aarch64/aws-c-http-0.8.8-h738f7d9_1.conda#8e814bd366034a5cdf3b48f334b2fbe0
https://conda.anaconda.org/conda-forge/linux-aarch64/brotli-python-1.1.0-py312h6f74592_2.conda#e1e9727063057168d95f27a032acd0a4
https://conda.anaconda.org/conda-forge/noarch/cached_property-1.5.2-pyha770c72_1.tar.bz2#576d629e47797577ab0f1b351297ef4a
https://conda.anaconda.org/conda-forge/noarch/certifi-2024.8.30-pyhd8ed1ab_0.conda#12f7d00853807b0531775e9be891cb11
https://conda.anaconda.org/conda-forge/noarch/charset-normalizer-3.3.2-pyhd8ed1ab_0.conda#7f4a9e3fcff3f6356ae99244a014da6a
https://conda.anaconda.org/conda-forge/noarch/click-8.1.7-unix_pyh707e725_0.conda#f3ad426304898027fc619827ff428eca
https://conda.anaconda.org/conda-forge/noarch/colorama-0.4.6-pyhd8ed1ab_0.tar.bz2#3faab06a954c2a04039983f2c4a50d99
https://conda.anaconda.org/conda-forge/noarch/cycler-0.12.1-pyhd8ed1ab_0.conda#5cd86562580f274031ede6aa6aa24441
https://conda.anaconda.org/conda-forge/noarch/dill-0.3.8-pyhd8ed1ab_0.conda#78745f157d56877a2c6e7b386f66f3e2
https://conda.anaconda.org/conda-forge/noarch/filelock-3.15.4-pyhd8ed1ab_0.conda#0e7e4388e9d5283e22b35a9443bdbcc9
https://conda.anaconda.org/conda-forge/linux-aarch64/fontconfig-2.14.2-ha9a116f_0.conda#6d2d19ea85f9d41534cd28fdefd59a25
https://conda.anaconda.org/conda-forge/linux-aarch64/freexl-2.0.0-h5428426_0.conda#1338ecf4f6072e376e87f3ae6bc34170
https://conda.anaconda.org/conda-forge/noarch/fsspec-2024.6.1-pyhff2d567_0.conda#996bf792cdb8c0ac38ff54b9fde56841
https://conda.anaconda.org/conda-forge/noarch/hpack-4.0.0-pyh9f0ad1d_0.tar.bz2#914d6646c4dbb1fd3ff539830a12fd71
https://conda.anaconda.org/conda-forge/noarch/hyperframe-6.0.1-pyhd8ed1ab_0.tar.bz2#9f765cbfab6870c8435b9eefecd7a1f4
https://conda.anaconda.org/conda-forge/noarch/idna-3.8-pyhd8ed1ab_0.conda#99e164522f6bdf23c177c8d9ae63f975
https://conda.anaconda.org/conda-forge/linux-aarch64/kiwisolver-1.4.5-py312h88dc405_2.conda#65b14bb92bd53d3148ec1156573de098
https://conda.anaconda.org/conda-forge/linux-aarch64/lcms2-2.16-h922389a_0.conda#ffdd8267a04c515e7ce69c727b051414
https://conda.anaconda.org/conda-forge/linux-aarch64/libarchive-3.7.4-h2c0effa_0.conda#f072f6e4884e984e9d78e1523ecfed32
https://conda.anaconda.org/conda-forge/linux-aarch64/libblas-3.9.0-23_linuxaarch64_openblas.conda#3ac1ad627e1a07fae62556d6aabafdfd
https://conda.anaconda.org/conda-forge/linux-aarch64/libcurl-8.9.1-hfa30633_0.conda#efeb999ea2b519696001823b8e49cdbd
https://conda.anaconda.org/conda-forge/linux-aarch64/libpq-16.4-hb7c570e_1.conda#89e92105d664ac0fdb9720b9c3f24179
https://conda.anaconda.org/conda-forge/linux-aarch64/llvmlite-0.43.0-py312h5c0e79f_1.conda#76f6fcab49ce02c1a018c821ff705dd6
https://conda.anaconda.org/conda-forge/linux-aarch64/markupsafe-2.1.5-py312h52516f5_1.conda#4d57ed884c877a0e0e371e57104e8e90
https://conda.anaconda.org/conda-forge/linux-aarch64/mpc-1.3.1-h5fd8e47_0.conda#c68df34f79baa1b0e901483e313d71cd
https://conda.anaconda.org/conda-forge/noarch/mpmath-1.3.0-pyhd8ed1ab_0.conda#dbf6e2d89137da32fa6670f3bffc024e
https://conda.anaconda.org/conda-forge/noarch/munkres-1.1.4-pyh9f0ad1d_0.tar.bz2#2ba8498c1018c1e9c61eb99b973dfe19
https://conda.anaconda.org/conda-forge/noarch/networkx-3.3-pyhd8ed1ab_1.conda#d335fd5704b46f4efb89a6774e81aef0
https://conda.anaconda.org/conda-forge/linux-aarch64/openjpeg-2.5.2-h0d9d63b_0.conda#fd2898519e839d5ceb778343f39a3176
https://conda.anaconda.org/conda-forge/linux-aarch64/orc-2.0.2-h383807c_0.conda#e910dc97dc0ce4ab1e1a87f49aff89fd
https://conda.anaconda.org/conda-forge/noarch/packaging-24.1-pyhd8ed1ab_0.conda#cbe1bb1f21567018ce595d9c2be0f0db
https://conda.anaconda.org/conda-forge/noarch/pox-0.3.4-pyhd8ed1ab_0.conda#d5502ff0ec33b87f7ab7bc373d0e42ff
https://conda.anaconda.org/conda-forge/noarch/ppft-1.7.6.8-pyhd8ed1ab_0.conda#a104e8b98901dc1bc0b916f7e18b5e39
https://conda.anaconda.org/conda-forge/noarch/pycparser-2.22-pyhd8ed1ab_0.conda#844d9eb3b43095b031874477f7d70088
https://conda.anaconda.org/conda-forge/noarch/pyparsing-3.1.4-pyhd8ed1ab_0.conda#4d91352a50949d049cf9714c8563d433
https://conda.anaconda.org/conda-forge/noarch/pysocks-1.7.1-pyha2e5f31_6.tar.bz2#2a7de29fb590ca14b5243c4c812c8025
https://conda.anaconda.org/conda-forge/noarch/python-tzdata-2024.1-pyhd8ed1ab_0.conda#98206ea9954216ee7540f0c773f2104d
https://conda.anaconda.org/conda-forge/noarch/pytz-2024.1-pyhd8ed1ab_0.conda#3eeeeb9e4827ace8c0c1419c85d590ad
https://conda.anaconda.org/conda-forge/linux-aarch64/re2-2023.09.01-h9caee61_2.conda#a9667ab785e1686d53313364c695f58e
https://conda.anaconda.org/conda-forge/noarch/setuptools-73.0.1-pyhd8ed1ab_0.conda#f0b618d7673d1b2464f600b34d912f6f
https://conda.anaconda.org/conda-forge/noarch/six-1.16.0-pyh6c4a22f_0.tar.bz2#e5f25f8dbc060e9a8d912e432202afc2
https://conda.anaconda.org/conda-forge/noarch/threadpoolctl-3.5.0-pyhc1e730c_0.conda#df68d78237980a159bd7149f33c0e8fd
https://conda.anaconda.org/conda-forge/noarch/typing_extensions-4.12.2-pyha770c72_0.conda#ebe6952715e1d5eb567eeebf25250fa7
https://conda.anaconda.org/conda-forge/noarch/wheel-0.44.0-pyhd8ed1ab_0.conda#d44e3b085abcaef02983c6305b84b584
https://conda.anaconda.org/conda-forge/linux-aarch64/xorg-libxext-1.3.4-h2a766a3_2.conda#0cea7d840c8eeaa4e349e0b4775c826d
https://conda.anaconda.org/conda-forge/linux-aarch64/xorg-libxrender-0.9.11-h7935292_0.conda#8c96b84f7fb97a3cd533a14dbdcd6626
https://conda.anaconda.org/conda-forge/noarch/xyzservices-2024.9.0-pyhd8ed1ab_0.conda#156c91e778c1d4d57b709f8c5333fd06
https://conda.anaconda.org/conda-forge/linux-aarch64/aws-c-auth-0.7.26-h8b3868a_2.conda#3cbbe0605696ac7525de139ac6a8b787
https://conda.anaconda.org/conda-forge/linux-aarch64/aws-c-mqtt-0.10.4-h1d106f6_18.conda#170faed3e909c5a350b31b80c00957ba
https://conda.anaconda.org/conda-forge/linux-aarch64/azure-core-cpp-1.13.0-h60f91e5_0.conda#fc41d5a9f2c98fd37324c20f47b0124b
https://conda.anaconda.org/conda-forge/noarch/cached-property-1.5.2-hd8ed1ab_1.tar.bz2#9b347a7ec10940d3f7941ff6c460b551
https://conda.anaconda.org/conda-forge/linux-aarch64/cairo-1.18.0-hdb1a16f_3.conda#080659f02bf2202c57f1cda4f9e51f21
https://conda.anaconda.org/conda-forge/linux-aarch64/cffi-1.17.0-py312hac81daf_1.conda#019c21ad23e177293b984f21e0db6cd6
https://conda.anaconda.org/conda-forge/linux-aarch64/cfitsio-4.4.1-h14ced4b_0.conda#48b3df2b55f007499bc4e69e408db019
https://conda.anaconda.org/conda-forge/noarch/click-plugins-1.1.1-py_0.tar.bz2#4fd2c6b53934bd7d96d1f3fdaf99b79f
https://conda.anaconda.org/conda-forge/noarch/cligj-0.7.2-pyhd8ed1ab_1.tar.bz2#a29b7c141d6b2de4bb67788a5f107734
https://conda.anaconda.org/conda-forge/linux-aarch64/fonttools-4.53.1-py312h396f95a_0.conda#2547b05c4a453925fd0dbdb38e715f92
https://conda.anaconda.org/conda-forge/linux-aarch64/gmpy2-2.1.5-py312he9d48ea_2.conda#957cd334c8d04c1ba86b38254cf1827e
https://conda.anaconda.org/conda-forge/noarch/h2-4.1.0-pyhd8ed1ab_0.tar.bz2#b748fbf7060927a6e82df7cb5ee8f097
https://conda.anaconda.org/conda-forge/linux-aarch64/hdf5-1.14.3-nompi_hd1676c9_105.conda#55dd1e8edf52fc44e71cf1c6890032c8
https://conda.anaconda.org/conda-forge/noarch/jinja2-3.1.4-pyhd8ed1ab_0.conda#7b86ecb7d3557821c649b3c31e3eb9f2
https://conda.anaconda.org/conda-forge/noarch/joblib-1.4.2-pyhd8ed1ab_0.conda#25df261d4523d9f9783bcdb7208d872f
https://conda.anaconda.org/conda-forge/linux-aarch64/libcblas-3.9.0-23_linuxaarch64_openblas.conda#65a4f18036c0f5419146fddee6653a96
https://conda.anaconda.org/conda-forge/linux-aarch64/libgrpc-1.62.2-h98a9317_0.conda#2a669953ec0f08c2cc56bb43fed78de8
https://conda.anaconda.org/conda-forge/linux-aarch64/liblapack-3.9.0-23_linuxaarch64_openblas.conda#85c4fec3847027ca7402f3bd7d2de4c1
https://conda.anaconda.org/conda-forge/linux-aarch64/multiprocess-0.70.16-py312hb2c0f52_1.conda#642c63b684ce5614f157572b04816983
https://conda.anaconda.org/conda-forge/linux-aarch64/pillow-10.4.0-py312hc0f7016_0.conda#1fbb8afc7df88dad0d7ccfed6c647179
https://conda.anaconda.org/conda-forge/noarch/pip-24.2-pyh8b19718_1.conda#6c78fbb8ddfd64bcb55b5cbafd2d2c43
https://conda.anaconda.org/conda-forge/linux-aarch64/postgresql-16.4-h001cd3f_1.conda#d73af1eba65c3da89e388a30a8c79b39
https://conda.anaconda.org/conda-forge/linux-aarch64/proj-9.4.1-hd5926b2_1.conda#f86b8ac02f2ffbbd85a23334ea7a9c00
https://conda.anaconda.org/conda-forge/noarch/python-dateutil-2.9.0-pyhd8ed1ab_0.conda#2cf4264fffb9e6eff6031c5b6884d61c
https://conda.anaconda.org/conda-forge/noarch/tqdm-4.66.5-pyhd8ed1ab_0.conda#c6e94fc2b2ec71ea33fe7c7da259acb4
https://conda.anaconda.org/conda-forge/linux-aarch64/xerces-c-3.2.5-h76197be_1.conda#c3b0932526560ba8ab3ed324eaeabc79
https://conda.anaconda.org/conda-forge/linux-aarch64/aws-c-s3-0.6.4-h406eec3_11.conda#c57da83996981648d5af5604d636b327
https://conda.anaconda.org/conda-forge/linux-aarch64/azure-identity-cpp-1.8.0-hf0f394c_2.conda#3e74c83218d71b01f988e6bada2f4e22
https://conda.anaconda.org/conda-forge/linux-aarch64/azure-storage-common-cpp-12.7.0-h68dbd84_1.conda#368c9e33d8cc763bf883ca12c163b93c
https://conda.anaconda.org/conda-forge/noarch/branca-0.7.2-pyhd8ed1ab_0.conda#5f1c719f1cac0aee5e6bd6ca7d54a7fa
https://conda.anaconda.org/conda-forge/linux-aarch64/geotiff-1.7.3-h1116711_2.conda#177dba77b18909c49af2291f3d271ad3
https://conda.anaconda.org/conda-forge/linux-aarch64/kealib-1.5.3-h8e54105_1.conda#1e6ad5c605e5f613b119c1afba688923
https://conda.anaconda.org/conda-forge/linux-aarch64/libgoogle-cloud-2.28.0-hc02380a_0.conda#914cdbb446aaf85bcb46e86f466fcd8c
https://conda.anaconda.org/conda-forge/linux-aarch64/libnetcdf-4.9.2-nompi_h9180261_114.conda#11142bc63a8d949f5f7e1f7c90c08f4a
https://conda.anaconda.org/conda-forge/linux-aarch64/libspatialite-5.1.0-h10863b8_9.conda#dc20e87373186ccc78b6379715de16fb
https://conda.anaconda.org/conda-forge/linux-aarch64/libtorch-2.4.0-cpu_generic_had9af4b_0.conda#35346d47bad61bb29e6c4bf28b1179a6
https://conda.anaconda.org/conda-forge/linux-aarch64/numpy-2.0.2-py312h2eb110b_0.conda#3030fc106f7fb487d6aa2c6f0c907770
https://conda.anaconda.org/conda-forge/noarch/pathos-0.3.2-pyhd8ed1ab_1.conda#22ed208c1b54e7c2ec6616665fba6b0f
https://conda.anaconda.org/conda-forge/linux-aarch64/poppler-24.08.0-h5d53d0d_1.conda#0e01a0ac4163951d3fd89622a0d1e79f
https://conda.anaconda.org/conda-forge/linux-aarch64/pyproj-3.6.1-py312hfe6cc31_8.conda#b492b1e6100ff193c25a4d0d8a74b8f2
https://conda.anaconda.org/conda-forge/noarch/sympy-1.13.2-pypyh2585a3b_103.conda#7327125b427c98b81564f164c4a75d4c
https://conda.anaconda.org/conda-forge/linux-aarch64/zstandard-0.23.0-py312hb698573_1.conda#ffcb8e97e62af42075e0e5f46bb9856e
https://conda.anaconda.org/conda-forge/linux-aarch64/aws-crt-cpp-0.28.2-he86e375_0.conda#1a8b0df7d60fffc3b28c3e0379fd4019
https://conda.anaconda.org/conda-forge/linux-aarch64/azure-storage-blobs-cpp-12.12.0-h17ca4bd_0.conda#9a26fea6b69f4f02689893366961be49
https://conda.anaconda.org/conda-forge/linux-aarch64/contourpy-1.3.0-py312h451a7dd_1.conda#6c49e3e6bca45cfc8decdc974f920087
https://conda.anaconda.org/conda-forge/linux-aarch64/h5py-3.11.0-nompi_py312hb36c027_102.conda#13856dd2603ad5fe75a6a95608c45d7e
https://conda.anaconda.org/conda-forge/linux-aarch64/libgdal-core-3.9.2-h6c09a25_0.conda#ab1cc966b38e777f8123dec930a17398
https://conda.anaconda.org/conda-forge/linux-aarch64/libgoogle-cloud-storage-2.28.0-hd572f31_0.conda#9e300aff69cda20c40a747f8cf014892
https://conda.anaconda.org/conda-forge/linux-aarch64/numba-0.60.0-py312h638656a_0.conda#21fff4721836b551934b28cc9717e42d
https://conda.anaconda.org/conda-forge/linux-aarch64/pandas-2.2.2-py312h14eacfc_1.conda#ea4fd304d3cd65f0ddf0dd3c46e0703a
https://conda.anaconda.org/conda-forge/linux-aarch64/pytorch-2.4.0-cpu_generic_py312haafecf0_0.conda#6924f6a08f255ab4f31f2fefd184bd11
https://conda.anaconda.org/conda-forge/linux-aarch64/scipy-1.14.1-py312hca5e164_0.conda#50556ccce18ae34bdc09d18da0b54bc8
https://conda.anaconda.org/conda-forge/linux-aarch64/shapely-2.0.6-py312h5b50f40_0.conda#3d4cf82faa1210afc3f12f878599db68
https://conda.anaconda.org/conda-forge/noarch/snuggs-1.4.7-pyhd8ed1ab_1.conda#5abeaa41ec50d4d1421a8bc8fbc93054
https://conda.anaconda.org/conda-forge/noarch/urllib3-2.2.2-pyhd8ed1ab_1.conda#e804c43f58255e977093a2298e442bb8
https://conda.anaconda.org/conda-forge/linux-aarch64/aws-sdk-cpp-1.11.379-h301129d_8.conda#0bb1c9ed8b65c788c74b39ae96964d01
https://conda.anaconda.org/conda-forge/linux-aarch64/azure-storage-files-datalake-cpp-12.11.0-h36e5eb4_1.conda#db65bbb89c21436f5471f93b09a7c09c
https://conda.anaconda.org/conda-forge/linux-aarch64/gdal-3.9.2-py312he148b2e_0.conda#ce4888ef8552f7d7185a5c8790fa5c4c
https://conda.anaconda.org/conda-forge/noarch/geopandas-base-1.0.1-pyha770c72_0.conda#1b7d46173c29e14dde41f97cf5aa61df
https://conda.anaconda.org/conda-forge/linux-aarch64/libgdal-fits-3.9.2-h2758869_0.conda#0028373e957e9a197b13b138c97892e9
https://conda.anaconda.org/conda-forge/linux-aarch64/libgdal-grib-3.9.2-h0b38e0c_0.conda#a90b0f83ca19bb894722bd2d8ced8da4
https://conda.anaconda.org/conda-forge/linux-aarch64/libgdal-hdf4-3.9.2-h48a2630_0.conda#3b06b36474b9074a7756c8ff638d8ebe
https://conda.anaconda.org/conda-forge/linux-aarch64/libgdal-hdf5-3.9.2-h6f3bf7f_0.conda#d0e5ba53b4f4c560fc7569afe02249bd
https://conda.anaconda.org/conda-forge/linux-aarch64/libgdal-jp2openjpeg-3.9.2-h014dd2c_0.conda#f7bcc672df20cb3bfba85a3827a825f0
https://conda.anaconda.org/conda-forge/linux-aarch64/libgdal-pdf-3.9.2-h9cc294d_0.conda#a66e584c81a56bde2b24285c1723624e
https://conda.anaconda.org/conda-forge/linux-aarch64/libgdal-pg-3.9.2-h2a60a0a_0.conda#ec4ca399246cc9d9f8845aa7d4e249f8
https://conda.anaconda.org/conda-forge/linux-aarch64/libgdal-postgisraster-3.9.2-h2a60a0a_0.conda#0facb61cc3647b72f7a79f6f6221cb97
https://conda.anaconda.org/conda-forge/linux-aarch64/libgdal-xls-3.9.2-hf8b742b_0.conda#cd4493cf54365526db3df61388b8ac05
https://conda.anaconda.org/conda-forge/linux-aarch64/matplotlib-base-3.9.2-py312h97afc53_0.conda#e7624199e553770a4ecc894c031ee84f
https://conda.anaconda.org/conda-forge/noarch/requests-2.32.3-pyhd8ed1ab_0.conda#5ede4753180c7a550a443c430dc8ab52
https://conda.anaconda.org/conda-forge/linux-aarch64/scikit-learn-1.5.1-py312hf487cbb_0.conda#5110368a1918f07f9b0267d23c0b4e62
https://conda.anaconda.org/conda-forge/noarch/folium-0.17.0-pyhd8ed1ab_0.conda#9b96a3e6e0473b5722fa4fbefcefcded
https://conda.anaconda.org/conda-forge/linux-aarch64/libarrow-17.0.0-h854a042_13_cpu.conda#6e85496ea4e80022996c66faccab0df2
https://conda.anaconda.org/conda-forge/linux-aarch64/libgdal-kea-3.9.2-hdeddc4b_0.conda#ff79680c650560b6560da4b2453e3f2b
https://conda.anaconda.org/conda-forge/linux-aarch64/libgdal-netcdf-3.9.2-h0a2f82e_0.conda#a11737fd0914c04dfda3eadda0d622c3
https://conda.anaconda.org/conda-forge/noarch/mapclassify-2.8.0-pyhd8ed1ab_0.conda#61730f7e741f2d98441bfa44979f2a33
https://conda.anaconda.org/conda-forge/noarch/py-xgboost-2.1.1-cuda118_pyhf54b869_2.conda#35d99c71383da3c2f88a97d471f79e1f
https://conda.anaconda.org/conda-forge/linux-aarch64/tiledb-2.25.0-hf4853f3_11.conda#4dc98249182f6b3e321ba1cb59a0abf5
https://conda.anaconda.org/conda-forge/linux-aarch64/libarrow-acero-17.0.0-h5ad3122_13_cpu.conda#8fd634da05c2b4ec0c69d472f3f08101
https://conda.anaconda.org/conda-forge/linux-aarch64/libgdal-tiledb-3.9.2-h414a831_0.conda#904c7239322e0703472b302e4f4696cd
https://conda.anaconda.org/conda-forge/linux-aarch64/libparquet-17.0.0-h501616e_13_cpu.conda#e2f3e82aacce7acdedb8c81cffdb50bf
https://conda.anaconda.org/conda-forge/linux-aarch64/pyarrow-core-17.0.0-py312h66f7834_1_cpu.conda#c33fdd82d44561b392abc4b3d68a6d4f
https://conda.anaconda.org/conda-forge/noarch/xgboost-2.1.1-cuda118_pyh98e67c5_2.conda#8c61e30dd8325ea1598e9d0af3eb2582
https://conda.anaconda.org/conda-forge/linux-aarch64/libarrow-dataset-17.0.0-h5ad3122_13_cpu.conda#0e9fc5fdf7e1dddb624fa635945b8171
https://conda.anaconda.org/conda-forge/linux-aarch64/libgdal-3.9.2-h8af1aa0_0.conda#aa07374af3bb637103a4a5837be1105b
https://conda.anaconda.org/conda-forge/linux-aarch64/libarrow-substrait-17.0.0-h08b7278_13_cpu.conda#6fcb221f9fd78c65eacbaff266b53957
https://conda.anaconda.org/conda-forge/linux-aarch64/pyogrio-0.9.0-py312h7fa1e20_0.conda#bb63a6bc127b1aeac992649dcafe4ffa
https://conda.anaconda.org/conda-forge/linux-aarch64/rasterio-1.3.10-py312h5e92e08_5.conda#10963517b08a5efd3cc835f65621af7c
https://conda.anaconda.org/conda-forge/noarch/geopandas-1.0.1-pyhd8ed1ab_0.conda#efef4ce75a678216d510d08222845c7f
https://conda.anaconda.org/conda-forge/linux-aarch64/pyarrow-17.0.0-py312h55cb1a1_1.conda#76a18fc8e8f3cb8f13bb387846766f12
