# This lock file was generated by conda-lock (https://github.com/conda/conda-lock). DO NOT EDIT!
#
# A "lock file" contains a concrete list of package versions (with checksums) to be installed. Unlike
# e.g. `conda env create`, the resulting environment will not change as new package versions become
# available, unless you explicitly update the lock file.
#
# Install this environment as "YOURENV" with:
#     conda-lock install -n YOURENV --file conda-lock.yml
# To update a single package to the latest version compatible with the version constraints in the source:
#     conda-lock lock  --lockfile conda-lock.yml --update PACKAGE
# To re-solve the entire environment, e.g. after changing a version constraint in the source file:
#     conda-lock -f environment.yml --lockfile conda-lock.yml
version: 1
metadata:
  content_hash:
    linux-aarch64: c2de9ded37e7c59d2854e20d4f68ac68ed0a044c688b08c1c3301a1859b0a1a8
  channels:
  - url: conda-forge
    used_env_vars: []
  platforms:
  - linux-aarch64
  sources:
  - environment.yml
package:
- name: _openmp_mutex
  version: '4.5'
  manager: conda
  platform: linux-aarch64
  dependencies:
    libgomp: '>=7.5.0'
  url: https://conda.anaconda.org/conda-forge/linux-aarch64/_openmp_mutex-4.5-2_gnu.tar.bz2
  hash:
    md5: 6168d71addc746e8f2b8d57dfd2edcea
    sha256: 3702bef2f0a4d38bd8288bbe54aace623602a1343c2cfbefd3fa188e015bebf0
  category: main
  optional: false
- name: bzip2
  version: 1.0.8
  manager: conda
  platform: linux-aarch64
  dependencies:
    libgcc-ng: '>=12'
  url: https://conda.anaconda.org/conda-forge/linux-aarch64/bzip2-1.0.8-h31becfc_5.conda
  hash:
    md5: a64e35f01e0b7a2a152eca87d33b9c87
    sha256: b9f170990625cb1eeefaca02e091dc009a64264b077166d8ed7aeb7a09e923b0
  category: main
  optional: false
- name: ca-certificates
  version: 2024.2.2
  manager: conda
  platform: linux-aarch64
  dependencies: {}
  url: https://conda.anaconda.org/conda-forge/linux-aarch64/ca-certificates-2024.2.2-hcefe29a_0.conda
  hash:
    md5: 57c226edb90c4e973b9b7503537dd339
    sha256: 0f6b34d835e26e5fa97cca4985dc46f0aba551a3a23f07c6f13cca2542b8c642
  category: main
  optional: false
- name: colorama
  version: 0.4.6
  manager: conda
  platform: linux-aarch64
  dependencies:
    python: '>=3.7'
  url: https://conda.anaconda.org/conda-forge/noarch/colorama-0.4.6-pyhd8ed1ab_0.tar.bz2
  hash:
    md5: 3faab06a954c2a04039983f2c4a50d99
    sha256: 2c1b2e9755ce3102bca8d69e8f26e4f087ece73f50418186aee7c74bef8e1698
  category: main
  optional: false
- name: dill
  version: 0.3.8
  manager: conda
  platform: linux-aarch64
  dependencies:
    python: '>=3.7'
  url: https://conda.anaconda.org/conda-forge/noarch/dill-0.3.8-pyhd8ed1ab_0.conda
  hash:
    md5: 78745f157d56877a2c6e7b386f66f3e2
    sha256: 482b5b566ca559119b504c53df12b08f3962a5ef8e48061d62fd58a47f8f2ec4
  category: main
  optional: false
- name: joblib
  version: 1.4.0
  manager: conda
  platform: linux-aarch64
  dependencies:
    python: '>=3.8'
    setuptools: ''
  url: https://conda.anaconda.org/conda-forge/noarch/joblib-1.4.0-pyhd8ed1ab_0.conda
  hash:
    md5: e0ed1bf13ce3a440e022157bf4764465
    sha256: 56eea2c4af35a9c8f9cdca530f6aea0dc8e2551bfcc8b8da37da78221366af10
  category: main
  optional: false
- name: ld_impl_linux-aarch64
  version: '2.40'
  manager: conda
  platform: linux-aarch64
  dependencies: {}
  url: https://conda.anaconda.org/conda-forge/linux-aarch64/ld_impl_linux-aarch64-2.40-hba4e955_0.conda
  hash:
    md5: b55c1cb33c63d23b542fa53f24541e56
    sha256: a306f9368b490b5fd926abf42d9a796e1725cbc7c3e631fc404f80a2bf7d1388
  category: main
  optional: false
- name: libblas
  version: 3.9.0
  manager: conda
  platform: linux-aarch64
  dependencies:
    libopenblas: '>=0.3.27,<1.0a0'
  url: https://conda.anaconda.org/conda-forge/linux-aarch64/libblas-3.9.0-22_linuxaarch64_openblas.conda
  hash:
    md5: 068ab33f2382cda4dd0b72a715ad33b5
    sha256: eb4398566a601e68b21ceab9a905a619b94d4d6c8242fffd9ed57cc26d29e278
  category: main
  optional: false
- name: libcblas
  version: 3.9.0
  manager: conda
  platform: linux-aarch64
  dependencies:
    libblas: 3.9.0
  url: https://conda.anaconda.org/conda-forge/linux-aarch64/libcblas-3.9.0-22_linuxaarch64_openblas.conda
  hash:
    md5: fbe7fe553f2cc78a0311e009b26f180d
    sha256: 04e31c5f3a3b345a8fcdfa6f5c75909688a134bf9ee93c367c6e5affca501068
  category: main
  optional: false
- name: libexpat
  version: 2.6.2
  manager: conda
  platform: linux-aarch64
  dependencies:
    libgcc-ng: '>=12'
  url: https://conda.anaconda.org/conda-forge/linux-aarch64/libexpat-2.6.2-h2f0025b_0.conda
  hash:
    md5: 1b9f46b804a2c3c5d7fd6a80b77c35f9
    sha256: 07453df3232a649f39fb4d1e68cfe1c78c3457764f85225f6f3ccd1bdd9818a4
  category: main
  optional: false
- name: libffi
  version: 3.4.2
  manager: conda
  platform: linux-aarch64
  dependencies:
    libgcc-ng: '>=9.4.0'
  url: https://conda.anaconda.org/conda-forge/linux-aarch64/libffi-3.4.2-h3557bc0_5.tar.bz2
  hash:
    md5: dddd85f4d52121fab0a8b099c5e06501
    sha256: 7e9258a102480757fe3faeb225a3ca04dffd10fecd2a958c65cdb4cdf75f2c3c
  category: main
  optional: false
- name: libgcc-ng
  version: 13.2.0
  manager: conda
  platform: linux-aarch64
  dependencies:
    _openmp_mutex: '>=4.5'
  url: https://conda.anaconda.org/conda-forge/linux-aarch64/libgcc-ng-13.2.0-hf8544c7_5.conda
  hash:
    md5: dee934e640275d9e74e7bbd455f25162
    sha256: 869e44e1cf329198f5bea56c146207ed639b24b6281187159435b9499ecb3959
  category: main
  optional: false
- name: libgfortran-ng
  version: 13.2.0
  manager: conda
  platform: linux-aarch64
  dependencies:
    libgfortran5: 13.2.0
  url: https://conda.anaconda.org/conda-forge/linux-aarch64/libgfortran-ng-13.2.0-he9431aa_5.conda
  hash:
    md5: fab7c6a8c84492e18cbe578820e97a56
    sha256: a7e5d1ac34118a4fad8286050af0146226d2fb2bd63e7a1066dc4dae7ba42daa
  category: main
  optional: false
- name: libgfortran5
  version: 13.2.0
  manager: conda
  platform: linux-aarch64
  dependencies:
    libgcc-ng: '>=13.2.0'
  url: https://conda.anaconda.org/conda-forge/linux-aarch64/libgfortran5-13.2.0-h582850c_5.conda
  hash:
    md5: 547486aac825d236de3beecb927b389c
    sha256: f778346e85eb19bca36d1a5c8cddf8e089dcd6799b8f3e1b3f2d5a3157920827
  category: main
  optional: false
- name: libgomp
  version: 13.2.0
  manager: conda
  platform: linux-aarch64
  dependencies: {}
  url: https://conda.anaconda.org/conda-forge/linux-aarch64/libgomp-13.2.0-hf8544c7_5.conda
  hash:
    md5: 379be2f115ffb73860e4e260dd2170b7
    sha256: a98d4f242a351feb7983a28e7d6a0ca51da764c6233ea3dfc776975a3aba8a01
  category: main
  optional: false
- name: liblapack
  version: 3.9.0
  manager: conda
  platform: linux-aarch64
  dependencies:
    libblas: 3.9.0
  url: https://conda.anaconda.org/conda-forge/linux-aarch64/liblapack-3.9.0-22_linuxaarch64_openblas.conda
  hash:
    md5: 8c709d281609792c39b1d5c0241f90f1
    sha256: a7cb3fd83fdd6eca14adbe3d0cbba6e6246683d39af783f5c05852ed2a9e16a5
  category: main
  optional: false
- name: libllvm14
  version: 14.0.6
  manager: conda
  platform: linux-aarch64
  dependencies:
    libgcc-ng: '>=12'
    libstdcxx-ng: '>=12'
    libzlib: '>=1.2.13,<1.3.0a0'
  url: https://conda.anaconda.org/conda-forge/linux-aarch64/libllvm14-14.0.6-h966f666_4.conda
  hash:
    md5: 2174896f810f800bb63775855c497c3c
    sha256: 3152e5b3d350e5af79226d0409a0a4d691428e2e83967247a3651ad7b80dfc3f
  category: main
  optional: false
- name: libnsl
  version: 2.0.1
  manager: conda
  platform: linux-aarch64
  dependencies:
    libgcc-ng: '>=12'
  url: https://conda.anaconda.org/conda-forge/linux-aarch64/libnsl-2.0.1-h31becfc_0.conda
  hash:
    md5: c14f32510f694e3185704d89967ec422
    sha256: fd18c2b75d7411096428d36a70b36b1a17e31f7b8956b6905d145792d49e97f8
  category: main
  optional: false
- name: libopenblas
  version: 0.3.27
  manager: conda
  platform: linux-aarch64
  dependencies:
    libgcc-ng: '>=12'
    libgfortran-ng: ''
    libgfortran5: '>=12.3.0'
  url: https://conda.anaconda.org/conda-forge/linux-aarch64/libopenblas-0.3.27-pthreads_h5a5ec62_0.conda
  hash:
    md5: ffecca8f4f31cd50b92c0e6e6bfe4416
    sha256: 8a898c64f769c03217fee45d2df9faaee6c1a24349e21ba3569bc7a2ed8dfd1e
  category: main
  optional: false
- name: libsqlite
  version: 3.45.3
  manager: conda
  platform: linux-aarch64
  dependencies:
    libgcc-ng: '>=12'
    libzlib: '>=1.2.13,<1.3.0a0'
  url: https://conda.anaconda.org/conda-forge/linux-aarch64/libsqlite-3.45.3-h194ca79_0.conda
  hash:
    md5: fb35b8afbe9e92467ac7b5608d60b775
    sha256: be87d8b67bdf892665c709d82c48011991fbf2fa15c19b006379b03ed494b070
  category: main
  optional: false
- name: libstdcxx-ng
  version: 13.2.0
  manager: conda
  platform: linux-aarch64
  dependencies: {}
  url: https://conda.anaconda.org/conda-forge/linux-aarch64/libstdcxx-ng-13.2.0-h9a76618_5.conda
  hash:
    md5: 1b79d37dce0fad96bdf3de03925f43b4
    sha256: c209f23a8a497fc87107a68b6bbc8d2089cf15fd4015b558dfdce63544379b05
  category: main
  optional: false
- name: libuuid
  version: 2.38.1
  manager: conda
  platform: linux-aarch64
  dependencies:
    libgcc-ng: '>=12'
  url: https://conda.anaconda.org/conda-forge/linux-aarch64/libuuid-2.38.1-hb4cce97_0.conda
  hash:
    md5: 000e30b09db0b7c775b21695dff30969
    sha256: 616277b0c5f7616c2cdf36f6c316ea3f9aa5bb35f2d4476a349ab58b9b91675f
  category: main
  optional: false
- name: libxcrypt
  version: 4.4.36
  manager: conda
  platform: linux-aarch64
  dependencies:
    libgcc-ng: '>=12'
  url: https://conda.anaconda.org/conda-forge/linux-aarch64/libxcrypt-4.4.36-h31becfc_1.conda
  hash:
    md5: b4df5d7d4b63579d081fd3a4cf99740e
    sha256: 6b46c397644091b8a26a3048636d10b989b1bf266d4be5e9474bf763f828f41f
  category: main
  optional: false
- name: libzlib
  version: 1.2.13
  manager: conda
  platform: linux-aarch64
  dependencies:
    libgcc-ng: '>=12'
  url: https://conda.anaconda.org/conda-forge/linux-aarch64/libzlib-1.2.13-h31becfc_5.conda
  hash:
    md5: b213aa87eea9491ef7b129179322e955
    sha256: aeeefbb61e5e8227e53566d5e42dbb49e120eb99109996bf0dbfde8f180747a7
  category: main
  optional: false
- name: llvmlite
  version: 0.42.0
  manager: conda
  platform: linux-aarch64
  dependencies:
    libgcc-ng: '>=12'
    libllvm14: '>=14.0.6,<14.1.0a0'
    libstdcxx-ng: '>=12'
    libzlib: '>=1.2.13,<1.3.0a0'
    python: '>=3.12,<3.13.0a0'
    python_abi: 3.12.*
  url: https://conda.anaconda.org/conda-forge/linux-aarch64/llvmlite-0.42.0-py312hd96c8c9_1.conda
  hash:
    md5: 6151862590dcff1c277f7e575a2054ca
    sha256: a355b89145b6bf8b33779b805d818bcfe1f4ff309e2a5ee531a659b7e9356c84
  category: main
  optional: false
- name: multiprocess
  version: 0.70.16
  manager: conda
  platform: linux-aarch64
  dependencies:
    dill: '>=0.3.8'
    libgcc-ng: '>=12'
    python: '>=3.12,<3.13.0a0'
    python_abi: 3.12.*
  url: https://conda.anaconda.org/conda-forge/linux-aarch64/multiprocess-0.70.16-py312hdd3e373_0.conda
  hash:
    md5: 9fa5d6bbdf08dc3caba3bf70de875f26
    sha256: f5e804af809f31b6a7b7c1cf1dc81675216f1fe52e332638655121ae11514dcb
  category: main
  optional: false
- name: ncurses
  version: 6.4.20240210
  manager: conda
  platform: linux-aarch64
  dependencies:
    libgcc-ng: '>=12'
  url: https://conda.anaconda.org/conda-forge/linux-aarch64/ncurses-6.4.20240210-h0425590_0.conda
  hash:
    md5: c1a1612ddaee95c83abfa0b2ec858626
    sha256: 4223dc34e2bddd37bf995158ae481e00be375b287d539bc7a0532634c0fc63b7
  category: main
  optional: false
- name: numba
  version: 0.59.1
  manager: conda
  platform: linux-aarch64
  dependencies:
    _openmp_mutex: '>=4.5'
    libgcc-ng: '>=12'
    libstdcxx-ng: '>=12'
    llvmlite: '>=0.42.0,<0.43.0a0'
    numpy: '>=1.26.4,<2.0a0'
    python: '>=3.12,<3.13.0a0'
    python_abi: 3.12.*
  url: https://conda.anaconda.org/conda-forge/linux-aarch64/numba-0.59.1-py312h30fa22d_0.conda
  hash:
    md5: f676287f9c115fb42fb10a880e4b7771
    sha256: eaed3c185c4c709f19bfc40fad0226425be0c81087c37cabb47b1e5581805bfe
  category: main
  optional: false
- name: numpy
  version: 1.26.4
  manager: conda
  platform: linux-aarch64
  dependencies:
    libblas: '>=3.9.0,<4.0a0'
    libcblas: '>=3.9.0,<4.0a0'
    libgcc-ng: '>=12'
    liblapack: '>=3.9.0,<4.0a0'
    libstdcxx-ng: '>=12'
    python: '>=3.12,<3.13.0a0'
    python_abi: 3.12.*
  url: https://conda.anaconda.org/conda-forge/linux-aarch64/numpy-1.26.4-py312h470d778_0.conda
  hash:
    md5: 9cebf5a06cb87d4569cd68df887af476
    sha256: 23767677a7790bee5457d5e75ebd508b9a31c5354216f4310dd1acfca3f7a6f9
  category: main
  optional: false
- name: openssl
  version: 3.2.1
  manager: conda
  platform: linux-aarch64
  dependencies:
    ca-certificates: ''
    libgcc-ng: '>=12'
  url: https://conda.anaconda.org/conda-forge/linux-aarch64/openssl-3.2.1-h31becfc_1.conda
  hash:
    md5: e95eb18d256edc72058e0dc9be5338a0
    sha256: 055a26e99ebc12ae0cf23266a0e62e71b59b8ce8cafb1ebb87e375ef9c758d7b
  category: main
  optional: false
- name: pandas
  version: 2.2.2
  manager: conda
  platform: linux-aarch64
  dependencies:
    libgcc-ng: '>=12'
    libstdcxx-ng: '>=12'
    numpy: '>=1.26.4,<2.0a0'
    python: '>=3.12,<3.13.0a0'
    python-dateutil: '>=2.8.1'
    python-tzdata: '>=2022a'
    python_abi: 3.12.*
    pytz: '>=2020.1'
  url: https://conda.anaconda.org/conda-forge/linux-aarch64/pandas-2.2.2-py312hc56aa73_0.conda
  hash:
    md5: cc34f11017b86600f288aa7754c2155b
    sha256: 5b028d5f5702c26845b731649b04ca2fbb4ce225648b8958de21693bf3495afd
  category: main
  optional: false
- name: pathos
  version: 0.3.2
  manager: conda
  platform: linux-aarch64
  dependencies:
    dill: '>=0.3.8'
    multiprocess: '>=0.70.16'
    pox: '>=0.3.4'
    ppft: '>=1.7.6.8'
    python: '>=3.8'
  url: https://conda.anaconda.org/conda-forge/noarch/pathos-0.3.2-pyhd8ed1ab_1.conda
  hash:
    md5: 22ed208c1b54e7c2ec6616665fba6b0f
    sha256: c073284379eb37753f87ea14cf6156dddbfef4239b6813ab573c03825299adf4
  category: main
  optional: false
- name: pip
  version: '24.0'
  manager: conda
  platform: linux-aarch64
  dependencies:
    python: '>=3.7'
    setuptools: ''
    wheel: ''
  url: https://conda.anaconda.org/conda-forge/noarch/pip-24.0-pyhd8ed1ab_0.conda
  hash:
    md5: f586ac1e56c8638b64f9c8122a7b8a67
    sha256: b7c1c5d8f13e8cb491c4bd1d0d1896a4cf80fc47de01059ad77509112b664a4a
  category: main
  optional: false
- name: pox
  version: 0.3.4
  manager: conda
  platform: linux-aarch64
  dependencies:
    python: 2.7.*|>=3.6
  url: https://conda.anaconda.org/conda-forge/noarch/pox-0.3.4-pyhd8ed1ab_0.conda
  hash:
    md5: d5502ff0ec33b87f7ab7bc373d0e42ff
    sha256: 5c200a122b2d748bbf1c5c7b9d11bc696a49289c739ed8759b92905d3d93c44e
  category: main
  optional: false
- name: ppft
  version: 1.7.6.8
  manager: conda
  platform: linux-aarch64
  dependencies:
    python: '>=3.8'
  url: https://conda.anaconda.org/conda-forge/noarch/ppft-1.7.6.8-pyhd8ed1ab_0.conda
  hash:
    md5: a104e8b98901dc1bc0b916f7e18b5e39
    sha256: 9fcbe5b7439add377ec9558ef7c346be8d4ae8858c53d125b6df4d0dab845b3c
  category: main
  optional: false
- name: python
  version: 3.12.3
  manager: conda
  platform: linux-aarch64
  dependencies:
    bzip2: '>=1.0.8,<2.0a0'
    ld_impl_linux-aarch64: '>=2.36.1'
    libexpat: '>=2.6.2,<3.0a0'
    libffi: '>=3.4,<4.0a0'
    libgcc-ng: '>=12'
    libnsl: '>=2.0.1,<2.1.0a0'
    libsqlite: '>=3.45.2,<4.0a0'
    libuuid: '>=2.38.1,<3.0a0'
    libxcrypt: '>=4.4.36'
    libzlib: '>=1.2.13,<1.3.0a0'
    ncurses: '>=6.4.20240210,<7.0a0'
    openssl: '>=3.2.1,<4.0a0'
    readline: '>=8.2,<9.0a0'
    tk: '>=8.6.13,<8.7.0a0'
    tzdata: ''
    xz: '>=5.2.6,<6.0a0'
  url: https://conda.anaconda.org/conda-forge/linux-aarch64/python-3.12.3-h43d1f9e_0_cpython.conda
  hash:
    md5: dc93ad1d2ba17ebc948bf5434ffa864b
    sha256: e186f3ee570464241c844adff6a3ba8f395cef15c5d46c0a8f784cfd97b3bdca
  category: main
  optional: false
- name: python-dateutil
  version: 2.9.0
  manager: conda
  platform: linux-aarch64
  dependencies:
    python: '>=3.7'
    six: '>=1.5'
  url: https://conda.anaconda.org/conda-forge/noarch/python-dateutil-2.9.0-pyhd8ed1ab_0.conda
  hash:
    md5: 2cf4264fffb9e6eff6031c5b6884d61c
    sha256: f3ceef02ac164a8d3a080d0d32f8e2ebe10dd29e3a685d240e38b3599e146320
  category: main
  optional: false
- name: python-tzdata
  version: '2024.1'
  manager: conda
  platform: linux-aarch64
  dependencies:
    python: '>=3.6'
  url: https://conda.anaconda.org/conda-forge/noarch/python-tzdata-2024.1-pyhd8ed1ab_0.conda
  hash:
    md5: 98206ea9954216ee7540f0c773f2104d
    sha256: 9da9a849d53705dee450b83507df1ca8ffea5f83bd21a215202221f1c492f8ad
  category: main
  optional: false
- name: python_abi
  version: '3.12'
  manager: conda
  platform: linux-aarch64
  dependencies: {}
  url: https://conda.anaconda.org/conda-forge/linux-aarch64/python_abi-3.12-4_cp312.conda
  hash:
    md5: 6c09f8e580146d88f649780cebed01de
    sha256: 4f4c3389b722cac9bf39183221332ab69e468351030ec5359042b50c5d975a15
  category: main
  optional: false
- name: pytz
  version: '2024.1'
  manager: conda
  platform: linux-aarch64
  dependencies:
    python: '>=3.7'
  url: https://conda.anaconda.org/conda-forge/noarch/pytz-2024.1-pyhd8ed1ab_0.conda
  hash:
    md5: 3eeeeb9e4827ace8c0c1419c85d590ad
    sha256: 1a7d6b233f7e6e3bbcbad054c8fd51e690a67b129a899a056a5e45dd9f00cb41
  category: main
  optional: false
- name: readline
  version: '8.2'
  manager: conda
  platform: linux-aarch64
  dependencies:
    libgcc-ng: '>=12'
    ncurses: '>=6.3,<7.0a0'
  url: https://conda.anaconda.org/conda-forge/linux-aarch64/readline-8.2-h8fc344f_1.conda
  hash:
    md5: 105eb1e16bf83bfb2eb380a48032b655
    sha256: 4c99f7417419734e3797d45bc355e61c26520e111893b0d7087a01a7fbfbe3dd
  category: main
  optional: false
- name: scikit-learn
  version: 1.4.2
  manager: conda
  platform: linux-aarch64
  dependencies:
    _openmp_mutex: '>=4.5'
    joblib: '>=1.2.0'
    libgcc-ng: '>=12'
    libstdcxx-ng: '>=12'
    numpy: '>=1.26.4,<2.0a0'
    python: '>=3.12,<3.13.0a0'
    python_abi: 3.12.*
    scipy: ''
    threadpoolctl: '>=2.0.0'
  url: https://conda.anaconda.org/conda-forge/linux-aarch64/scikit-learn-1.4.2-py312ha513981_0.conda
  hash:
    md5: ff8b88585ce2713cb65aac5529f3e5a3
    sha256: c755d69834c45283cb98a4e2eed8e7efa513662e61a67f549e980042b26224f7
  category: main
  optional: false
- name: scipy
  version: 1.13.0
  manager: conda
  platform: linux-aarch64
  dependencies:
    libblas: '>=3.9.0,<4.0a0'
    libcblas: '>=3.9.0,<4.0a0'
    libgcc-ng: '>=12'
    libgfortran-ng: ''
    libgfortran5: '>=12.3.0'
    liblapack: '>=3.9.0,<4.0a0'
    libstdcxx-ng: '>=12'
    numpy: '>=1.26.4,<2.0a0'
    python: '>=3.12,<3.13.0a0'
    python_abi: 3.12.*
  url: https://conda.anaconda.org/conda-forge/linux-aarch64/scipy-1.13.0-py312h470d778_0.conda
  hash:
    md5: f97ccb14ab46f25d508e29fb19c920ce
    sha256: 441c35f198a69dd381919ea23749fd192b9d178af905a0ebbe65889bb0db0850
  category: main
  optional: false
- name: setuptools
  version: 69.5.1
  manager: conda
  platform: linux-aarch64
  dependencies:
    python: '>=3.8'
  url: https://conda.anaconda.org/conda-forge/noarch/setuptools-69.5.1-pyhd8ed1ab_0.conda
  hash:
    md5: 7462280d81f639363e6e63c81276bd9e
    sha256: 72d143408507043628b32bed089730b6d5f5445eccc44b59911ec9f262e365e7
  category: main
  optional: false
- name: six
  version: 1.16.0
  manager: conda
  platform: linux-aarch64
  dependencies:
    python: ''
  url: https://conda.anaconda.org/conda-forge/noarch/six-1.16.0-pyh6c4a22f_0.tar.bz2
  hash:
    md5: e5f25f8dbc060e9a8d912e432202afc2
    sha256: a85c38227b446f42c5b90d9b642f2c0567880c15d72492d8da074a59c8f91dd6
  category: main
  optional: false
- name: threadpoolctl
  version: 3.4.0
  manager: conda
  platform: linux-aarch64
  dependencies:
    python: '>=3.8'
  url: https://conda.anaconda.org/conda-forge/noarch/threadpoolctl-3.4.0-pyhc1e730c_0.conda
  hash:
    md5: b296278eef667c673bf51de6535bad88
    sha256: 4f4ad4f2a4ee8875cf2cb9c80abf4c7383e5e53cfec41104da7058569d9063b7
  category: main
  optional: false
- name: tk
  version: 8.6.13
  manager: conda
  platform: linux-aarch64
  dependencies:
    libgcc-ng: '>=12'
    libzlib: '>=1.2.13,<1.3.0a0'
  url: https://conda.anaconda.org/conda-forge/linux-aarch64/tk-8.6.13-h194ca79_0.conda
  hash:
    md5: f75105e0585851f818e0009dd1dde4dc
    sha256: 7fa27cc512d3a783f38bd16bbbffc008807372499d5b65d089a8e43bde9db267
  category: main
  optional: false
- name: tqdm
  version: 4.66.2
  manager: conda
  platform: linux-aarch64
  dependencies:
    colorama: ''
    python: '>=3.7'
  url: https://conda.anaconda.org/conda-forge/noarch/tqdm-4.66.2-pyhd8ed1ab_0.conda
  hash:
    md5: 2b8dfb969f984497f3f98409a9545776
    sha256: 416d1d9318f3267325ad7e2b8a575df20ff9031197b30c0222c3d3b023877260
  category: main
  optional: false
- name: tzdata
  version: 2024a
  manager: conda
  platform: linux-aarch64
  dependencies: {}
  url: https://conda.anaconda.org/conda-forge/noarch/tzdata-2024a-h0c530f3_0.conda
  hash:
    md5: 161081fc7cec0bfda0d86d7cb595f8d8
    sha256: 7b2b69c54ec62a243eb6fba2391b5e443421608c3ae5dbff938ad33ca8db5122
  category: main
  optional: false
- name: wheel
  version: 0.43.0
  manager: conda
  platform: linux-aarch64
  dependencies:
    python: '>=3.8'
  url: https://conda.anaconda.org/conda-forge/noarch/wheel-0.43.0-pyhd8ed1ab_1.conda
  hash:
    md5: 0b5293a157c2b5cd513dd1b03d8d3aae
    sha256: cb318f066afd6fd64619f14c030569faf3f53e6f50abf743b4c865e7d95b96bc
  category: main
  optional: false
- name: xz
  version: 5.2.6
  manager: conda
  platform: linux-aarch64
  dependencies:
    libgcc-ng: '>=12'
  url: https://conda.anaconda.org/conda-forge/linux-aarch64/xz-5.2.6-h9cdd2b7_0.tar.bz2
  hash:
    md5: 83baad393a31d59c20b63ba4da6592df
    sha256: 93f58a7b393adf41fa007ac8c55978765e957e90cd31877ece1e5a343cb98220
  category: main
  optional: false
