# This lock file was generated by conda-lock (https://github.com/conda/conda-lock). DO NOT EDIT!
#
# A "lock file" contains a concrete list of package versions (with checksums) to be installed. Unlike
# e.g. `conda env create`, the resulting environment will not change as new package versions become
# available, unless you explicitly update the lock file.
#
# Install this environment as "YOURENV" with:
#     conda-lock install -n YOURENV --file conda-lock.yml
# To update a single package to the latest version compatible with the version constraints in the source:
#     conda-lock lock  --lockfile conda-lock.yml --update PACKAGE
# To re-solve the entire environment, e.g. after changing a version constraint in the source file:
#     conda-lock -f environment.yml --lockfile conda-lock.yml
version: 1
metadata:
  content_hash:
    linux-aarch64: ebe650aac6ee73a6b38b712df34c11a3553c3018748fc64282b54b023e277442
  channels:
  - url: conda-forge
    used_env_vars: []
  platforms:
  - linux-aarch64
  sources:
  - environment.yml
package:
- name: _openmp_mutex
  version: '4.5'
  manager: conda
  platform: linux-aarch64
  dependencies:
    libgomp: '>=7.5.0'
  url: https://conda.anaconda.org/conda-forge/linux-aarch64/_openmp_mutex-4.5-2_gnu.tar.bz2
  hash:
    md5: 6168d71addc746e8f2b8d57dfd2edcea
    sha256: 3702bef2f0a4d38bd8288bbe54aace623602a1343c2cfbefd3fa188e015bebf0
  category: main
  optional: false
- name: aiohappyeyeballs
  version: 2.6.1
  manager: conda
  platform: linux-aarch64
  dependencies:
    python: '>=3.9'
  url: https://conda.anaconda.org/conda-forge/noarch/aiohappyeyeballs-2.6.1-pyhd8ed1ab_0.conda
  hash:
    md5: 18fd895e0e775622906cdabfc3cf0fb4
    sha256: 7842ddc678e77868ba7b92a726b437575b23aaec293bca0d40826f1026d90e27
  category: main
  optional: false
- name: aiohttp
  version: 3.11.18
  manager: conda
  platform: linux-aarch64
  dependencies:
    aiohappyeyeballs: '>=2.3.0'
    aiosignal: '>=1.1.2'
    attrs: '>=17.3.0'
    frozenlist: '>=1.1.1'
    libgcc: '>=13'
    multidict: '>=4.5,<7.0'
    propcache: '>=0.2.0'
    python: '>=3.13,<3.14.0a0'
    python_abi: 3.13.*
    yarl: '>=1.17.0,<2.0'
  url: https://conda.anaconda.org/conda-forge/linux-aarch64/aiohttp-3.11.18-py313h857f82b_0.conda
  hash:
    md5: b0ab0c48f47c8e99abf7490ce1b66e41
    sha256: ac403fbe7e08386307e779b619aed1270c79beccd1b79e5ad77d628ad1d2a010
  category: main
  optional: false
- name: aiosignal
  version: 1.3.2
  manager: conda
  platform: linux-aarch64
  dependencies:
    frozenlist: '>=1.1.0'
    python: '>=3.9'
  url: https://conda.anaconda.org/conda-forge/noarch/aiosignal-1.3.2-pyhd8ed1ab_0.conda
  hash:
    md5: 1a3981115a398535dbe3f6d5faae3d36
    sha256: 7de8ced1918bbdadecf8e1c1c68237fe5709c097bd9e0d254f4cad118f4345d0
  category: main
  optional: false
- name: attrs
  version: 25.3.0
  manager: conda
  platform: linux-aarch64
  dependencies:
    python: '>=3.9'
  url: https://conda.anaconda.org/conda-forge/noarch/attrs-25.3.0-pyh71513ae_0.conda
  hash:
    md5: a10d11958cadc13fdb43df75f8b1903f
    sha256: 99c53ffbcb5dc58084faf18587b215f9ac8ced36bbfb55fa807c00967e419019
  category: main
  optional: false
- name: blinker
  version: 1.9.0
  manager: conda
  platform: linux-aarch64
  dependencies:
    python: '>=3.9'
  url: https://conda.anaconda.org/conda-forge/noarch/blinker-1.9.0-pyhff2d567_0.conda
  hash:
    md5: 42834439227a4551b939beeeb8a4b085
    sha256: f7efd22b5c15b400ed84a996d777b6327e5c402e79e3c534a7e086236f1eb2dc
  category: main
  optional: false
- name: boto3
  version: 1.38.18
  manager: conda
  platform: linux-aarch64
  dependencies:
    botocore: '>=1.38.18,<1.39.0'
    jmespath: '>=0.7.1,<2.0.0'
    python: '>=3.9'
    s3transfer: '>=0.12.0,<0.13.0'
  url: https://conda.anaconda.org/conda-forge/noarch/boto3-1.38.18-pyhd8ed1ab_0.conda
  hash:
    md5: f4cf36b172d7bef69c22f2e34948469e
    sha256: 1946f6b70d9d0f4d03e9f0e9fec764fafca4ce2e8933c3755ed88709743965fb
  category: main
  optional: false
- name: botocore
  version: 1.38.18
  manager: conda
  platform: linux-aarch64
  dependencies:
    jmespath: '>=0.7.1,<2.0.0'
    python: '>=3.10'
    python-dateutil: '>=2.1,<3.0.0'
    urllib3: '>=1.25.4,!=2.2.0,<3'
  url: https://conda.anaconda.org/conda-forge/noarch/botocore-1.38.18-pyge310_1234567_0.conda
  hash:
    md5: 4146ceddfc912c381ad3035c7b870e13
    sha256: 1773f871225e046a1e80d67ff9713f49db16a16e12285b2999ab8e169afa1562
  category: main
  optional: false
- name: brotli-python
  version: 1.1.0
  manager: conda
  platform: linux-aarch64
  dependencies:
    libgcc: '>=13'
    libstdcxx: '>=13'
    python: '>=3.13.0rc1,<3.14.0a0'
    python_abi: 3.13.*
  url: https://conda.anaconda.org/conda-forge/linux-aarch64/brotli-python-1.1.0-py313hb6a6212_2.conda
  hash:
    md5: 00a8eceb69b4cc95069726068e39bd0a
    sha256: 356d280f45d682fd46d0714019eef9cbf3c808257b245eee5ddd8b0e694a7a88
  category: main
  optional: false
- name: bzip2
  version: 1.0.8
  manager: conda
  platform: linux-aarch64
  dependencies:
    libgcc-ng: '>=12'
  url: https://conda.anaconda.org/conda-forge/linux-aarch64/bzip2-1.0.8-h68df207_7.conda
  hash:
    md5: 56398c28220513b9ea13d7b450acfb20
    sha256: 2258b0b33e1cb3a9852d47557984abb6e7ea58e3d7f92706ec1f8e879290c4cb
  category: main
  optional: false
- name: ca-certificates
  version: 2025.4.26
  manager: conda
  platform: linux-aarch64
  dependencies:
    __unix: ''
  url: https://conda.anaconda.org/conda-forge/noarch/ca-certificates-2025.4.26-hbd8a1cb_0.conda
  hash:
    md5: 95db94f75ba080a22eb623590993167b
    sha256: 2a70ed95ace8a3f8a29e6cd1476a943df294a7111dfb3e152e3478c4c889b7ac
  category: main
  optional: false
- name: certifi
  version: 2025.4.26
  manager: conda
  platform: linux-aarch64
  dependencies:
    python: '>=3.9'
  url: https://conda.anaconda.org/conda-forge/noarch/certifi-2025.4.26-pyhd8ed1ab_0.conda
  hash:
    md5: c33eeaaa33f45031be34cda513df39b6
    sha256: 52aa837642fd851b3f7ad3b1f66afc5366d133c1d452323f786b0378a391915c
  category: main
  optional: false
- name: cffi
  version: 1.17.1
  manager: conda
  platform: linux-aarch64
  dependencies:
    libffi: '>=3.4,<4.0a0'
    libgcc: '>=13'
    pycparser: ''
    python: '>=3.13.0rc1,<3.14.0a0'
    python_abi: 3.13.*
  url: https://conda.anaconda.org/conda-forge/linux-aarch64/cffi-1.17.1-py313h2135053_0.conda
  hash:
    md5: c5506b336622c8972eb38613f7937f26
    sha256: 59842445337855185bee9d11a6624cf2fad651230496793f7b21d2243f7b4039
  category: main
  optional: false
- name: charset-normalizer
  version: 3.4.2
  manager: conda
  platform: linux-aarch64
  dependencies:
    python: '>=3.9'
  url: https://conda.anaconda.org/conda-forge/noarch/charset-normalizer-3.4.2-pyhd8ed1ab_0.conda
  hash:
    md5: 40fe4284b8b5835a9073a645139f35af
    sha256: 535ae5dcda8022e31c6dc063eb344c80804c537a5a04afba43a845fa6fa130f5
  category: main
  optional: false
- name: click
  version: 8.2.0
  manager: conda
  platform: linux-aarch64
  dependencies:
    __unix: ''
    python: '>=3.10'
  url: https://conda.anaconda.org/conda-forge/noarch/click-8.2.0-pyh707e725_0.conda
  hash:
    md5: 4d4f33c3d9e5a23a7f4795d327a5d1f0
    sha256: 910f0e5e74a75f6e270b9dedd0f8ac55830250b0874f9f67605816fd069af283
  category: main
  optional: false
- name: colorama
  version: 0.4.6
  manager: conda
  platform: linux-aarch64
  dependencies:
    python: '>=3.9'
  url: https://conda.anaconda.org/conda-forge/noarch/colorama-0.4.6-pyhd8ed1ab_1.conda
  hash:
    md5: 962b9857ee8e7018c22f2776ffa0b2d7
    sha256: ab29d57dc70786c1269633ba3dff20288b81664d3ff8d21af995742e2bb03287
  category: main
  optional: false
- name: coverage
  version: 7.8.0
  manager: conda
  platform: linux-aarch64
  dependencies:
    libgcc: '>=13'
    python: '>=3.13,<3.14.0a0'
    python_abi: 3.13.*
    tomli: ''
  url: https://conda.anaconda.org/conda-forge/linux-aarch64/coverage-7.8.0-py313h7815b11_0.conda
  hash:
    md5: 71161f77b6a1534097f7d6e6020a3686
    sha256: c9e50a5ca50e47c29ed9ac7968f33e88f16ec082e3780d523efc8c9d2a803d83
  category: main
  optional: false
- name: exceptiongroup
  version: 1.3.0
  manager: conda
  platform: linux-aarch64
  dependencies:
    python: '>=3.9'
    typing_extensions: '>=4.6.0'
  url: https://conda.anaconda.org/conda-forge/noarch/exceptiongroup-1.3.0-pyhd8ed1ab_0.conda
  hash:
    md5: 72e42d28960d875c7654614f8b50939a
    sha256: ce61f4f99401a4bd455b89909153b40b9c823276aefcbb06f2044618696009ca
  category: main
  optional: false
- name: flask
  version: 3.1.1
  manager: conda
  platform: linux-aarch64
  dependencies:
    blinker: '>=1.9'
    click: '>=8.1.3'
    importlib-metadata: '>=3.6.0'
    itsdangerous: '>=2.2'
    jinja2: '>=3.1.2'
    markupsafe: '>=2.1.1'
    python: '>=3.9'
    werkzeug: '>=3.1'
  url: https://conda.anaconda.org/conda-forge/noarch/flask-3.1.1-pyhd8ed1ab_0.conda
  hash:
    md5: ffad1a6161226d41e3735b73bae5c71c
    sha256: 41c2dc7648acc51a2fd4715b916f04b166e5aa472ac62c5b34f314e0c96146dc
  category: main
  optional: false
- name: frozenlist
  version: 1.6.0
  manager: conda
  platform: linux-aarch64
  dependencies:
    libgcc: '>=13'
    libstdcxx: '>=13'
    python: '>=3.13,<3.14.0a0'
    python_abi: 3.13.*
  url: https://conda.anaconda.org/conda-forge/linux-aarch64/frozenlist-1.6.0-py313hf157169_0.conda
  hash:
    md5: 269d92453f2e69c27afb682e9ae51d9d
    sha256: fda2232354810af5e2fc77e0f7d31efe9b1c7bce305adc5a1bc86138ef7cecb2
  category: main
  optional: false
- name: geoip2
  version: 4.8.0
  manager: conda
  platform: linux-aarch64
  dependencies:
    aiohttp: '>=3.6.2,<4.0.0'
    maxminddb: '>=2.3.0,<3.0.0'
    python: '>=3.7'
    requests: '>=2.24.0,<3.0.0'
  url: https://conda.anaconda.org/conda-forge/noarch/geoip2-4.8.0-pyhd8ed1ab_0.conda
  hash:
    md5: ff7200322cb572017ab08cb3e39993bd
    sha256: 1aa4c1a8ec5e9c87875f250e5e4ce775861c1242ece212dc1739acb417b68c92
  category: main
  optional: false
- name: gunicorn
  version: 23.0.0
  manager: conda
  platform: linux-aarch64
  dependencies:
    packaging: ''
    python: '>=3.13.0rc1,<3.14.0a0'
    python_abi: 3.13.*
    setuptools: '>=3.0'
  url: https://conda.anaconda.org/conda-forge/linux-aarch64/gunicorn-23.0.0-py313hd81a959_1.conda
  hash:
    md5: 19fcdec2a534ae7498da9fc295d1a8a6
    sha256: 8c4f336cd306d127010138845821fe3ee40312d11b1a8860e17fd3685565efae
  category: main
  optional: false
- name: h2
  version: 4.2.0
  manager: conda
  platform: linux-aarch64
  dependencies:
    hpack: '>=4.1,<5'
    hyperframe: '>=6.1,<7'
    python: '>=3.9'
  url: https://conda.anaconda.org/conda-forge/noarch/h2-4.2.0-pyhd8ed1ab_0.conda
  hash:
    md5: b4754fb1bdcb70c8fd54f918301582c6
    sha256: 0aa1cdc67a9fe75ea95b5644b734a756200d6ec9d0dff66530aec3d1c1e9df75
  category: main
  optional: false
- name: hpack
  version: 4.1.0
  manager: conda
  platform: linux-aarch64
  dependencies:
    python: '>=3.9'
  url: https://conda.anaconda.org/conda-forge/noarch/hpack-4.1.0-pyhd8ed1ab_0.conda
  hash:
    md5: 0a802cb9888dd14eeefc611f05c40b6e
    sha256: 6ad78a180576c706aabeb5b4c8ceb97c0cb25f1e112d76495bff23e3779948ba
  category: main
  optional: false
- name: hyperframe
  version: 6.1.0
  manager: conda
  platform: linux-aarch64
  dependencies:
    python: '>=3.9'
  url: https://conda.anaconda.org/conda-forge/noarch/hyperframe-6.1.0-pyhd8ed1ab_0.conda
  hash:
    md5: 8e6923fc12f1fe8f8c4e5c9f343256ac
    sha256: 77af6f5fe8b62ca07d09ac60127a30d9069fdc3c68d6b256754d0ffb1f7779f8
  category: main
  optional: false
- name: idna
  version: '3.10'
  manager: conda
  platform: linux-aarch64
  dependencies:
    python: '>=3.9'
  url: https://conda.anaconda.org/conda-forge/noarch/idna-3.10-pyhd8ed1ab_1.conda
  hash:
    md5: 39a4f67be3286c86d696df570b1201b7
    sha256: d7a472c9fd479e2e8dcb83fb8d433fce971ea369d704ece380e876f9c3494e87
  category: main
  optional: false
- name: importlib-metadata
  version: 8.6.1
  manager: conda
  platform: linux-aarch64
  dependencies:
    python: '>=3.9'
    zipp: '>=0.5'
  url: https://conda.anaconda.org/conda-forge/noarch/importlib-metadata-8.6.1-pyha770c72_0.conda
  hash:
    md5: f4b39bf00c69f56ac01e020ebfac066c
    sha256: 598951ebdb23e25e4cec4bbff0ae369cec65ead80b50bc08b441d8e54de5cf03
  category: main
  optional: false
- name: iniconfig
  version: 2.0.0
  manager: conda
  platform: linux-aarch64
  dependencies:
    python: '>=3.9'
  url: https://conda.anaconda.org/conda-forge/noarch/iniconfig-2.0.0-pyhd8ed1ab_1.conda
  hash:
    md5: 6837f3eff7dcea42ecd714ce1ac2b108
    sha256: 0ec8f4d02053cd03b0f3e63168316530949484f80e16f5e2fb199a1d117a89ca
  category: main
  optional: false
- name: itsdangerous
  version: 2.2.0
  manager: conda
  platform: linux-aarch64
  dependencies:
    python: '>=3.9'
  url: https://conda.anaconda.org/conda-forge/noarch/itsdangerous-2.2.0-pyhd8ed1ab_1.conda
  hash:
    md5: 7ac5f795c15f288984e32add616cdc59
    sha256: 1684b7b16eec08efef5302ce298c606b163c18272b69a62b666fbaa61516f170
  category: main
  optional: false
- name: jinja2
  version: 3.1.6
  manager: conda
  platform: linux-aarch64
  dependencies:
    markupsafe: '>=2.0'
    python: '>=3.9'
  url: https://conda.anaconda.org/conda-forge/noarch/jinja2-3.1.6-pyhd8ed1ab_0.conda
  hash:
    md5: 446bd6c8cb26050d528881df495ce646
    sha256: f1ac18b11637ddadc05642e8185a851c7fab5998c6f5470d716812fae943b2af
  category: main
  optional: false
- name: jmespath
  version: 1.0.1
  manager: conda
  platform: linux-aarch64
  dependencies:
    python: '>=3.9'
  url: https://conda.anaconda.org/conda-forge/noarch/jmespath-1.0.1-pyhd8ed1ab_1.conda
  hash:
    md5: 972bdca8f30147135f951847b30399ea
    sha256: 3d2f20ee7fd731e3ff55c189db9c43231bc8bde957875817a609c227bcb295c6
  category: main
  optional: false
- name: ld_impl_linux-aarch64
  version: '2.43'
  manager: conda
  platform: linux-aarch64
  dependencies: {}
  url: https://conda.anaconda.org/conda-forge/linux-aarch64/ld_impl_linux-aarch64-2.43-h80caac9_4.conda
  hash:
    md5: 80c9ad5e05e91bb6c0967af3880c9742
    sha256: 016832a70b0aa97e1c4e47e23c00b0c34def679de25146736df353199f684f0d
  category: main
  optional: false
- name: libexpat
  version: 2.7.0
  manager: conda
  platform: linux-aarch64
  dependencies:
    libgcc: '>=13'
  url: https://conda.anaconda.org/conda-forge/linux-aarch64/libexpat-2.7.0-h5ad3122_0.conda
  hash:
    md5: d41a057e7968705dae8dcb7c8ba2c8dd
    sha256: e3a0d95fe787cccf286f5dced9fa9586465d3cd5ec8e04f7ad7f0e72c4afd089
  category: main
  optional: false
- name: libffi
  version: 3.4.6
  manager: conda
  platform: linux-aarch64
  dependencies:
    libgcc: '>=13'
  url: https://conda.anaconda.org/conda-forge/linux-aarch64/libffi-3.4.6-he21f813_1.conda
  hash:
    md5: 15a131f30cae36e9a655ca81fee9a285
    sha256: 608b8c8b0315423e524b48733d91edd43f95cb3354a765322ac306a858c2cd2e
  category: main
  optional: false
- name: libgcc
  version: 15.1.0
  manager: conda
  platform: linux-aarch64
  dependencies:
    _openmp_mutex: '>=4.5'
  url: https://conda.anaconda.org/conda-forge/linux-aarch64/libgcc-15.1.0-he277a41_2.conda
  hash:
    md5: 224e999bbcad260d7bd4c0c27fdb99a4
    sha256: e5977d63d48507bfa4e86b3052b3d14bae7ea80c3f8b4018868995275b6cc0d8
  category: main
  optional: false
- name: libgcc-ng
  version: 15.1.0
  manager: conda
  platform: linux-aarch64
  dependencies:
    libgcc: 15.1.0
  url: https://conda.anaconda.org/conda-forge/linux-aarch64/libgcc-ng-15.1.0-he9431aa_2.conda
  hash:
    md5: d12a4b26073751bbc3db18de83ccba5f
    sha256: fe22ddd0f7922edb0b515959ff1180d1143060fc5bfc3739ff4c6a94762c50c6
  category: main
  optional: false
- name: libgomp
  version: 15.1.0
  manager: conda
  platform: linux-aarch64
  dependencies: {}
  url: https://conda.anaconda.org/conda-forge/linux-aarch64/libgomp-15.1.0-he277a41_2.conda
  hash:
    md5: a28544b28961994eab37e1132a7dadcf
    sha256: 6362d457591144a4e50247ff60cb2655eb2cf4a7a99dde9e4d7c2d22af20a038
  category: main
  optional: false
- name: liblzma
  version: 5.8.1
  manager: conda
  platform: linux-aarch64
  dependencies:
    libgcc: '>=13'
  url: https://conda.anaconda.org/conda-forge/linux-aarch64/liblzma-5.8.1-h86ecc28_1.conda
  hash:
    md5: 8ced9a547a29f7a71b7f15a4443ad1de
    sha256: 245e06d96ac55827a3cf20b09a777e318c3d2a41aa8ff7853bcae0a9c9e28cda
  category: main
  optional: false
- name: libmpdec
  version: 4.0.0
  manager: conda
  platform: linux-aarch64
  dependencies:
    libgcc-ng: '>=12'
  url: https://conda.anaconda.org/conda-forge/linux-aarch64/libmpdec-4.0.0-h68df207_0.conda
  hash:
    md5: 5a03ba481cb547e6f31a1d81ebc5e319
    sha256: 1c63ef313c5d4ac02cdf21471fdba99c188bfcb87068a127a0f0964f7ec170ac
  category: main
  optional: false
- name: libsqlite
  version: 3.49.2
  manager: conda
  platform: linux-aarch64
  dependencies:
    libgcc: '>=13'
    libzlib: '>=1.3.1,<2.0a0'
  url: https://conda.anaconda.org/conda-forge/linux-aarch64/libsqlite-3.49.2-h5eb1b54_0.conda
  hash:
    md5: 462e571b023e916587ff0925ae22522d
    sha256: 6854a43b741c01fe5d25d99555a68014e2f653a78d32079e73bee81756d694d7
  category: main
  optional: false
- name: libstdcxx
  version: 15.1.0
  manager: conda
  platform: linux-aarch64
  dependencies:
    libgcc: 15.1.0
  url: https://conda.anaconda.org/conda-forge/linux-aarch64/libstdcxx-15.1.0-h3f4de04_2.conda
  hash:
    md5: 6247ea6d1ecac20a9e98674342984726
    sha256: 15c57c226ecc981714f96d07232c67c27703e42bbe2460dbf9b6122720d0704a
  category: main
  optional: false
- name: libuuid
  version: 2.38.1
  manager: conda
  platform: linux-aarch64
  dependencies:
    libgcc-ng: '>=12'
  url: https://conda.anaconda.org/conda-forge/linux-aarch64/libuuid-2.38.1-hb4cce97_0.conda
  hash:
    md5: 000e30b09db0b7c775b21695dff30969
    sha256: 616277b0c5f7616c2cdf36f6c316ea3f9aa5bb35f2d4476a349ab58b9b91675f
  category: main
  optional: false
- name: libzlib
  version: 1.3.1
  manager: conda
  platform: linux-aarch64
  dependencies:
    libgcc: '>=13'
  url: https://conda.anaconda.org/conda-forge/linux-aarch64/libzlib-1.3.1-h86ecc28_2.conda
  hash:
    md5: 08aad7cbe9f5a6b460d0976076b6ae64
    sha256: 5a2c1eeef69342e88a98d1d95bff1603727ab1ff4ee0e421522acd8813439b84
  category: main
  optional: false
- name: markupsafe
  version: 3.0.2
  manager: conda
  platform: linux-aarch64
  dependencies:
    libgcc: '>=13'
    python: '>=3.13,<3.14.0a0'
    python_abi: 3.13.*
  url: https://conda.anaconda.org/conda-forge/linux-aarch64/markupsafe-3.0.2-py313h7815b11_1.conda
  hash:
    md5: 1dbae17ceddb4e6ab2f239a00c7b5e52
    sha256: d91212c3c12c4dd9500ca85973c1bad28e2204e8c838e823d87c86a791bef866
  category: main
  optional: false
- name: maxminddb
  version: 2.6.2
  manager: conda
  platform: linux-aarch64
  dependencies:
    python: '>=3.8'
  url: https://conda.anaconda.org/conda-forge/noarch/maxminddb-2.6.2-pyhd8ed1ab_0.conda
  hash:
    md5: 36825ad83ea9eca4353b3ed346616b0f
    sha256: e170820ac4d5941feca5049514b444da55d35a601f9593cb28b748508a7c5b6d
  category: main
  optional: false
- name: multidict
  version: 6.4.3
  manager: conda
  platform: linux-aarch64
  dependencies:
    libgcc: '>=13'
    python: '>=3.13,<3.14.0a0'
    python_abi: 3.13.*
  url: https://conda.anaconda.org/conda-forge/linux-aarch64/multidict-6.4.3-py313h857f82b_0.conda
  hash:
    md5: 99906f266a51af66aa45d91b2fd4cd4f
    sha256: 7f6c5b6a5a8eb53721265af4c9319a82b60970d3010398f9ab89c67f8f87d846
  category: main
  optional: false
- name: ncurses
  version: '6.5'
  manager: conda
  platform: linux-aarch64
  dependencies:
    libgcc: '>=13'
  url: https://conda.anaconda.org/conda-forge/linux-aarch64/ncurses-6.5-ha32ae93_3.conda
  hash:
    md5: 182afabe009dc78d8b73100255ee6868
    sha256: 91cfb655a68b0353b2833521dc919188db3d8a7f4c64bea2c6a7557b24747468
  category: main
  optional: false
- name: openssl
  version: 3.5.0
  manager: conda
  platform: linux-aarch64
  dependencies:
    ca-certificates: ''
    libgcc: '>=13'
  url: https://conda.anaconda.org/conda-forge/linux-aarch64/openssl-3.5.0-hd08dc88_1.conda
  hash:
    md5: ee68fdc3a8723e9c58bdd2f10544658f
    sha256: 58120daf06a52ba203f94eccb43900213a9f2b3cc310bbaa868505ccd7afbdaa
  category: main
  optional: false
- name: packaging
  version: '25.0'
  manager: conda
  platform: linux-aarch64
  dependencies:
    python: ''
  url: https://conda.anaconda.org/conda-forge/noarch/packaging-25.0-pyh29332c3_1.conda
  hash:
    md5: 58335b26c38bf4a20f399384c33cbcf9
    sha256: 289861ed0c13a15d7bbb408796af4de72c2fe67e2bcb0de98f4c3fce259d7991
  category: main
  optional: false
- name: pip
  version: 25.1.1
  manager: conda
  platform: linux-aarch64
  dependencies:
    python: '>=3.13.0a0'
  url: https://conda.anaconda.org/conda-forge/noarch/pip-25.1.1-pyh145f28c_0.conda
  hash:
    md5: 01384ff1639c6330a0924791413b8714
    sha256: e18efebe17b1cdef5bed19786c312c2f563981bbf8843490d5007311e448ff48
  category: main
  optional: false
- name: pluggy
  version: 1.6.0
  manager: conda
  platform: linux-aarch64
  dependencies:
    python: '>=3.9'
  url: https://conda.anaconda.org/conda-forge/noarch/pluggy-1.6.0-pyhd8ed1ab_0.conda
  hash:
    md5: 7da7ccd349dbf6487a7778579d2bb971
    sha256: a8eb555eef5063bbb7ba06a379fa7ea714f57d9741fe0efdb9442dbbc2cccbcc
  category: main
  optional: false
- name: propcache
  version: 0.3.1
  manager: conda
  platform: linux-aarch64
  dependencies:
    libgcc: '>=13'
    python: '>=3.13,<3.14.0a0'
    python_abi: 3.13.*
  url: https://conda.anaconda.org/conda-forge/linux-aarch64/propcache-0.3.1-py313h857f82b_0.conda
  hash:
    md5: 3c8d0e94c825ec08728e98a5448d8493
    sha256: e09f5bec992467e13a27020d9f86790f8bab4a9e278a6066359154701db712b0
  category: main
  optional: false
- name: pycparser
  version: '2.22'
  manager: conda
  platform: linux-aarch64
  dependencies:
    python: ''
  url: https://conda.anaconda.org/conda-forge/noarch/pycparser-2.22-pyh29332c3_1.conda
  hash:
    md5: 12c566707c80111f9799308d9e265aef
    sha256: 79db7928d13fab2d892592223d7570f5061c192f27b9febd1a418427b719acc6
  category: main
  optional: false
- name: pysocks
  version: 1.7.1
  manager: conda
  platform: linux-aarch64
  dependencies:
    __unix: ''
    python: '>=3.9'
  url: https://conda.anaconda.org/conda-forge/noarch/pysocks-1.7.1-pyha55dd90_7.conda
  hash:
    md5: 461219d1a5bd61342293efa2c0c90eac
    sha256: ba3b032fa52709ce0d9fd388f63d330a026754587a2f461117cac9ab73d8d0d8
  category: main
  optional: false
- name: pytest
  version: 8.3.5
  manager: conda
  platform: linux-aarch64
  dependencies:
    colorama: ''
    exceptiongroup: '>=1.0.0rc8'
    iniconfig: ''
    packaging: ''
    pluggy: <2,>=1.5
    python: '>=3.9'
    tomli: '>=1'
  url: https://conda.anaconda.org/conda-forge/noarch/pytest-8.3.5-pyhd8ed1ab_0.conda
  hash:
    md5: c3c9316209dec74a705a36797970c6be
    sha256: 963524de7340c56615583ba7b97a6beb20d5c56a59defb59724dc2a3105169c9
  category: main
  optional: false
- name: python
  version: 3.13.3
  manager: conda
  platform: linux-aarch64
  dependencies:
    bzip2: '>=1.0.8,<2.0a0'
    ld_impl_linux-aarch64: '>=2.36.1'
    libexpat: '>=2.7.0,<3.0a0'
    libffi: '>=3.4.6,<3.5.0a0'
    libgcc: '>=13'
    liblzma: '>=5.8.1,<6.0a0'
    libmpdec: '>=4.0.0,<5.0a0'
    libsqlite: '>=3.49.1,<4.0a0'
    libuuid: '>=2.38.1,<3.0a0'
    libzlib: '>=1.3.1,<2.0a0'
    ncurses: '>=6.5,<7.0a0'
    openssl: '>=3.5.0,<4.0a0'
    python_abi: 3.13.*
    readline: '>=8.2,<9.0a0'
    tk: '>=8.6.13,<8.7.0a0'
    tzdata: ''
  url: https://conda.anaconda.org/conda-forge/linux-aarch64/python-3.13.3-h525b0ce_101_cp313.conda
  hash:
    md5: 1d53ab775e0ba059651551df55f6f83a
    sha256: b8be9b83081f0fc760d934b92f7c087f05cc6e943ed4987d3c59134359ed1265
  category: main
  optional: false
- name: python-dateutil
  version: 2.9.0.post0
  manager: conda
  platform: linux-aarch64
  dependencies:
    python: '>=3.9'
    six: '>=1.5'
  url: https://conda.anaconda.org/conda-forge/noarch/python-dateutil-2.9.0.post0-pyhff2d567_1.conda
  hash:
    md5: 5ba79d7c71f03c678c8ead841f347d6e
    sha256: a50052536f1ef8516ed11a844f9413661829aa083304dc624c5925298d078d79
  category: main
  optional: false
- name: python-duckdb
  version: 1.2.2
  manager: conda
  platform: linux-aarch64
  dependencies:
    libgcc: '>=13'
    libstdcxx: '>=13'
    python: '>=3.13,<3.14.0a0'
    python_abi: 3.13.*
  url: https://conda.anaconda.org/conda-forge/linux-aarch64/python-duckdb-1.2.2-py313hb6a6212_0.conda
  hash:
    md5: cec4824295506c8ad934d0b5a89c073c
    sha256: 7594a2aea55628143ffc572b96b64140dd219ab2888add1c03083960f315f53f
  category: main
  optional: false
- name: python_abi
  version: '3.13'
  manager: conda
  platform: linux-aarch64
  dependencies: {}
  url: https://conda.anaconda.org/conda-forge/noarch/python_abi-3.13-7_cp313.conda
  hash:
    md5: e84b44e6300f1703cb25d29120c5b1d8
    sha256: 0595134584589064f56e67d3de1d8fcbb673a972946bce25fb593fb092fdcd97
  category: main
  optional: false
- name: readline
  version: '8.2'
  manager: conda
  platform: linux-aarch64
  dependencies:
    libgcc: '>=13'
    ncurses: '>=6.5,<7.0a0'
  url: https://conda.anaconda.org/conda-forge/linux-aarch64/readline-8.2-h8382b9d_2.conda
  hash:
    md5: c0f08fc2737967edde1a272d4bf41ed9
    sha256: 54bed3a3041befaa9f5acde4a37b1a02f44705b7796689574bcf9d7beaad2959
  category: main
  optional: false
- name: requests
  version: 2.32.3
  manager: conda
  platform: linux-aarch64
  dependencies:
    certifi: '>=2017.4.17'
    charset-normalizer: '>=2,<4'
    idna: '>=2.5,<4'
    python: '>=3.9'
    urllib3: '>=1.21.1,<3'
  url: https://conda.anaconda.org/conda-forge/noarch/requests-2.32.3-pyhd8ed1ab_1.conda
  hash:
    md5: a9b9368f3701a417eac9edbcae7cb737
    sha256: d701ca1136197aa121bbbe0e8c18db6b5c94acbd041c2b43c70e5ae104e1d8ad
  category: main
  optional: false
- name: s3transfer
  version: 0.12.0
  manager: conda
  platform: linux-aarch64
  dependencies:
    botocore: '>=1.37.4,<2.0a.0'
    python: '>=3.9'
  url: https://conda.anaconda.org/conda-forge/noarch/s3transfer-0.12.0-pyhd8ed1ab_0.conda
  hash:
    md5: 829c1fc60557253e117bc8a390d197b1
    sha256: 378782b64c187f7b3cb4676d85d39b13cb4970f6303714606e318530bc5497ca
  category: main
  optional: false
- name: setuptools
  version: 80.1.0
  manager: conda
  platform: linux-aarch64
  dependencies:
    python: '>=3.9'
  url: https://conda.anaconda.org/conda-forge/noarch/setuptools-80.1.0-pyhff2d567_0.conda
  hash:
    md5: f6f72d0837c79eaec77661be43e8a691
    sha256: 777d34ed359cedd5a5004c930077c101bb3b70e5fbb04d29da5058d75b0ba487
  category: main
  optional: false
- name: six
  version: 1.17.0
  manager: conda
  platform: linux-aarch64
  dependencies:
    python: '>=3.9'
  url: https://conda.anaconda.org/conda-forge/noarch/six-1.17.0-pyhd8ed1ab_0.conda
  hash:
    md5: a451d576819089b0d672f18768be0f65
    sha256: 41db0180680cc67c3fa76544ffd48d6a5679d96f4b71d7498a759e94edc9a2db
  category: main
  optional: false
- name: tk
  version: 8.6.13
  manager: conda
  platform: linux-aarch64
  dependencies:
    libgcc-ng: '>=12'
    libzlib: '>=1.2.13,<2.0.0a0'
  url: https://conda.anaconda.org/conda-forge/linux-aarch64/tk-8.6.13-h194ca79_0.conda
  hash:
    md5: f75105e0585851f818e0009dd1dde4dc
    sha256: 7fa27cc512d3a783f38bd16bbbffc008807372499d5b65d089a8e43bde9db267
  category: main
  optional: false
- name: tomli
  version: 2.2.1
  manager: conda
  platform: linux-aarch64
  dependencies:
    python: '>=3.9'
  url: https://conda.anaconda.org/conda-forge/noarch/tomli-2.2.1-pyhd8ed1ab_1.conda
  hash:
    md5: ac944244f1fed2eb49bae07193ae8215
    sha256: 18636339a79656962723077df9a56c0ac7b8a864329eb8f847ee3d38495b863e
  category: main
  optional: false
- name: typing_extensions
  version: 4.13.2
  manager: conda
  platform: linux-aarch64
  dependencies:
    python: ''
  url: https://conda.anaconda.org/conda-forge/noarch/typing_extensions-4.13.2-pyh29332c3_0.conda
  hash:
    md5: 83fc6ae00127671e301c9f44254c31b8
    sha256: a8aaf351e6461de0d5d47e4911257e25eec2fa409d71f3b643bb2f748bde1c08
  category: main
  optional: false
- name: tzdata
  version: 2025b
  manager: conda
  platform: linux-aarch64
  dependencies: {}
  url: https://conda.anaconda.org/conda-forge/noarch/tzdata-2025b-h78e105d_0.conda
  hash:
    md5: 4222072737ccff51314b5ece9c7d6f5a
    sha256: 5aaa366385d716557e365f0a4e9c3fca43ba196872abbbe3d56bb610d131e192
  category: main
  optional: false
- name: urllib3
  version: 2.4.0
  manager: conda
  platform: linux-aarch64
  dependencies:
    brotli-python: '>=1.0.9'
    h2: '>=4,<5'
    pysocks: '>=1.5.6,<2.0,!=1.5.7'
    python: '>=3.9'
    zstandard: '>=0.18.0'
  url: https://conda.anaconda.org/conda-forge/noarch/urllib3-2.4.0-pyhd8ed1ab_0.conda
  hash:
    md5: c1e349028e0052c4eea844e94f773065
    sha256: a25403b76f7f03ca1a906e1ef0f88521edded991b9897e7fed56a3e334b3db8c
  category: main
  optional: false
- name: werkzeug
  version: 3.1.3
  manager: conda
  platform: linux-aarch64
  dependencies:
    markupsafe: '>=2.1.1'
    python: '>=3.9'
  url: https://conda.anaconda.org/conda-forge/noarch/werkzeug-3.1.3-pyhd8ed1ab_1.conda
  hash:
    md5: 0a9b57c159d56b508613cc39022c1b9e
    sha256: cd9a603beae0b237be7d9dfae8ae0b36ad62666ac4bb073969bce7da6f55157c
  category: main
  optional: false
- name: yarl
  version: 1.20.0
  manager: conda
  platform: linux-aarch64
  dependencies:
    idna: '>=2.0'
    libgcc: '>=13'
    multidict: '>=4.0'
    propcache: '>=0.2.1'
    python: '>=3.13,<3.14.0a0'
    python_abi: 3.13.*
  url: https://conda.anaconda.org/conda-forge/linux-aarch64/yarl-1.20.0-py313h857f82b_0.conda
  hash:
    md5: 709d10c1025c505625738d5450222f2d
    sha256: 416343a147b1b284ddddd28ae0258b6da627cc28e288d6d18130641f76a69db8
  category: main
  optional: false
- name: zipp
  version: 3.21.0
  manager: conda
  platform: linux-aarch64
  dependencies:
    python: '>=3.9'
  url: https://conda.anaconda.org/conda-forge/noarch/zipp-3.21.0-pyhd8ed1ab_1.conda
  hash:
    md5: 0c3cc595284c5e8f0f9900a9b228a332
    sha256: 567c04f124525c97a096b65769834b7acb047db24b15a56888a322bf3966c3e1
  category: main
  optional: false
- name: zstandard
  version: 0.23.0
  manager: conda
  platform: linux-aarch64
  dependencies:
    cffi: '>=1.11'
    libgcc: '>=13'
    python: '>=3.13,<3.14.0a0'
    python_abi: 3.13.*
  url: https://conda.anaconda.org/conda-forge/linux-aarch64/zstandard-0.23.0-py313h31d5739_2.conda
  hash:
    md5: 08212d1111359076fb5147223f4f373b
    sha256: 421164e0f3f95720030c14f9a337212da33de48421f4d9ef9ef80524a57c452e
  category: main
  optional: false
